
Microsoft Visual Studio Solution File, Format Version 9.00
# Visual Studio 2005
Project("{FAE04EC0-301F-11D3-BF4B-00C04F79EFBC}") = "OutputDebugString", "OutputDebugString.csproj", "{670A30F5-4957-4E96-9677-71A2A40975BA}"
EndProject
Global
	GlobalSection(SolutionConfigurationPlatforms) = preSolution
		Debug|Any CPU = Debug|Any CPU
		Release|Any CPU = Release|Any CPU
	EndGlobalSection
	GlobalSection(ProjectConfigurationPlatforms) = postSolution
		{670A30F5-4957-4E96-9677-71A2A40975BA}.Debug|Any CPU.ActiveCfg = Debug|Any CPU
		{670A30F5-4957-4E96-9677-71A2A40975BA}.Debug|Any CPU.Build.0 = Debug|Any CPU
		{670A30F5-4957-4E96-9677-71A2A40975BA}.Release|Any CPU.ActiveCfg = Release|Any CPU
		{670A30F5-4957-4E96-9677-71A2A40975BA}.Release|Any CPU.Build.0 = Release|Any CPU
	EndGlobalSection
	GlobalSection(SolutionProperties) = preSolution
		HideSolutionNode = FALSE
	EndGlobalSection
EndGlobal
