
Microsoft Visual Studio Solution File, Format Version 9.00
# Visual Studio 2005
Project("{FAE04EC0-301F-11D3-BF4B-00C04F79EFBC}") = "NLogViewer", "NLogViewer.csproj", "{36E8A9EF-C91F-443A-9FEF-B2AB27E3628A}"
EndProject
Global
	GlobalSection(SolutionConfigurationPlatforms) = preSolution
		Debug|Any CPU = Debug|Any CPU
		Release|Any CPU = Release|Any CPU
	EndGlobalSection
	GlobalSection(ProjectConfigurationPlatforms) = postSolution
		{36E8A9EF-C91F-443A-9FEF-B2AB27E3628A}.Debug|Any CPU.ActiveCfg = Debug|Any CPU
		{36E8A9EF-C91F-443A-9FEF-B2AB27E3628A}.Debug|Any CPU.Build.0 = Debug|Any CPU
		{36E8A9EF-C91F-443A-9FEF-B2AB27E3628A}.Release|Any CPU.ActiveCfg = Release|Any CPU
		{36E8A9EF-C91F-443A-9FEF-B2AB27E3628A}.Release|Any CPU.Build.0 = Release|Any CPU
	EndGlobalSection
	GlobalSection(SolutionProperties) = preSolution
		HideSolutionNode = FALSE
	EndGlobalSection
EndGlobal
