
Microsoft Visual Studio Solution File, Format Version 9.00
# Visual Studio 2005
Project("{FAE04EC0-301F-11D3-BF4B-00C04F79EFBC}") = "PostFilteringWrapper", "PostFilteringWrapper.csproj", "{B259D6E2-5376-42C1-8D05-6107BA9D1B0C}"
EndProject
Global
	GlobalSection(SolutionConfigurationPlatforms) = preSolution
		Debug|Any CPU = Debug|Any CPU
		Release|Any CPU = Release|Any CPU
	EndGlobalSection
	GlobalSection(ProjectConfigurationPlatforms) = postSolution
		{B259D6E2-5376-42C1-8D05-6107BA9D1B0C}.Debug|Any CPU.ActiveCfg = Debug|Any CPU
		{B259D6E2-5376-42C1-8D05-6107BA9D1B0C}.Debug|Any CPU.Build.0 = Debug|Any CPU
		{B259D6E2-5376-42C1-8D05-6107BA9D1B0C}.Release|Any CPU.ActiveCfg = Release|Any CPU
		{B259D6E2-5376-42C1-8D05-6107BA9D1B0C}.Release|Any CPU.Build.0 = Release|Any CPU
	EndGlobalSection
	GlobalSection(SolutionProperties) = preSolution
		HideSolutionNode = FALSE
	EndGlobalSection
EndGlobal
