
Microsoft Visual Studio Solution File, Format Version 9.00
# Visual Studio 2005
Project("{FAE04EC0-301F-11D3-BF4B-00C04F79EFBC}") = "ColoredConsole.Word Highlighting", "ColoredConsole.Word Highlighting.csproj", "{72FEDAC3-072E-4966-AB1E-63E07F884321}"
EndProject
Global
	GlobalSection(SolutionConfigurationPlatforms) = preSolution
		Debug|Any CPU = Debug|Any CPU
		Release|Any CPU = Release|Any CPU
	EndGlobalSection
	GlobalSection(ProjectConfigurationPlatforms) = postSolution
		{72FEDAC3-072E-4966-AB1E-63E07F884321}.Debug|Any CPU.ActiveCfg = Debug|Any CPU
		{72FEDAC3-072E-4966-AB1E-63E07F884321}.Debug|Any CPU.Build.0 = Debug|Any CPU
		{72FEDAC3-072E-4966-AB1E-63E07F884321}.Release|Any CPU.ActiveCfg = Release|Any CPU
		{72FEDAC3-072E-4966-AB1E-63E07F884321}.Release|Any CPU.Build.0 = Release|Any CPU
	EndGlobalSection
	GlobalSection(SolutionProperties) = preSolution
		HideSolutionNode = FALSE
	EndGlobalSection
EndGlobal
