Microsoft Visual Studio Solution File, Format Version 9.00
# Visual Studio 2005
Project("{FAE04EC0-301F-11D3-BF4B-00C04F79EFBC}") = "NLog.vs2005", "src\NLog\NLog.vs2005.csproj", "{020354EE-5073-4BB5-9AA2-A7EADA8CAD09}"
EndProject
Project("{8BC9CEB8-8B4A-11D0-8D11-00A0C91BC942}") = "NLogC.vs2005", "src\NLogC\NLogC.vs2005.vcproj", "{63966F8B-B3DA-4538-AF36-FCBBFFF67BF7}"
EndProject
Global
	GlobalSection(SolutionConfigurationPlatforms) = preSolution
		Debug|Any CPU = Debug|Any CPU
		Debug|Mixed Platforms = Debug|Mixed Platforms
		Debug|Win32 = Debug|Win32
		Release|Any CPU = Release|Any CPU
		Release|Mixed Platforms = Release|Mixed Platforms
		Release|Win32 = Release|Win32
	EndGlobalSection
	GlobalSection(ProjectConfigurationPlatforms) = postSolution
		{020354EE-5073-4BB5-9AA2-A7EADA8CAD09}.Debug|Any CPU.ActiveCfg = Debug|Any CPU
		{020354EE-5073-4BB5-9AA2-A7EADA8CAD09}.Debug|Any CPU.Build.0 = Debug|Any CPU
		{020354EE-5073-4BB5-9AA2-A7EADA8CAD09}.Debug|Mixed Platforms.ActiveCfg = Debug|Any CPU
		{020354EE-5073-4BB5-9AA2-A7EADA8CAD09}.Debug|Mixed Platforms.Build.0 = Debug|Any CPU
		{020354EE-5073-4BB5-9AA2-A7EADA8CAD09}.Debug|Win32.ActiveCfg = Debug|Any CPU
		{020354EE-5073-4BB5-9AA2-A7EADA8CAD09}.Release|Any CPU.ActiveCfg = Release|Any CPU
		{020354EE-5073-4BB5-9AA2-A7EADA8CAD09}.Release|Any CPU.Build.0 = Release|Any CPU
		{020354EE-5073-4BB5-9AA2-A7EADA8CAD09}.Release|Mixed Platforms.ActiveCfg = Release|Any CPU
		{020354EE-5073-4BB5-9AA2-A7EADA8CAD09}.Release|Mixed Platforms.Build.0 = Release|Any CPU
		{020354EE-5073-4BB5-9AA2-A7EADA8CAD09}.Release|Win32.ActiveCfg = Release|Any CPU
		{63966F8B-B3DA-4538-AF36-FCBBFFF67BF7}.Debug|Any CPU.ActiveCfg = Debug|Win32
		{63966F8B-B3DA-4538-AF36-FCBBFFF67BF7}.Debug|Mixed Platforms.ActiveCfg = Debug|Win32
		{63966F8B-B3DA-4538-AF36-FCBBFFF67BF7}.Debug|Mixed Platforms.Build.0 = Debug|Win32
		{63966F8B-B3DA-4538-AF36-FCBBFFF67BF7}.Debug|Win32.ActiveCfg = Debug|Win32
		{63966F8B-B3DA-4538-AF36-FCBBFFF67BF7}.Debug|Win32.Build.0 = Debug|Win32
		{63966F8B-B3DA-4538-AF36-FCBBFFF67BF7}.Release|Any CPU.ActiveCfg = Release|Win32
		{63966F8B-B3DA-4538-AF36-FCBBFFF67BF7}.Release|Mixed Platforms.ActiveCfg = Release|Win32
		{63966F8B-B3DA-4538-AF36-FCBBFFF67BF7}.Release|Mixed Platforms.Build.0 = Release|Win32
		{63966F8B-B3DA-4538-AF36-FCBBFFF67BF7}.Release|Win32.ActiveCfg = Release|Win32
		{63966F8B-B3DA-4538-AF36-FCBBFFF67BF7}.Release|Win32.Build.0 = Release|Win32
	EndGlobalSection
	GlobalSection(SolutionProperties) = preSolution
		HideSolutionNode = FALSE
	EndGlobalSection
	GlobalSection(DPCodeReviewSolutionGUID) = preSolution
		DPCodeReviewSolutionGUID = {C4811F53-E779-47F0-8C06-71551FBDB047}
	EndGlobalSection
EndGlobal
