Microsoft Visual Studio Solution File, Format Version 10.00
# Visual Studio 2008
Project("{FAE04EC0-301F-11D3-BF4B-00C04F79EFBC}") = "NLog", "src\NLog\NLog.csproj", "{020354EE-5073-4BB5-9AA2-A7EADA8CAD09}"
EndProject
Project("{FAE04EC0-301F-11D3-BF4B-00C04F79EFBC}") = "NLog.Test", "tests\NLog.Test\NLog.Test.csproj", "{5EC49108-97AE-40EA-B550-8960E4522718}"
EndProject
Project("{FAE04EC0-301F-11D3-BF4B-00C04F79EFBC}") = "NLog.ComInterop", "src\NLog.ComInterop\NLog.ComInterop.csproj", "{B3F8E5FB-C9D4-4C12-841F-8009EB60DB3D}"
EndProject
Project("{FAE04EC0-301F-11D3-BF4B-00C04F79EFBC}") = "MakeNLogXSD", "tools\MakeNLogXSD\MakeNLogXSD.csproj", "{BB32EC17-234D-477D-AC37-96EB19A52018}"
EndProject
Project("{FAE04EC0-301F-11D3-BF4B-00C04F79EFBC}") = "MakeNLogDoc", "tools\MakeNLogDoc\MakeNLogDoc.csproj", "{773C477E-2626-432D-B959-325B3B146744}"
EndProject
Project("{FAE04EC0-301F-11D3-BF4B-00C04F79EFBC}") = "NLog.Silverlight", "src\NLog\NLog.Silverlight.csproj", "{BA6C87E7-BA11-4AC3-82B7-8613040C7AA7}"
EndProject
Project("{FAE04EC0-301F-11D3-BF4B-00C04F79EFBC}") = "NLog.CompactFramework.Smartphone", "src\NLog\NLog.CompactFramework.Smartphone.csproj", "{8160E530-BC75-49B5-82F6-C8E07AD05455}"
EndProject
Project("{FAE04EC0-301F-11D3-BF4B-00C04F79EFBC}") = "NLog.CompactFramework.PocketPC", "src\NLog\NLog.CompactFramework.PocketPC.csproj", "{E2217733-7DB3-4A83-978C-8B0AF7F90C76}"
EndProject
Global
	GlobalSection(SolutionConfigurationPlatforms) = preSolution
		Debug|Any CPU = Debug|Any CPU
		Debug|Mixed Platforms = Debug|Mixed Platforms
		Debug|Win32 = Debug|Win32
		Debug|x86 = Debug|x86
		Release|Any CPU = Release|Any CPU
		Release|Mixed Platforms = Release|Mixed Platforms
		Release|Win32 = Release|Win32
		Release|x86 = Release|x86
	EndGlobalSection
	GlobalSection(ProjectConfigurationPlatforms) = postSolution
		{020354EE-5073-4BB5-9AA2-A7EADA8CAD09}.Debug|Any CPU.ActiveCfg = Debug|Any CPU
		{020354EE-5073-4BB5-9AA2-A7EADA8CAD09}.Debug|Any CPU.Build.0 = Debug|Any CPU
		{020354EE-5073-4BB5-9AA2-A7EADA8CAD09}.Debug|Mixed Platforms.ActiveCfg = Debug|Any CPU
		{020354EE-5073-4BB5-9AA2-A7EADA8CAD09}.Debug|Mixed Platforms.Build.0 = Debug|Any CPU
		{020354EE-5073-4BB5-9AA2-A7EADA8CAD09}.Debug|Win32.ActiveCfg = Debug|Any CPU
		{020354EE-5073-4BB5-9AA2-A7EADA8CAD09}.Debug|x86.ActiveCfg = Debug|Any CPU
		{020354EE-5073-4BB5-9AA2-A7EADA8CAD09}.Debug|x86.Build.0 = Debug|Any CPU
		{020354EE-5073-4BB5-9AA2-A7EADA8CAD09}.Release|Any CPU.ActiveCfg = Release|Any CPU
		{020354EE-5073-4BB5-9AA2-A7EADA8CAD09}.Release|Any CPU.Build.0 = Release|Any CPU
		{020354EE-5073-4BB5-9AA2-A7EADA8CAD09}.Release|Mixed Platforms.ActiveCfg = Release|Any CPU
		{020354EE-5073-4BB5-9AA2-A7EADA8CAD09}.Release|Mixed Platforms.Build.0 = Release|Any CPU
		{020354EE-5073-4BB5-9AA2-A7EADA8CAD09}.Release|Win32.ActiveCfg = Release|Any CPU
		{020354EE-5073-4BB5-9AA2-A7EADA8CAD09}.Release|x86.ActiveCfg = Release|Silverlight_2
		{5EC49108-97AE-40EA-B550-8960E4522718}.Debug|Any CPU.ActiveCfg = Debug|Any CPU
		{5EC49108-97AE-40EA-B550-8960E4522718}.Debug|Any CPU.Build.0 = Debug|Any CPU
		{5EC49108-97AE-40EA-B550-8960E4522718}.Debug|Mixed Platforms.ActiveCfg = Debug|Any CPU
		{5EC49108-97AE-40EA-B550-8960E4522718}.Debug|Mixed Platforms.Build.0 = Debug|Any CPU
		{5EC49108-97AE-40EA-B550-8960E4522718}.Debug|Win32.ActiveCfg = Debug|Any CPU
		{5EC49108-97AE-40EA-B550-8960E4522718}.Debug|x86.ActiveCfg = Debug|Any CPU
		{5EC49108-97AE-40EA-B550-8960E4522718}.Release|Any CPU.ActiveCfg = Release|Any CPU
		{5EC49108-97AE-40EA-B550-8960E4522718}.Release|Any CPU.Build.0 = Release|Any CPU
		{5EC49108-97AE-40EA-B550-8960E4522718}.Release|Mixed Platforms.ActiveCfg = Release|Any CPU
		{5EC49108-97AE-40EA-B550-8960E4522718}.Release|Mixed Platforms.Build.0 = Release|Any CPU
		{5EC49108-97AE-40EA-B550-8960E4522718}.Release|Win32.ActiveCfg = Release|Any CPU
		{5EC49108-97AE-40EA-B550-8960E4522718}.Release|x86.ActiveCfg = Release|Build All 2.0 Platforms Simultaneously
		{B3F8E5FB-C9D4-4C12-841F-8009EB60DB3D}.Debug|Any CPU.ActiveCfg = Debug|Any CPU
		{B3F8E5FB-C9D4-4C12-841F-8009EB60DB3D}.Debug|Any CPU.Build.0 = Debug|Any CPU
		{B3F8E5FB-C9D4-4C12-841F-8009EB60DB3D}.Debug|Mixed Platforms.ActiveCfg = Debug|Any CPU
		{B3F8E5FB-C9D4-4C12-841F-8009EB60DB3D}.Debug|Mixed Platforms.Build.0 = Debug|Any CPU
		{B3F8E5FB-C9D4-4C12-841F-8009EB60DB3D}.Debug|Win32.ActiveCfg = Debug|Any CPU
		{B3F8E5FB-C9D4-4C12-841F-8009EB60DB3D}.Debug|x86.ActiveCfg = Debug|Any CPU
		{B3F8E5FB-C9D4-4C12-841F-8009EB60DB3D}.Release|Any CPU.ActiveCfg = Release|Any CPU
		{B3F8E5FB-C9D4-4C12-841F-8009EB60DB3D}.Release|Any CPU.Build.0 = Release|Any CPU
		{B3F8E5FB-C9D4-4C12-841F-8009EB60DB3D}.Release|Mixed Platforms.ActiveCfg = Release|Any CPU
		{B3F8E5FB-C9D4-4C12-841F-8009EB60DB3D}.Release|Mixed Platforms.Build.0 = Release|Any CPU
		{B3F8E5FB-C9D4-4C12-841F-8009EB60DB3D}.Release|Win32.ActiveCfg = Release|Any CPU
		{B3F8E5FB-C9D4-4C12-841F-8009EB60DB3D}.Release|x86.ActiveCfg = Release|Build All 2.0 Platforms Simultaneously
		{BB32EC17-234D-477D-AC37-96EB19A52018}.Debug|Any CPU.ActiveCfg = Debug|Any CPU
		{BB32EC17-234D-477D-AC37-96EB19A52018}.Debug|Any CPU.Build.0 = Debug|Any CPU
		{BB32EC17-234D-477D-AC37-96EB19A52018}.Debug|Mixed Platforms.ActiveCfg = Debug|Any CPU
		{BB32EC17-234D-477D-AC37-96EB19A52018}.Debug|Mixed Platforms.Build.0 = Debug|Any CPU
		{BB32EC17-234D-477D-AC37-96EB19A52018}.Debug|Win32.ActiveCfg = Debug|Any CPU
		{BB32EC17-234D-477D-AC37-96EB19A52018}.Debug|x86.ActiveCfg = Debug|Any CPU
		{BB32EC17-234D-477D-AC37-96EB19A52018}.Release|Any CPU.ActiveCfg = Release|Any CPU
		{BB32EC17-234D-477D-AC37-96EB19A52018}.Release|Any CPU.Build.0 = Release|Any CPU
		{BB32EC17-234D-477D-AC37-96EB19A52018}.Release|Mixed Platforms.ActiveCfg = Release|Any CPU
		{BB32EC17-234D-477D-AC37-96EB19A52018}.Release|Mixed Platforms.Build.0 = Release|Any CPU
		{BB32EC17-234D-477D-AC37-96EB19A52018}.Release|Win32.ActiveCfg = Release|Any CPU
		{BB32EC17-234D-477D-AC37-96EB19A52018}.Release|x86.ActiveCfg = Release|Build All 2.0 Platforms Simultaneously
		{773C477E-2626-432D-B959-325B3B146744}.Debug|Any CPU.ActiveCfg = Debug|Any CPU
		{773C477E-2626-432D-B959-325B3B146744}.Debug|Any CPU.Build.0 = Debug|Any CPU
		{773C477E-2626-432D-B959-325B3B146744}.Debug|Mixed Platforms.ActiveCfg = Debug|Any CPU
		{773C477E-2626-432D-B959-325B3B146744}.Debug|Mixed Platforms.Build.0 = Debug|Any CPU
		{773C477E-2626-432D-B959-325B3B146744}.Debug|Win32.ActiveCfg = Debug|Any CPU
		{773C477E-2626-432D-B959-325B3B146744}.Debug|x86.ActiveCfg = Debug|Any CPU
		{773C477E-2626-432D-B959-325B3B146744}.Release|Any CPU.ActiveCfg = Release|Any CPU
		{773C477E-2626-432D-B959-325B3B146744}.Release|Any CPU.Build.0 = Release|Any CPU
		{773C477E-2626-432D-B959-325B3B146744}.Release|Mixed Platforms.ActiveCfg = Release|Any CPU
		{773C477E-2626-432D-B959-325B3B146744}.Release|Mixed Platforms.Build.0 = Release|Any CPU
		{773C477E-2626-432D-B959-325B3B146744}.Release|Win32.ActiveCfg = Release|Any CPU
		{773C477E-2626-432D-B959-325B3B146744}.Release|x86.ActiveCfg = Release|Any CPU
		{BA6C87E7-BA11-4AC3-82B7-8613040C7AA7}.Debug|Any CPU.ActiveCfg = Debug|Any CPU
		{BA6C87E7-BA11-4AC3-82B7-8613040C7AA7}.Debug|Any CPU.Build.0 = Debug|Any CPU
		{BA6C87E7-BA11-4AC3-82B7-8613040C7AA7}.Debug|Mixed Platforms.ActiveCfg = Debug|Any CPU
		{BA6C87E7-BA11-4AC3-82B7-8613040C7AA7}.Debug|Mixed Platforms.Build.0 = Debug|Any CPU
		{BA6C87E7-BA11-4AC3-82B7-8613040C7AA7}.Debug|Win32.ActiveCfg = Debug|Any CPU
		{BA6C87E7-BA11-4AC3-82B7-8613040C7AA7}.Debug|x86.ActiveCfg = Debug|Any CPU
		{BA6C87E7-BA11-4AC3-82B7-8613040C7AA7}.Release|Any CPU.ActiveCfg = Release|Any CPU
		{BA6C87E7-BA11-4AC3-82B7-8613040C7AA7}.Release|Any CPU.Build.0 = Release|Any CPU
		{BA6C87E7-BA11-4AC3-82B7-8613040C7AA7}.Release|Mixed Platforms.ActiveCfg = Release|Any CPU
		{BA6C87E7-BA11-4AC3-82B7-8613040C7AA7}.Release|Mixed Platforms.Build.0 = Release|Any CPU
		{BA6C87E7-BA11-4AC3-82B7-8613040C7AA7}.Release|Win32.ActiveCfg = Release|Any CPU
		{BA6C87E7-BA11-4AC3-82B7-8613040C7AA7}.Release|x86.ActiveCfg = Release|Any CPU
		{8160E530-BC75-49B5-82F6-C8E07AD05455}.Debug|Any CPU.ActiveCfg = Debug|Any CPU
		{8160E530-BC75-49B5-82F6-C8E07AD05455}.Debug|Any CPU.Build.0 = Debug|Any CPU
		{8160E530-BC75-49B5-82F6-C8E07AD05455}.Debug|Mixed Platforms.ActiveCfg = Debug|Any CPU
		{8160E530-BC75-49B5-82F6-C8E07AD05455}.Debug|Mixed Platforms.Build.0 = Debug|Any CPU
		{8160E530-BC75-49B5-82F6-C8E07AD05455}.Debug|Win32.ActiveCfg = Debug|Any CPU
		{8160E530-BC75-49B5-82F6-C8E07AD05455}.Debug|x86.ActiveCfg = Debug|Any CPU
		{8160E530-BC75-49B5-82F6-C8E07AD05455}.Release|Any CPU.ActiveCfg = Release|Any CPU
		{8160E530-BC75-49B5-82F6-C8E07AD05455}.Release|Any CPU.Build.0 = Release|Any CPU
		{8160E530-BC75-49B5-82F6-C8E07AD05455}.Release|Mixed Platforms.ActiveCfg = Release|Any CPU
		{8160E530-BC75-49B5-82F6-C8E07AD05455}.Release|Mixed Platforms.Build.0 = Release|Any CPU
		{8160E530-BC75-49B5-82F6-C8E07AD05455}.Release|Win32.ActiveCfg = Release|Any CPU
		{8160E530-BC75-49B5-82F6-C8E07AD05455}.Release|x86.ActiveCfg = Release|Any CPU
		{E2217733-7DB3-4A83-978C-8B0AF7F90C76}.Debug|Any CPU.ActiveCfg = Debug|Any CPU
		{E2217733-7DB3-4A83-978C-8B0AF7F90C76}.Debug|Any CPU.Build.0 = Debug|Any CPU
		{E2217733-7DB3-4A83-978C-8B0AF7F90C76}.Debug|Mixed Platforms.ActiveCfg = Debug|Any CPU
		{E2217733-7DB3-4A83-978C-8B0AF7F90C76}.Debug|Mixed Platforms.Build.0 = Debug|Any CPU
		{E2217733-7DB3-4A83-978C-8B0AF7F90C76}.Debug|Win32.ActiveCfg = Debug|Any CPU
		{E2217733-7DB3-4A83-978C-8B0AF7F90C76}.Debug|x86.ActiveCfg = Debug|Any CPU
		{E2217733-7DB3-4A83-978C-8B0AF7F90C76}.Release|Any CPU.ActiveCfg = Release|Any CPU
		{E2217733-7DB3-4A83-978C-8B0AF7F90C76}.Release|Any CPU.Build.0 = Release|Any CPU
		{E2217733-7DB3-4A83-978C-8B0AF7F90C76}.Release|Mixed Platforms.ActiveCfg = Release|Any CPU
		{E2217733-7DB3-4A83-978C-8B0AF7F90C76}.Release|Mixed Platforms.Build.0 = Release|Any CPU
		{E2217733-7DB3-4A83-978C-8B0AF7F90C76}.Release|Win32.ActiveCfg = Release|Any CPU
		{E2217733-7DB3-4A83-978C-8B0AF7F90C76}.Release|x86.ActiveCfg = Release|Any CPU
	EndGlobalSection
	GlobalSection(SolutionProperties) = preSolution
		HideSolutionNode = FALSE
	EndGlobalSection
	GlobalSection(DPCodeReviewSolutionGUID) = preSolution
		DPCodeReviewSolutionGUID = {C4811F53-E779-47F0-8C06-71551FBDB047}
	EndGlobalSection
EndGlobal
