Microsoft Visual Studio Solution File, Format Version 8.00
Project("{FAE04EC0-301F-11D3-BF4B-00C04F79EFBC}") = "NLog.Benchmark", "src\NLog.Benchmark\NLog.Benchmark.csproj", "{842A5DA9-BA2B-4934-8ED6-2E6495F7476D}"
	ProjectSection(ProjectDependencies) = postProject
	EndProjectSection
EndProject
Project("{FAE04EC0-301F-11D3-BF4B-00C04F79EFBC}") = "NLog.UnitTests", "src\NLog.UnitTests\NLog.UnitTests.csproj", "{1653EE05-2720-4A85-BF14-74C4493787B1}"
	ProjectSection(ProjectDependencies) = postProject
	EndProjectSection
EndProject
Project("{FAE04EC0-301F-11D3-BF4B-00C04F79EFBC}") = "NLog.AsyncBenchmark", "src\NLog.AsyncBenchmark\NLog.AsyncBenchmark.csproj", "{F666E83B-3806-4F90-A577-809AA8EEED0E}"
	ProjectSection(ProjectDependencies) = postProject
	EndProjectSection
EndProject
Project("{FAE04EC0-301F-11D3-BF4B-00C04F79EFBC}") = "NLog.UnitTests.Web", "src\NLog.UnitTests.Web\NLog.UnitTests.Web.csproj", "{8812AE40-15E0-4A88-8FDB-453D9D7A5EFD}"
	ProjectSection(ProjectDependencies) = postProject
	EndProjectSection
EndProject
Project("{F184B08F-C81C-45F6-A57F-5ABD9991F28F}") = "NLog.VBTest", "src\NLog.VBTest\NLog.VBTest.vbproj", "{2993B4C3-A0EE-43C8-84EB-97920E69B292}"
	ProjectSection(ProjectDependencies) = postProject
	EndProjectSection
EndProject
Project("{FAE04EC0-301F-11D3-BF4B-00C04F79EFBC}") = "NLog", "src\NLog\NLog.csproj", "{020354EE-5073-4BB5-9AA2-A7EADA8CAD09}"
	ProjectSection(ProjectDependencies) = postProject
	EndProjectSection
EndProject
Project("{FAE04EC0-301F-11D3-BF4B-00C04F79EFBC}") = "NLog.Test", "src\NLog.Test\NLog.Test.csproj", "{5EC49108-97AE-40EA-B550-8960E4522718}"
	ProjectSection(ProjectDependencies) = postProject
	EndProjectSection
EndProject
Global
	GlobalSection(SolutionConfiguration) = preSolution
		Debug = Debug
		Release = Release
	EndGlobalSection
	GlobalSection(ProjectConfiguration) = postSolution
		{842A5DA9-BA2B-4934-8ED6-2E6495F7476D}.Debug.ActiveCfg = Debug|.NET
		{842A5DA9-BA2B-4934-8ED6-2E6495F7476D}.Debug.Build.0 = Debug|.NET
		{842A5DA9-BA2B-4934-8ED6-2E6495F7476D}.Release.ActiveCfg = Release|.NET
		{842A5DA9-BA2B-4934-8ED6-2E6495F7476D}.Release.Build.0 = Release|.NET
		{1653EE05-2720-4A85-BF14-74C4493787B1}.Debug.ActiveCfg = Debug|.NET
		{1653EE05-2720-4A85-BF14-74C4493787B1}.Debug.Build.0 = Debug|.NET
		{1653EE05-2720-4A85-BF14-74C4493787B1}.Release.ActiveCfg = Release|.NET
		{1653EE05-2720-4A85-BF14-74C4493787B1}.Release.Build.0 = Release|.NET
		{F666E83B-3806-4F90-A577-809AA8EEED0E}.Debug.ActiveCfg = Debug|.NET
		{F666E83B-3806-4F90-A577-809AA8EEED0E}.Debug.Build.0 = Debug|.NET
		{F666E83B-3806-4F90-A577-809AA8EEED0E}.Release.ActiveCfg = Release|.NET
		{F666E83B-3806-4F90-A577-809AA8EEED0E}.Release.Build.0 = Release|.NET
		{8812AE40-15E0-4A88-8FDB-453D9D7A5EFD}.Debug.ActiveCfg = Debug|.NET
		{8812AE40-15E0-4A88-8FDB-453D9D7A5EFD}.Debug.Build.0 = Debug|.NET
		{8812AE40-15E0-4A88-8FDB-453D9D7A5EFD}.Release.ActiveCfg = Release|.NET
		{8812AE40-15E0-4A88-8FDB-453D9D7A5EFD}.Release.Build.0 = Release|.NET
		{2993B4C3-A0EE-43C8-84EB-97920E69B292}.Debug.ActiveCfg = Debug|.NET
		{2993B4C3-A0EE-43C8-84EB-97920E69B292}.Debug.Build.0 = Debug|.NET
		{2993B4C3-A0EE-43C8-84EB-97920E69B292}.Release.ActiveCfg = Release|.NET
		{2993B4C3-A0EE-43C8-84EB-97920E69B292}.Release.Build.0 = Release|.NET
		{020354EE-5073-4BB5-9AA2-A7EADA8CAD09}.Debug.ActiveCfg = Debug|.NET
		{020354EE-5073-4BB5-9AA2-A7EADA8CAD09}.Debug.Build.0 = Debug|.NET
		{020354EE-5073-4BB5-9AA2-A7EADA8CAD09}.Release.ActiveCfg = Release|.NET
		{020354EE-5073-4BB5-9AA2-A7EADA8CAD09}.Release.Build.0 = Release|.NET
		{5EC49108-97AE-40EA-B550-8960E4522718}.Debug.ActiveCfg = Debug|.NET
		{5EC49108-97AE-40EA-B550-8960E4522718}.Debug.Build.0 = Debug|.NET
		{5EC49108-97AE-40EA-B550-8960E4522718}.Release.ActiveCfg = Release|.NET
		{5EC49108-97AE-40EA-B550-8960E4522718}.Release.Build.0 = Release|.NET
	EndGlobalSection
	GlobalSection(SolutionItems) = postSolution
		NLog.build = NLog.build
	EndGlobalSection
	GlobalSection(ExtensibilityGlobals) = postSolution
	EndGlobalSection
	GlobalSection(ExtensibilityAddIns) = postSolution
	EndGlobalSection
	GlobalSection(DPCodeReviewSolutionGUID) = preSolution
		DPCodeReviewSolutionGUID = {C4811F53-E779-47F0-8C06-71551FBDB047}
	EndGlobalSection
EndGlobal
