Microsoft Visual Studio Solution File, Format Version 12.00
# Visual Studio 14
VisualStudioVersion = 14.0.24720.0
MinimumVisualStudioVersion = 10.0.40219.1
Project("{2150E333-8FDC-42A3-9474-1A3956D46DE8}") = "Solution Items", "Solution Items", "{7638C35C-A8AC-437C-94FD-9DABD9D5839C}"
	ProjectSection(SolutionItems) = preProject
		Global.json = Global.json
	EndProjectSection
EndProject
Project("{2150E333-8FDC-42A3-9474-1A3956D46DE8}") = ".nuget", ".nuget", "{A2DA2123-68E5-4D58-AB61-CDB660CEA4C5}"
	ProjectSection(SolutionItems) = preProject
		.nuget\NuGet.Config = .nuget\NuGet.Config
		.nuget\NuGet.exe = .nuget\NuGet.exe
		.nuget\NuGet.targets = .nuget\NuGet.targets
	EndProjectSection
EndProject
Project("{2150E333-8FDC-42A3-9474-1A3956D46DE8}") = "src", "src", "{98DCD5C9-EEA3-4756-9A5B-2BA8A5036ECE}"
EndProject
Project("{2150E333-8FDC-42A3-9474-1A3956D46DE8}") = "tests", "tests", "{7465E1D2-BD66-407E-8C23-E096626479C9}"
EndProject
Project("{8BB2217D-0F2D-49D1-97BC-3654ED321F3B}") = "NLog", "src\NLog\NLog.xproj", "{A0BFF0DB-ED9A-4639-AE86-8E709A1EFC66}"
EndProject
Project("{8BB2217D-0F2D-49D1-97BC-3654ED321F3B}") = "NLog.Extended", "src\NLog.Extended\NLog.Extended.xproj", "{A961A1F9-1024-4446-BF9E-A923137340B8}"
EndProject
Project("{8BB2217D-0F2D-49D1-97BC-3654ED321F3B}") = "NLogAutoLoadExtension", "src\NLogAutoLoadExtension\NLogAutoLoadExtension.xproj", "{0AA8FB16-A377-4541-BEF6-81D437D7B5E9}"
EndProject
Project("{8BB2217D-0F2D-49D1-97BC-3654ED321F3B}") = "NLog.UnitTests", "tests\NLog.UnitTests\NLog.UnitTests.xproj", "{FE067913-E9A8-41F0-89FA-C1126F8FB6A8}"
EndProject
Project("{8BB2217D-0F2D-49D1-97BC-3654ED321F3B}") = "SampleExtensions", "tests\SampleExtensions\SampleExtensions.xproj", "{FE067913-E9A8-41F0-89FA-C1136F8FB6A8}"
EndProject
Project("{2150E333-8FDC-42A3-9474-1A3956D46DE8}") = "Sample", "Sample", "{547DC77A-CF13-46AE-AD3B-903870CE3DB9}"
EndProject
Project("{FAE04EC0-301F-11D3-BF4B-00C04F79EFBC}") = "Net45SimpleConsoleApp", "examples\Net45SimpleConsoleApp\Net45SimpleConsoleApp.csproj", "{5A9B6E43-8B75-4826-9A08-4CAE89793BE5}"
EndProject
Project("{FAE04EC0-301F-11D3-BF4B-00C04F79EFBC}") = "Net46SimpleConsoleApp", "examples\Net46SimpleConsoleApp\Net46SimpleConsoleApp.csproj", "{6998B72A-6F37-4575-9308-72B5E7B848E0}"
EndProject
Project("{FAE04EC0-301F-11D3-BF4B-00C04F79EFBC}") = "NET46SimpleConsoleAppUsingDnxLib", "examples\NET46SimpleConsoleAppUsingDnxLib\NET46SimpleConsoleAppUsingDnxLib.csproj", "{13C8B05A-E10B-4D66-BD6E-C2DED966B197}"
EndProject
Project("{8BB2217D-0F2D-49D1-97BC-3654ED321F3B}") = "DnxCore50SimpleConsoleApp", "examples\DnxCore50SimpleConsoleApp\DnxCore50SimpleConsoleApp.xproj", "{2CD2453D-745F-48C1-B1BB-7E810D4BEA46}"
EndProject
Project("{FAE04EC0-301F-11D3-BF4B-00C04F79EFBC}") = "UAP10SimpleApp", "examples\UAP10SimpleApp\UAP10SimpleApp.csproj", "{5EE028FD-90E7-4953-B3F4-00F7461C2E06}"
EndProject
Global
	GlobalSection(SolutionConfigurationPlatforms) = preSolution
		Debug|Any CPU = Debug|Any CPU
		Debug|ARM = Debug|ARM
		Debug|x64 = Debug|x64
		Debug|x86 = Debug|x86
		Release|Any CPU = Release|Any CPU
		Release|ARM = Release|ARM
		Release|x64 = Release|x64
		Release|x86 = Release|x86
	EndGlobalSection
	GlobalSection(ProjectConfigurationPlatforms) = postSolution
		{A0BFF0DB-ED9A-4639-AE86-8E709A1EFC66}.Debug|Any CPU.ActiveCfg = Debug|Any CPU
		{A0BFF0DB-ED9A-4639-AE86-8E709A1EFC66}.Debug|Any CPU.Build.0 = Debug|Any CPU
		{A0BFF0DB-ED9A-4639-AE86-8E709A1EFC66}.Debug|ARM.ActiveCfg = Debug|Any CPU
		{A0BFF0DB-ED9A-4639-AE86-8E709A1EFC66}.Debug|ARM.Build.0 = Debug|Any CPU
		{A0BFF0DB-ED9A-4639-AE86-8E709A1EFC66}.Debug|x64.ActiveCfg = Debug|Any CPU
		{A0BFF0DB-ED9A-4639-AE86-8E709A1EFC66}.Debug|x64.Build.0 = Debug|Any CPU
		{A0BFF0DB-ED9A-4639-AE86-8E709A1EFC66}.Debug|x86.ActiveCfg = Debug|Any CPU
		{A0BFF0DB-ED9A-4639-AE86-8E709A1EFC66}.Debug|x86.Build.0 = Debug|Any CPU
		{A0BFF0DB-ED9A-4639-AE86-8E709A1EFC66}.Release|Any CPU.ActiveCfg = Release|Any CPU
		{A0BFF0DB-ED9A-4639-AE86-8E709A1EFC66}.Release|Any CPU.Build.0 = Release|Any CPU
		{A0BFF0DB-ED9A-4639-AE86-8E709A1EFC66}.Release|ARM.ActiveCfg = Release|Any CPU
		{A0BFF0DB-ED9A-4639-AE86-8E709A1EFC66}.Release|ARM.Build.0 = Release|Any CPU
		{A0BFF0DB-ED9A-4639-AE86-8E709A1EFC66}.Release|x64.ActiveCfg = Release|Any CPU
		{A0BFF0DB-ED9A-4639-AE86-8E709A1EFC66}.Release|x64.Build.0 = Release|Any CPU
		{A0BFF0DB-ED9A-4639-AE86-8E709A1EFC66}.Release|x86.ActiveCfg = Release|Any CPU
		{A0BFF0DB-ED9A-4639-AE86-8E709A1EFC66}.Release|x86.Build.0 = Release|Any CPU
		{A961A1F9-1024-4446-BF9E-A923137340B8}.Debug|Any CPU.ActiveCfg = Debug|Any CPU
		{A961A1F9-1024-4446-BF9E-A923137340B8}.Debug|Any CPU.Build.0 = Debug|Any CPU
		{A961A1F9-1024-4446-BF9E-A923137340B8}.Debug|ARM.ActiveCfg = Debug|Any CPU
		{A961A1F9-1024-4446-BF9E-A923137340B8}.Debug|ARM.Build.0 = Debug|Any CPU
		{A961A1F9-1024-4446-BF9E-A923137340B8}.Debug|x64.ActiveCfg = Debug|Any CPU
		{A961A1F9-1024-4446-BF9E-A923137340B8}.Debug|x64.Build.0 = Debug|Any CPU
		{A961A1F9-1024-4446-BF9E-A923137340B8}.Debug|x86.ActiveCfg = Debug|Any CPU
		{A961A1F9-1024-4446-BF9E-A923137340B8}.Debug|x86.Build.0 = Debug|Any CPU
		{A961A1F9-1024-4446-BF9E-A923137340B8}.Release|Any CPU.ActiveCfg = Release|Any CPU
		{A961A1F9-1024-4446-BF9E-A923137340B8}.Release|Any CPU.Build.0 = Release|Any CPU
		{A961A1F9-1024-4446-BF9E-A923137340B8}.Release|ARM.ActiveCfg = Release|Any CPU
		{A961A1F9-1024-4446-BF9E-A923137340B8}.Release|ARM.Build.0 = Release|Any CPU
		{A961A1F9-1024-4446-BF9E-A923137340B8}.Release|x64.ActiveCfg = Release|Any CPU
		{A961A1F9-1024-4446-BF9E-A923137340B8}.Release|x64.Build.0 = Release|Any CPU
		{A961A1F9-1024-4446-BF9E-A923137340B8}.Release|x86.ActiveCfg = Release|Any CPU
		{A961A1F9-1024-4446-BF9E-A923137340B8}.Release|x86.Build.0 = Release|Any CPU
		{0AA8FB16-A377-4541-BEF6-81D437D7B5E9}.Debug|Any CPU.ActiveCfg = Debug|Any CPU
		{0AA8FB16-A377-4541-BEF6-81D437D7B5E9}.Debug|Any CPU.Build.0 = Debug|Any CPU
		{0AA8FB16-A377-4541-BEF6-81D437D7B5E9}.Debug|ARM.ActiveCfg = Debug|Any CPU
		{0AA8FB16-A377-4541-BEF6-81D437D7B5E9}.Debug|ARM.Build.0 = Debug|Any CPU
		{0AA8FB16-A377-4541-BEF6-81D437D7B5E9}.Debug|x64.ActiveCfg = Debug|Any CPU
		{0AA8FB16-A377-4541-BEF6-81D437D7B5E9}.Debug|x64.Build.0 = Debug|Any CPU
		{0AA8FB16-A377-4541-BEF6-81D437D7B5E9}.Debug|x86.ActiveCfg = Debug|Any CPU
		{0AA8FB16-A377-4541-BEF6-81D437D7B5E9}.Debug|x86.Build.0 = Debug|Any CPU
		{0AA8FB16-A377-4541-BEF6-81D437D7B5E9}.Release|Any CPU.ActiveCfg = Release|Any CPU
		{0AA8FB16-A377-4541-BEF6-81D437D7B5E9}.Release|Any CPU.Build.0 = Release|Any CPU
		{0AA8FB16-A377-4541-BEF6-81D437D7B5E9}.Release|ARM.ActiveCfg = Release|Any CPU
		{0AA8FB16-A377-4541-BEF6-81D437D7B5E9}.Release|ARM.Build.0 = Release|Any CPU
		{0AA8FB16-A377-4541-BEF6-81D437D7B5E9}.Release|x64.ActiveCfg = Release|Any CPU
		{0AA8FB16-A377-4541-BEF6-81D437D7B5E9}.Release|x64.Build.0 = Release|Any CPU
		{0AA8FB16-A377-4541-BEF6-81D437D7B5E9}.Release|x86.ActiveCfg = Release|Any CPU
		{0AA8FB16-A377-4541-BEF6-81D437D7B5E9}.Release|x86.Build.0 = Release|Any CPU
		{FE067913-E9A8-41F0-89FA-C1126F8FB6A8}.Debug|Any CPU.ActiveCfg = Debug|Any CPU
		{FE067913-E9A8-41F0-89FA-C1126F8FB6A8}.Debug|Any CPU.Build.0 = Debug|Any CPU
		{FE067913-E9A8-41F0-89FA-C1126F8FB6A8}.Debug|ARM.ActiveCfg = Debug|Any CPU
		{FE067913-E9A8-41F0-89FA-C1126F8FB6A8}.Debug|ARM.Build.0 = Debug|Any CPU
		{FE067913-E9A8-41F0-89FA-C1126F8FB6A8}.Debug|x64.ActiveCfg = Debug|Any CPU
		{FE067913-E9A8-41F0-89FA-C1126F8FB6A8}.Debug|x64.Build.0 = Debug|Any CPU
		{FE067913-E9A8-41F0-89FA-C1126F8FB6A8}.Debug|x86.ActiveCfg = Debug|Any CPU
		{FE067913-E9A8-41F0-89FA-C1126F8FB6A8}.Debug|x86.Build.0 = Debug|Any CPU
		{FE067913-E9A8-41F0-89FA-C1126F8FB6A8}.Release|Any CPU.ActiveCfg = Release|Any CPU
		{FE067913-E9A8-41F0-89FA-C1126F8FB6A8}.Release|Any CPU.Build.0 = Release|Any CPU
		{FE067913-E9A8-41F0-89FA-C1126F8FB6A8}.Release|ARM.ActiveCfg = Release|Any CPU
		{FE067913-E9A8-41F0-89FA-C1126F8FB6A8}.Release|ARM.Build.0 = Release|Any CPU
		{FE067913-E9A8-41F0-89FA-C1126F8FB6A8}.Release|x64.ActiveCfg = Release|Any CPU
		{FE067913-E9A8-41F0-89FA-C1126F8FB6A8}.Release|x64.Build.0 = Release|Any CPU
		{FE067913-E9A8-41F0-89FA-C1126F8FB6A8}.Release|x86.ActiveCfg = Release|Any CPU
		{FE067913-E9A8-41F0-89FA-C1126F8FB6A8}.Release|x86.Build.0 = Release|Any CPU
		{FE067913-E9A8-41F0-89FA-C1136F8FB6A8}.Debug|Any CPU.ActiveCfg = Debug|Any CPU
		{FE067913-E9A8-41F0-89FA-C1136F8FB6A8}.Debug|Any CPU.Build.0 = Debug|Any CPU
		{FE067913-E9A8-41F0-89FA-C1136F8FB6A8}.Debug|ARM.ActiveCfg = Debug|Any CPU
		{FE067913-E9A8-41F0-89FA-C1136F8FB6A8}.Debug|ARM.Build.0 = Debug|Any CPU
		{FE067913-E9A8-41F0-89FA-C1136F8FB6A8}.Debug|x64.ActiveCfg = Debug|Any CPU
		{FE067913-E9A8-41F0-89FA-C1136F8FB6A8}.Debug|x64.Build.0 = Debug|Any CPU
		{FE067913-E9A8-41F0-89FA-C1136F8FB6A8}.Debug|x86.ActiveCfg = Debug|Any CPU
		{FE067913-E9A8-41F0-89FA-C1136F8FB6A8}.Debug|x86.Build.0 = Debug|Any CPU
		{FE067913-E9A8-41F0-89FA-C1136F8FB6A8}.Release|Any CPU.ActiveCfg = Release|Any CPU
		{FE067913-E9A8-41F0-89FA-C1136F8FB6A8}.Release|Any CPU.Build.0 = Release|Any CPU
		{FE067913-E9A8-41F0-89FA-C1136F8FB6A8}.Release|ARM.ActiveCfg = Release|Any CPU
		{FE067913-E9A8-41F0-89FA-C1136F8FB6A8}.Release|ARM.Build.0 = Release|Any CPU
		{FE067913-E9A8-41F0-89FA-C1136F8FB6A8}.Release|x64.ActiveCfg = Release|Any CPU
		{FE067913-E9A8-41F0-89FA-C1136F8FB6A8}.Release|x64.Build.0 = Release|Any CPU
		{FE067913-E9A8-41F0-89FA-C1136F8FB6A8}.Release|x86.ActiveCfg = Release|Any CPU
		{FE067913-E9A8-41F0-89FA-C1136F8FB6A8}.Release|x86.Build.0 = Release|Any CPU
		{5A9B6E43-8B75-4826-9A08-4CAE89793BE5}.Debug|Any CPU.ActiveCfg = Debug|Any CPU
		{5A9B6E43-8B75-4826-9A08-4CAE89793BE5}.Debug|Any CPU.Build.0 = Debug|Any CPU
		{5A9B6E43-8B75-4826-9A08-4CAE89793BE5}.Debug|ARM.ActiveCfg = Debug|Any CPU
		{5A9B6E43-8B75-4826-9A08-4CAE89793BE5}.Debug|ARM.Build.0 = Debug|Any CPU
		{5A9B6E43-8B75-4826-9A08-4CAE89793BE5}.Debug|x64.ActiveCfg = Debug|Any CPU
		{5A9B6E43-8B75-4826-9A08-4CAE89793BE5}.Debug|x64.Build.0 = Debug|Any CPU
		{5A9B6E43-8B75-4826-9A08-4CAE89793BE5}.Debug|x86.ActiveCfg = Debug|Any CPU
		{5A9B6E43-8B75-4826-9A08-4CAE89793BE5}.Debug|x86.Build.0 = Debug|Any CPU
		{5A9B6E43-8B75-4826-9A08-4CAE89793BE5}.Release|Any CPU.ActiveCfg = Release|Any CPU
		{5A9B6E43-8B75-4826-9A08-4CAE89793BE5}.Release|Any CPU.Build.0 = Release|Any CPU
		{5A9B6E43-8B75-4826-9A08-4CAE89793BE5}.Release|ARM.ActiveCfg = Release|Any CPU
		{5A9B6E43-8B75-4826-9A08-4CAE89793BE5}.Release|ARM.Build.0 = Release|Any CPU
		{5A9B6E43-8B75-4826-9A08-4CAE89793BE5}.Release|x64.ActiveCfg = Release|Any CPU
		{5A9B6E43-8B75-4826-9A08-4CAE89793BE5}.Release|x64.Build.0 = Release|Any CPU
		{5A9B6E43-8B75-4826-9A08-4CAE89793BE5}.Release|x86.ActiveCfg = Release|Any CPU
		{5A9B6E43-8B75-4826-9A08-4CAE89793BE5}.Release|x86.Build.0 = Release|Any CPU
		{6998B72A-6F37-4575-9308-72B5E7B848E0}.Debug|Any CPU.ActiveCfg = Debug|Any CPU
		{6998B72A-6F37-4575-9308-72B5E7B848E0}.Debug|Any CPU.Build.0 = Debug|Any CPU
		{6998B72A-6F37-4575-9308-72B5E7B848E0}.Debug|ARM.ActiveCfg = Debug|Any CPU
		{6998B72A-6F37-4575-9308-72B5E7B848E0}.Debug|ARM.Build.0 = Debug|Any CPU
		{6998B72A-6F37-4575-9308-72B5E7B848E0}.Debug|x64.ActiveCfg = Debug|Any CPU
		{6998B72A-6F37-4575-9308-72B5E7B848E0}.Debug|x64.Build.0 = Debug|Any CPU
		{6998B72A-6F37-4575-9308-72B5E7B848E0}.Debug|x86.ActiveCfg = Debug|Any CPU
		{6998B72A-6F37-4575-9308-72B5E7B848E0}.Debug|x86.Build.0 = Debug|Any CPU
		{6998B72A-6F37-4575-9308-72B5E7B848E0}.Release|Any CPU.ActiveCfg = Release|Any CPU
		{6998B72A-6F37-4575-9308-72B5E7B848E0}.Release|Any CPU.Build.0 = Release|Any CPU
		{6998B72A-6F37-4575-9308-72B5E7B848E0}.Release|ARM.ActiveCfg = Release|Any CPU
		{6998B72A-6F37-4575-9308-72B5E7B848E0}.Release|ARM.Build.0 = Release|Any CPU
		{6998B72A-6F37-4575-9308-72B5E7B848E0}.Release|x64.ActiveCfg = Release|Any CPU
		{6998B72A-6F37-4575-9308-72B5E7B848E0}.Release|x64.Build.0 = Release|Any CPU
		{6998B72A-6F37-4575-9308-72B5E7B848E0}.Release|x86.ActiveCfg = Release|Any CPU
		{6998B72A-6F37-4575-9308-72B5E7B848E0}.Release|x86.Build.0 = Release|Any CPU
		{13C8B05A-E10B-4D66-BD6E-C2DED966B197}.Debug|Any CPU.ActiveCfg = Debug|Any CPU
		{13C8B05A-E10B-4D66-BD6E-C2DED966B197}.Debug|Any CPU.Build.0 = Debug|Any CPU
		{13C8B05A-E10B-4D66-BD6E-C2DED966B197}.Debug|ARM.ActiveCfg = Debug|Any CPU
		{13C8B05A-E10B-4D66-BD6E-C2DED966B197}.Debug|ARM.Build.0 = Debug|Any CPU
		{13C8B05A-E10B-4D66-BD6E-C2DED966B197}.Debug|x64.ActiveCfg = Debug|Any CPU
		{13C8B05A-E10B-4D66-BD6E-C2DED966B197}.Debug|x64.Build.0 = Debug|Any CPU
		{13C8B05A-E10B-4D66-BD6E-C2DED966B197}.Debug|x86.ActiveCfg = Debug|Any CPU
		{13C8B05A-E10B-4D66-BD6E-C2DED966B197}.Debug|x86.Build.0 = Debug|Any CPU
		{13C8B05A-E10B-4D66-BD6E-C2DED966B197}.Release|Any CPU.ActiveCfg = Release|Any CPU
		{13C8B05A-E10B-4D66-BD6E-C2DED966B197}.Release|Any CPU.Build.0 = Release|Any CPU
		{13C8B05A-E10B-4D66-BD6E-C2DED966B197}.Release|ARM.ActiveCfg = Release|Any CPU
		{13C8B05A-E10B-4D66-BD6E-C2DED966B197}.Release|ARM.Build.0 = Release|Any CPU
		{13C8B05A-E10B-4D66-BD6E-C2DED966B197}.Release|x64.ActiveCfg = Release|Any CPU
		{13C8B05A-E10B-4D66-BD6E-C2DED966B197}.Release|x64.Build.0 = Release|Any CPU
		{13C8B05A-E10B-4D66-BD6E-C2DED966B197}.Release|x86.ActiveCfg = Release|Any CPU
		{13C8B05A-E10B-4D66-BD6E-C2DED966B197}.Release|x86.Build.0 = Release|Any CPU
		{2CD2453D-745F-48C1-B1BB-7E810D4BEA46}.Debug|Any CPU.ActiveCfg = Debug|Any CPU
		{2CD2453D-745F-48C1-B1BB-7E810D4BEA46}.Debug|Any CPU.Build.0 = Debug|Any CPU
		{2CD2453D-745F-48C1-B1BB-7E810D4BEA46}.Debug|ARM.ActiveCfg = Debug|Any CPU
		{2CD2453D-745F-48C1-B1BB-7E810D4BEA46}.Debug|ARM.Build.0 = Debug|Any CPU
		{2CD2453D-745F-48C1-B1BB-7E810D4BEA46}.Debug|x64.ActiveCfg = Debug|Any CPU
		{2CD2453D-745F-48C1-B1BB-7E810D4BEA46}.Debug|x64.Build.0 = Debug|Any CPU
		{2CD2453D-745F-48C1-B1BB-7E810D4BEA46}.Debug|x86.ActiveCfg = Debug|Any CPU
		{2CD2453D-745F-48C1-B1BB-7E810D4BEA46}.Debug|x86.Build.0 = Debug|Any CPU
		{2CD2453D-745F-48C1-B1BB-7E810D4BEA46}.Release|Any CPU.ActiveCfg = Release|Any CPU
		{2CD2453D-745F-48C1-B1BB-7E810D4BEA46}.Release|Any CPU.Build.0 = Release|Any CPU
		{2CD2453D-745F-48C1-B1BB-7E810D4BEA46}.Release|ARM.ActiveCfg = Release|Any CPU
		{2CD2453D-745F-48C1-B1BB-7E810D4BEA46}.Release|ARM.Build.0 = Release|Any CPU
		{2CD2453D-745F-48C1-B1BB-7E810D4BEA46}.Release|x64.ActiveCfg = Release|Any CPU
		{2CD2453D-745F-48C1-B1BB-7E810D4BEA46}.Release|x64.Build.0 = Release|Any CPU
		{2CD2453D-745F-48C1-B1BB-7E810D4BEA46}.Release|x86.ActiveCfg = Release|Any CPU
		{2CD2453D-745F-48C1-B1BB-7E810D4BEA46}.Release|x86.Build.0 = Release|Any CPU
		{5EE028FD-90E7-4953-B3F4-00F7461C2E06}.Debug|Any CPU.ActiveCfg = Debug|x86
		{5EE028FD-90E7-4953-B3F4-00F7461C2E06}.Debug|ARM.ActiveCfg = Debug|ARM
		{5EE028FD-90E7-4953-B3F4-00F7461C2E06}.Debug|ARM.Build.0 = Debug|ARM
		{5EE028FD-90E7-4953-B3F4-00F7461C2E06}.Debug|ARM.Deploy.0 = Debug|ARM
		{5EE028FD-90E7-4953-B3F4-00F7461C2E06}.Debug|x64.ActiveCfg = Debug|x64
		{5EE028FD-90E7-4953-B3F4-00F7461C2E06}.Debug|x64.Build.0 = Debug|x64
		{5EE028FD-90E7-4953-B3F4-00F7461C2E06}.Debug|x64.Deploy.0 = Debug|x64
		{5EE028FD-90E7-4953-B3F4-00F7461C2E06}.Debug|x86.ActiveCfg = Debug|x86
		{5EE028FD-90E7-4953-B3F4-00F7461C2E06}.Debug|x86.Build.0 = Debug|x86
		{5EE028FD-90E7-4953-B3F4-00F7461C2E06}.Debug|x86.Deploy.0 = Debug|x86
		{5EE028FD-90E7-4953-B3F4-00F7461C2E06}.Release|Any CPU.ActiveCfg = Release|x86
		{5EE028FD-90E7-4953-B3F4-00F7461C2E06}.Release|ARM.ActiveCfg = Release|ARM
		{5EE028FD-90E7-4953-B3F4-00F7461C2E06}.Release|ARM.Build.0 = Release|ARM
		{5EE028FD-90E7-4953-B3F4-00F7461C2E06}.Release|ARM.Deploy.0 = Release|ARM
		{5EE028FD-90E7-4953-B3F4-00F7461C2E06}.Release|x64.ActiveCfg = Release|x64
		{5EE028FD-90E7-4953-B3F4-00F7461C2E06}.Release|x64.Build.0 = Release|x64
		{5EE028FD-90E7-4953-B3F4-00F7461C2E06}.Release|x64.Deploy.0 = Release|x64
		{5EE028FD-90E7-4953-B3F4-00F7461C2E06}.Release|x86.ActiveCfg = Release|x86
		{5EE028FD-90E7-4953-B3F4-00F7461C2E06}.Release|x86.Build.0 = Release|x86
		{5EE028FD-90E7-4953-B3F4-00F7461C2E06}.Release|x86.Deploy.0 = Release|x86
	EndGlobalSection
	GlobalSection(SolutionProperties) = preSolution
		HideSolutionNode = FALSE
	EndGlobalSection
	GlobalSection(NestedProjects) = preSolution
		{A0BFF0DB-ED9A-4639-AE86-8E709A1EFC66} = {98DCD5C9-EEA3-4756-9A5B-2BA8A5036ECE}
		{A961A1F9-1024-4446-BF9E-A923137340B8} = {98DCD5C9-EEA3-4756-9A5B-2BA8A5036ECE}
		{0AA8FB16-A377-4541-BEF6-81D437D7B5E9} = {98DCD5C9-EEA3-4756-9A5B-2BA8A5036ECE}
		{FE067913-E9A8-41F0-89FA-C1126F8FB6A8} = {7465E1D2-BD66-407E-8C23-E096626479C9}
		{FE067913-E9A8-41F0-89FA-C1136F8FB6A8} = {7465E1D2-BD66-407E-8C23-E096626479C9}
		{5A9B6E43-8B75-4826-9A08-4CAE89793BE5} = {547DC77A-CF13-46AE-AD3B-903870CE3DB9}
		{6998B72A-6F37-4575-9308-72B5E7B848E0} = {547DC77A-CF13-46AE-AD3B-903870CE3DB9}
		{13C8B05A-E10B-4D66-BD6E-C2DED966B197} = {547DC77A-CF13-46AE-AD3B-903870CE3DB9}
		{2CD2453D-745F-48C1-B1BB-7E810D4BEA46} = {547DC77A-CF13-46AE-AD3B-903870CE3DB9}
		{5EE028FD-90E7-4953-B3F4-00F7461C2E06} = {547DC77A-CF13-46AE-AD3B-903870CE3DB9}
	EndGlobalSection
	GlobalSection(TestCaseManagementSettings) = postSolution
		CategoryFile = NLog.netfx45.vsmdi
	EndGlobalSection
	GlobalSection(SubversionScc) = preSolution
		Svn-Managed = True
		Manager = AnkhSVN - Subversion Support for Visual Studio
	EndGlobalSection
	GlobalSection(DPCodeReviewSolutionGUID) = preSolution
		DPCodeReviewSolutionGUID = {C4811F53-E779-47F0-8C06-71551FBDB047}
	EndGlobalSection
EndGlobal
