Microsoft Visual Studio Solution File, Format Version 12.00
# Visual Studio 2013
VisualStudioVersion = 12.0.31101.0
MinimumVisualStudioVersion = 10.0.40219.1
Project("{2150E333-8FDC-42A3-9474-1A3956D46DE8}") = "Solution Items", "Solution Items", "{7638C35C-A8AC-437C-94FD-9DABD9D5839C}"
	ProjectSection(SolutionItems) = preProject
		LocalTestRun.netfx40.testrunconfig = LocalTestRun.netfx40.testrunconfig
		NLog.netfx40.vsmdi = NLog.netfx40.vsmdi
	EndProjectSection
EndProject
Project("{FAE04EC0-301F-11D3-BF4B-00C04F79EFBC}") = "NLog.netfx40", "NLog\NLog.netfx40.csproj", "{A0BFF0DB-ED9A-4639-AE86-8E709A1EFC66}"
EndProject
Project("{FAE04EC0-301F-11D3-BF4B-00C04F79EFBC}") = "NLog.UnitTests.netfx40", "..\tests\NLog.UnitTests\NLog.UnitTests.netfx40.csproj", "{FE067913-E9A8-41F0-89FA-C1126F8FB6A8}"
EndProject
Project("{FAE04EC0-301F-11D3-BF4B-00C04F79EFBC}") = "SampleExtensions.netfx40", "..\tests\SampleExtensions\SampleExtensions.netfx40.csproj", "{FE067913-E9A8-41F0-89FA-C1136F8FB6A8}"
EndProject
Project("{FAE04EC0-301F-11D3-BF4B-00C04F79EFBC}") = "InstallNLogConfig.netfx40", "InstallNLogConfig\InstallNLogConfig.netfx40.csproj", "{0CF95BE4-0546-4CE9-AB49-B9E4DA599EAA}"
EndProject
Project("{FAE04EC0-301F-11D3-BF4B-00C04F79EFBC}") = "NLog.Extended.netfx40", "NLog.Extended\NLog.Extended.netfx40.csproj", "{A961A1F9-1024-4446-BF9E-A923137340B8}"
EndProject
Project("{2150E333-8FDC-42A3-9474-1A3956D46DE8}") = ".nuget", ".nuget", "{A2DA2123-68E5-4D58-AB61-CDB660CEA4C5}"
	ProjectSection(SolutionItems) = preProject
		.nuget\NuGet.Config = .nuget\NuGet.Config
		.nuget\NuGet.exe = .nuget\NuGet.exe
		.nuget\NuGet.targets = .nuget\NuGet.targets
	EndProjectSection
EndProject
Project("{FAE04EC0-301F-11D3-BF4B-00C04F79EFBC}") = "NLogAutoLoadExtension.netfx40", "NLogAutoLoadExtension\NLogAutoLoadExtension.netfx40.csproj", "{0AA8FB16-A377-4541-BEF6-81D437D7B5E9}"
EndProject
Global
	GlobalSection(SolutionConfigurationPlatforms) = preSolution
		Debug|Any CPU = Debug|Any CPU
		Debug|Mixed Platforms = Debug|Mixed Platforms
		Debug|x86 = Debug|x86
		Release|Any CPU = Release|Any CPU
		Release|Mixed Platforms = Release|Mixed Platforms
		Release|x86 = Release|x86
	EndGlobalSection
	GlobalSection(ProjectConfigurationPlatforms) = postSolution
		{A0BFF0DB-ED9A-4639-AE86-8E709A1EFC66}.Debug|Any CPU.ActiveCfg = Debug|Any CPU
		{A0BFF0DB-ED9A-4639-AE86-8E709A1EFC66}.Debug|Any CPU.Build.0 = Debug|Any CPU
		{A0BFF0DB-ED9A-4639-AE86-8E709A1EFC66}.Debug|Mixed Platforms.ActiveCfg = Debug|Any CPU
		{A0BFF0DB-ED9A-4639-AE86-8E709A1EFC66}.Debug|Mixed Platforms.Build.0 = Debug|Any CPU
		{A0BFF0DB-ED9A-4639-AE86-8E709A1EFC66}.Debug|x86.ActiveCfg = Debug|Any CPU
		{A0BFF0DB-ED9A-4639-AE86-8E709A1EFC66}.Release|Any CPU.ActiveCfg = Release|Any CPU
		{A0BFF0DB-ED9A-4639-AE86-8E709A1EFC66}.Release|Any CPU.Build.0 = Release|Any CPU
		{A0BFF0DB-ED9A-4639-AE86-8E709A1EFC66}.Release|Mixed Platforms.ActiveCfg = Release|Any CPU
		{A0BFF0DB-ED9A-4639-AE86-8E709A1EFC66}.Release|Mixed Platforms.Build.0 = Release|Any CPU
		{A0BFF0DB-ED9A-4639-AE86-8E709A1EFC66}.Release|x86.ActiveCfg = Release|Any CPU
		{FE067913-E9A8-41F0-89FA-C1126F8FB6A8}.Debug|Any CPU.ActiveCfg = Debug|Any CPU
		{FE067913-E9A8-41F0-89FA-C1126F8FB6A8}.Debug|Any CPU.Build.0 = Debug|Any CPU
		{FE067913-E9A8-41F0-89FA-C1126F8FB6A8}.Debug|Mixed Platforms.ActiveCfg = Debug|Any CPU
		{FE067913-E9A8-41F0-89FA-C1126F8FB6A8}.Debug|Mixed Platforms.Build.0 = Debug|Any CPU
		{FE067913-E9A8-41F0-89FA-C1126F8FB6A8}.Debug|x86.ActiveCfg = Debug|Any CPU
		{FE067913-E9A8-41F0-89FA-C1126F8FB6A8}.Release|Any CPU.ActiveCfg = Release|Any CPU
		{FE067913-E9A8-41F0-89FA-C1126F8FB6A8}.Release|Any CPU.Build.0 = Release|Any CPU
		{FE067913-E9A8-41F0-89FA-C1126F8FB6A8}.Release|Mixed Platforms.ActiveCfg = Release|Any CPU
		{FE067913-E9A8-41F0-89FA-C1126F8FB6A8}.Release|Mixed Platforms.Build.0 = Release|Any CPU
		{FE067913-E9A8-41F0-89FA-C1126F8FB6A8}.Release|x86.ActiveCfg = Release|Any CPU
		{FE067913-E9A8-41F0-89FA-C1136F8FB6A8}.Debug|Any CPU.ActiveCfg = Debug|Any CPU
		{FE067913-E9A8-41F0-89FA-C1136F8FB6A8}.Debug|Any CPU.Build.0 = Debug|Any CPU
		{FE067913-E9A8-41F0-89FA-C1136F8FB6A8}.Debug|Mixed Platforms.ActiveCfg = Debug|Any CPU
		{FE067913-E9A8-41F0-89FA-C1136F8FB6A8}.Debug|Mixed Platforms.Build.0 = Debug|Any CPU
		{FE067913-E9A8-41F0-89FA-C1136F8FB6A8}.Debug|x86.ActiveCfg = Debug|Any CPU
		{FE067913-E9A8-41F0-89FA-C1136F8FB6A8}.Release|Any CPU.ActiveCfg = Release|Any CPU
		{FE067913-E9A8-41F0-89FA-C1136F8FB6A8}.Release|Any CPU.Build.0 = Release|Any CPU
		{FE067913-E9A8-41F0-89FA-C1136F8FB6A8}.Release|Mixed Platforms.ActiveCfg = Release|Any CPU
		{FE067913-E9A8-41F0-89FA-C1136F8FB6A8}.Release|Mixed Platforms.Build.0 = Release|Any CPU
		{FE067913-E9A8-41F0-89FA-C1136F8FB6A8}.Release|x86.ActiveCfg = Release|Any CPU
		{0CF95BE4-0546-4CE9-AB49-B9E4DA599EAA}.Debug|Any CPU.ActiveCfg = Debug|x86
		{0CF95BE4-0546-4CE9-AB49-B9E4DA599EAA}.Debug|Mixed Platforms.ActiveCfg = Debug|x86
		{0CF95BE4-0546-4CE9-AB49-B9E4DA599EAA}.Debug|Mixed Platforms.Build.0 = Debug|x86
		{0CF95BE4-0546-4CE9-AB49-B9E4DA599EAA}.Debug|x86.ActiveCfg = Debug|x86
		{0CF95BE4-0546-4CE9-AB49-B9E4DA599EAA}.Debug|x86.Build.0 = Debug|x86
		{0CF95BE4-0546-4CE9-AB49-B9E4DA599EAA}.Release|Any CPU.ActiveCfg = Release|x86
		{0CF95BE4-0546-4CE9-AB49-B9E4DA599EAA}.Release|Mixed Platforms.ActiveCfg = Release|x86
		{0CF95BE4-0546-4CE9-AB49-B9E4DA599EAA}.Release|Mixed Platforms.Build.0 = Release|x86
		{0CF95BE4-0546-4CE9-AB49-B9E4DA599EAA}.Release|x86.ActiveCfg = Release|x86
		{0CF95BE4-0546-4CE9-AB49-B9E4DA599EAA}.Release|x86.Build.0 = Release|x86
		{A961A1F9-1024-4446-BF9E-A923137340B8}.Debug|Any CPU.ActiveCfg = Debug|Any CPU
		{A961A1F9-1024-4446-BF9E-A923137340B8}.Debug|Any CPU.Build.0 = Debug|Any CPU
		{A961A1F9-1024-4446-BF9E-A923137340B8}.Debug|Mixed Platforms.ActiveCfg = Debug|Any CPU
		{A961A1F9-1024-4446-BF9E-A923137340B8}.Debug|Mixed Platforms.Build.0 = Debug|Any CPU
		{A961A1F9-1024-4446-BF9E-A923137340B8}.Debug|x86.ActiveCfg = Debug|Any CPU
		{A961A1F9-1024-4446-BF9E-A923137340B8}.Release|Any CPU.ActiveCfg = Release|Any CPU
		{A961A1F9-1024-4446-BF9E-A923137340B8}.Release|Any CPU.Build.0 = Release|Any CPU
		{A961A1F9-1024-4446-BF9E-A923137340B8}.Release|Mixed Platforms.ActiveCfg = Release|Any CPU
		{A961A1F9-1024-4446-BF9E-A923137340B8}.Release|Mixed Platforms.Build.0 = Release|Any CPU
		{A961A1F9-1024-4446-BF9E-A923137340B8}.Release|x86.ActiveCfg = Release|Any CPU
		{0AA8FB16-A377-4541-BEF6-81D437D7B5E9}.Debug|Any CPU.ActiveCfg = Debug|Any CPU
		{0AA8FB16-A377-4541-BEF6-81D437D7B5E9}.Debug|Any CPU.Build.0 = Debug|Any CPU
		{0AA8FB16-A377-4541-BEF6-81D437D7B5E9}.Debug|Mixed Platforms.ActiveCfg = Debug|Any CPU
		{0AA8FB16-A377-4541-BEF6-81D437D7B5E9}.Debug|Mixed Platforms.Build.0 = Debug|Any CPU
		{0AA8FB16-A377-4541-BEF6-81D437D7B5E9}.Debug|x86.ActiveCfg = Debug|Any CPU
		{0AA8FB16-A377-4541-BEF6-81D437D7B5E9}.Release|Any CPU.ActiveCfg = Release|Any CPU
		{0AA8FB16-A377-4541-BEF6-81D437D7B5E9}.Release|Any CPU.Build.0 = Release|Any CPU
		{0AA8FB16-A377-4541-BEF6-81D437D7B5E9}.Release|Mixed Platforms.ActiveCfg = Release|Any CPU
		{0AA8FB16-A377-4541-BEF6-81D437D7B5E9}.Release|Mixed Platforms.Build.0 = Release|Any CPU
		{0AA8FB16-A377-4541-BEF6-81D437D7B5E9}.Release|x86.ActiveCfg = Release|Any CPU
	EndGlobalSection
	GlobalSection(SolutionProperties) = preSolution
		HideSolutionNode = FALSE
	EndGlobalSection
	GlobalSection(CodealikeProperties) = postSolution
		SolutionGuid = 93c37543-86b0-4a4b-a98f-94ed9590add7
	EndGlobalSection
	GlobalSection(TestCaseManagementSettings) = postSolution
		CategoryFile = NLog.netfx40.vsmdi
	EndGlobalSection
	GlobalSection(DPCodeReviewSolutionGUID) = preSolution
		DPCodeReviewSolutionGUID = {C4811F53-E779-47F0-8C06-71551FBDB047}
	EndGlobalSection
EndGlobal
