Microsoft Visual Studio Solution File, Format Version 10.00
# Visual Studio 2008
Project("{FAE04EC0-301F-11D3-BF4B-00C04F79EFBC}") = "NLog.Silverlight", "src\NLog\NLog.Silverlight.csproj", "{BA6C87E7-BA11-4AC3-82B7-8613040C7AA7}"
EndProject
Global
	GlobalSection(SolutionConfigurationPlatforms) = preSolution
		Debug|Any CPU = Debug|Any CPU
		Release|Any CPU = Release|Any CPU
	EndGlobalSection
	GlobalSection(ProjectConfigurationPlatforms) = postSolution
		{BA6C87E7-BA11-4AC3-82B7-8613040C7AA7}.Debug|Any CPU.ActiveCfg = Debug|Any CPU
		{BA6C87E7-BA11-4AC3-82B7-8613040C7AA7}.Debug|Any CPU.Build.0 = Debug|Any CPU
		{BA6C87E7-BA11-4AC3-82B7-8613040C7AA7}.Release|Any CPU.ActiveCfg = Release|Any CPU
		{BA6C87E7-BA11-4AC3-82B7-8613040C7AA7}.Release|Any CPU.Build.0 = Release|Any CPU
	EndGlobalSection
	GlobalSection(SolutionProperties) = preSolution
		HideSolutionNode = FALSE
	EndGlobalSection
	GlobalSection(DPCodeReviewSolutionGUID) = preSolution
		DPCodeReviewSolutionGUID = {C4811F53-E779-47F0-8C06-71551FBDB047}
	EndGlobalSection
EndGlobal
