
Microsoft Visual Studio Solution File, Format Version 9.00
# Visual Studio 2005
Project("{FAE04EC0-301F-11D3-BF4B-00C04F79EFBC}") = "File.Multiple", "File.Multiple.csproj", "{45DC6DFF-4680-4739-8DD1-3EA91C1E2F19}"
EndProject
Global
	GlobalSection(SolutionConfigurationPlatforms) = preSolution
		Debug|Any CPU = Debug|Any CPU
		Release|Any CPU = Release|Any CPU
	EndGlobalSection
	GlobalSection(ProjectConfigurationPlatforms) = postSolution
		{45DC6DFF-4680-4739-8DD1-3EA91C1E2F19}.Debug|Any CPU.ActiveCfg = Debug|Any CPU
		{45DC6DFF-4680-4739-8DD1-3EA91C1E2F19}.Debug|Any CPU.Build.0 = Debug|Any CPU
		{45DC6DFF-4680-4739-8DD1-3EA91C1E2F19}.Release|Any CPU.ActiveCfg = Release|Any CPU
		{45DC6DFF-4680-4739-8DD1-3EA91C1E2F19}.Release|Any CPU.Build.0 = Release|Any CPU
	EndGlobalSection
	GlobalSection(SolutionProperties) = preSolution
		HideSolutionNode = FALSE
	EndGlobalSection
EndGlobal
