Microsoft Visual Studio Solution File, Format Version 10.00
# Visual Studio 2008
Project("{FAE04EC0-301F-11D3-BF4B-00C04F79EFBC}") = "NLog.AsyncBenchmark", "NLog.AsyncBenchmark\NLog.AsyncBenchmark.csproj", "{F666E83B-3806-4F90-A577-809AA8EEED0E}"
EndProject
Project("{FAE04EC0-301F-11D3-BF4B-00C04F79EFBC}") = "NLog", "..\src\NLog\NLog.csproj", "{020354EE-5073-4BB5-9AA2-A7EADA8CAD09}"
EndProject
Project("{FAE04EC0-301F-11D3-BF4B-00C04F79EFBC}") = "NLog.UnitTests", "NLog.UnitTests\NLog.UnitTests.csproj", "{1653EE05-2720-4A85-BF14-74C4493787B1}"
EndProject
Project("{FAE04EC0-301F-11D3-BF4B-00C04F79EFBC}") = "NLog.Benchmark", "NLog.Benchmark\NLog.Benchmark.csproj", "{842A5DA9-BA2B-4934-8ED6-2E6495F7476D}"
EndProject
Global
	GlobalSection(SolutionConfigurationPlatforms) = preSolution
		Debug|Any CPU = Debug|Any CPU
		Release|Any CPU = Release|Any CPU
	EndGlobalSection
	GlobalSection(ProjectConfigurationPlatforms) = postSolution
		{F666E83B-3806-4F90-A577-809AA8EEED0E}.Debug|Any CPU.ActiveCfg = Debug|Any CPU
		{F666E83B-3806-4F90-A577-809AA8EEED0E}.Debug|Any CPU.Build.0 = Debug|Any CPU
		{F666E83B-3806-4F90-A577-809AA8EEED0E}.Release|Any CPU.ActiveCfg = Release|Any CPU
		{F666E83B-3806-4F90-A577-809AA8EEED0E}.Release|Any CPU.Build.0 = Release|Any CPU
		{020354EE-5073-4BB5-9AA2-A7EADA8CAD09}.Debug|Any CPU.ActiveCfg = Debug|Any CPU
		{020354EE-5073-4BB5-9AA2-A7EADA8CAD09}.Debug|Any CPU.Build.0 = Debug|Any CPU
		{020354EE-5073-4BB5-9AA2-A7EADA8CAD09}.Release|Any CPU.ActiveCfg = Release|Any CPU
		{020354EE-5073-4BB5-9AA2-A7EADA8CAD09}.Release|Any CPU.Build.0 = Release|Any CPU
		{1653EE05-2720-4A85-BF14-74C4493787B1}.Debug|Any CPU.ActiveCfg = Debug|Any CPU
		{1653EE05-2720-4A85-BF14-74C4493787B1}.Debug|Any CPU.Build.0 = Debug|Any CPU
		{1653EE05-2720-4A85-BF14-74C4493787B1}.Release|Any CPU.ActiveCfg = Release|Any CPU
		{1653EE05-2720-4A85-BF14-74C4493787B1}.Release|Any CPU.Build.0 = Release|Any CPU
		{842A5DA9-BA2B-4934-8ED6-2E6495F7476D}.Debug|Any CPU.ActiveCfg = Debug|Any CPU
		{842A5DA9-BA2B-4934-8ED6-2E6495F7476D}.Debug|Any CPU.Build.0 = Debug|Any CPU
		{842A5DA9-BA2B-4934-8ED6-2E6495F7476D}.Release|Any CPU.ActiveCfg = Release|Any CPU
		{842A5DA9-BA2B-4934-8ED6-2E6495F7476D}.Release|Any CPU.Build.0 = Release|Any CPU
	EndGlobalSection
	GlobalSection(SolutionProperties) = preSolution
		HideSolutionNode = FALSE
	EndGlobalSection
EndGlobal
