Microsoft Visual Studio Solution File, Format Version 10.00
# Visual Studio 2008
Project("{FAE04EC0-301F-11D3-BF4B-00C04F79EFBC}") = "NLog.BinaryCompatTests", "NLog.BinaryCompatTests\NLog.BinaryCompatTests.csproj", "{157588EF-6665-468C-B860-B90B71A5E7FB}"
EndProject
Global
	GlobalSection(SolutionConfigurationPlatforms) = preSolution
		Debug|Any CPU = Debug|Any CPU
		Release|Any CPU = Release|Any CPU
	EndGlobalSection
	GlobalSection(ProjectConfigurationPlatforms) = postSolution
		{157588EF-6665-468C-B860-B90B71A5E7FB}.Debug|Any CPU.ActiveCfg = Debug|Any CPU
		{157588EF-6665-468C-B860-B90B71A5E7FB}.Debug|Any CPU.Build.0 = Debug|Any CPU
		{157588EF-6665-468C-B860-B90B71A5E7FB}.Release|Any CPU.ActiveCfg = Release|Any CPU
		{157588EF-6665-468C-B860-B90B71A5E7FB}.Release|Any CPU.Build.0 = Release|Any CPU
	EndGlobalSection
	GlobalSection(SolutionProperties) = preSolution
		HideSolutionNode = FALSE
	EndGlobalSection
EndGlobal
