
Microsoft Visual Studio Solution File, Format Version 9.00
# Visual Studio 2005
Project("{FAE04EC0-301F-11D3-BF4B-00C04F79EFBC}") = "ColoredConsole.Simple", "ColoredConsole.Simple.csproj", "{AE1BBC24-C46F-4B81-85AF-8E4FFE05F384}"
EndProject
Global
	GlobalSection(SolutionConfigurationPlatforms) = preSolution
		Debug|Any CPU = Debug|Any CPU
		Release|Any CPU = Release|Any CPU
	EndGlobalSection
	GlobalSection(ProjectConfigurationPlatforms) = postSolution
		{AE1BBC24-C46F-4B81-85AF-8E4FFE05F384}.Debug|Any CPU.ActiveCfg = Debug|Any CPU
		{AE1BBC24-C46F-4B81-85AF-8E4FFE05F384}.Debug|Any CPU.Build.0 = Debug|Any CPU
		{AE1BBC24-C46F-4B81-85AF-8E4FFE05F384}.Release|Any CPU.ActiveCfg = Release|Any CPU
		{AE1BBC24-C46F-4B81-85AF-8E4FFE05F384}.Release|Any CPU.Build.0 = Release|Any CPU
	EndGlobalSection
	GlobalSection(SolutionProperties) = preSolution
		HideSolutionNode = FALSE
	EndGlobalSection
EndGlobal
