
Microsoft Visual Studio Solution File, Format Version 11.00
# Visual Studio 2010
Project("{FAE04EC0-301F-11D3-BF4B-00C04F79EFBC}") = "MakeNLogXSD", "MakeNLogXSD.csproj", "{BB32EC17-234D-477D-AC37-96EB19A52018}"
EndProject
Global
	GlobalSection(SolutionConfigurationPlatforms) = preSolution
		Debug|Any CPU = Debug|Any CPU
		Release|Any CPU = Release|Any CPU
	EndGlobalSection
	GlobalSection(ProjectConfigurationPlatforms) = postSolution
		{BB32EC17-234D-477D-AC37-96EB19A52018}.Debug|Any CPU.ActiveCfg = Debug|Any CPU
		{BB32EC17-234D-477D-AC37-96EB19A52018}.Debug|Any CPU.Build.0 = Debug|Any CPU
		{BB32EC17-234D-477D-AC37-96EB19A52018}.Release|Any CPU.ActiveCfg = Release|Any CPU
		{BB32EC17-234D-477D-AC37-96EB19A52018}.Release|Any CPU.Build.0 = Release|Any CPU
	EndGlobalSection
	GlobalSection(SolutionProperties) = preSolution
		HideSolutionNode = FALSE
	EndGlobalSection
EndGlobal
