
Microsoft Visual Studio Solution File, Format Version 9.00
# Visual Studio 2005
Project("{FAE04EC0-301F-11D3-BF4B-00C04F79EFBC}") = "Console", "Console.csproj", "{53FFA3C4-C63B-465C-AB3E-E4C3B0953AB1}"
EndProject
Global
	GlobalSection(SolutionConfigurationPlatforms) = preSolution
		Debug|Any CPU = Debug|Any CPU
		Release|Any CPU = Release|Any CPU
	EndGlobalSection
	GlobalSection(ProjectConfigurationPlatforms) = postSolution
		{53FFA3C4-C63B-465C-AB3E-E4C3B0953AB1}.Debug|Any CPU.ActiveCfg = Debug|Any CPU
		{53FFA3C4-C63B-465C-AB3E-E4C3B0953AB1}.Debug|Any CPU.Build.0 = Debug|Any CPU
		{53FFA3C4-C63B-465C-AB3E-E4C3B0953AB1}.Release|Any CPU.ActiveCfg = Release|Any CPU
		{53FFA3C4-C63B-465C-AB3E-E4C3B0953AB1}.Release|Any CPU.Build.0 = Release|Any CPU
	EndGlobalSection
	GlobalSection(SolutionProperties) = preSolution
		HideSolutionNode = FALSE
	EndGlobalSection
EndGlobal
