Microsoft Visual Studio Solution File, Format Version 8.00
Project("{FAE04EC0-301F-11D3-BF4B-00C04F79EFBC}") = "ASPNetTraceTest", "http://localhost/ASPNetTraceTest/ASPNetTraceTest.csproj", "{C7BA2451-7027-4838-BD3B-02DC5DCD8CB5}"
	ProjectSection(ProjectDependencies) = postProject
	EndProjectSection
EndProject
Global
	GlobalSection(SolutionConfiguration) = preSolution
		Debug = Debug
		Release = Release
	EndGlobalSection
	GlobalSection(ProjectConfiguration) = postSolution
		{C7BA2451-7027-4838-BD3B-02DC5DCD8CB5}.Debug.ActiveCfg = Debug|.NET
		{C7BA2451-7027-4838-BD3B-02DC5DCD8CB5}.Debug.Build.0 = Debug|.NET
		{C7BA2451-7027-4838-BD3B-02DC5DCD8CB5}.Release.ActiveCfg = Release|.NET
		{C7BA2451-7027-4838-BD3B-02DC5DCD8CB5}.Release.Build.0 = Release|.NET
	EndGlobalSection
	GlobalSection(ExtensibilityGlobals) = postSolution
	EndGlobalSection
	GlobalSection(ExtensibilityAddIns) = postSolution
	EndGlobalSection
EndGlobal
