
Microsoft Visual Studio Solution File, Format Version 11.00
# Visual Studio 2010
Project("{FAE04EC0-301F-11D3-BF4B-00C04F79EFBC}") = "NLog.mono2", "NLog.mono2.csproj", "{E7AB20BF-6920-442A-B876-CC05BC5CEC79}"
EndProject
Global
	GlobalSection(SolutionConfigurationPlatforms) = preSolution
		Debug|Any CPU = Debug|Any CPU
		Release|Any CPU = Release|Any CPU
	EndGlobalSection
	GlobalSection(ProjectConfigurationPlatforms) = postSolution
		{E7AB20BF-6920-442A-B876-CC05BC5CEC79}.Debug|Any CPU.ActiveCfg = Debug|Any CPU
		{E7AB20BF-6920-442A-B876-CC05BC5CEC79}.Debug|Any CPU.Build.0 = Debug|Any CPU
		{E7AB20BF-6920-442A-B876-CC05BC5CEC79}.Release|Any CPU.ActiveCfg = Release|Any CPU
		{E7AB20BF-6920-442A-B876-CC05BC5CEC79}.Release|Any CPU.Build.0 = Release|Any CPU
	EndGlobalSection
EndGlobal
