Microsoft Visual Studio Solution File, Format Version 9.00
# Visual Studio 2005
Project("{FAE04EC0-301F-11D3-BF4B-00C04F79EFBC}") = "NLog-net-2.0", "src\NLog\NLog-net-2.0.csproj", "{020354EE-5073-4BB5-9AA2-A7EADA8CAD09}"
EndProject
Project("{FAE04EC0-301F-11D3-BF4B-00C04F79EFBC}") = "NLog.Test-net-2.0", "tests\NLog.Test\NLog.Test-net-2.0.csproj", "{5EC49108-97AE-40EA-B550-8960E4522718}"
EndProject
Project("{FAE04EC0-301F-11D3-BF4B-00C04F79EFBC}") = "NLog.ComInterop-net-2.0", "src\NLog.ComInterop\NLog.ComInterop-net-2.0.csproj", "{B3F8E5FB-C9D4-4C12-841F-8009EB60DB3D}"
EndProject
Project("{2150E333-8FDC-42A3-9474-1A3956D46DE8}") = "Solution Items", "Solution Items", "{BC757C7C-AC03-482D-9EF5-9FBF16FA9334}"
	ProjectSection(SolutionItems) = preProject
		web\api.xml = web\api.xml
		web\blog.xml = web\blog.xml
		web\bug.xml = web\bug.xml
		web\capi.xml = web\capi.xml
		web\checkbox0.gif = web\checkbox0.gif
		web\checkbox1.gif = web\checkbox1.gif
		web\comapi.xml = web\comapi.xml
		web\conditions.xsl = web\conditions.xsl
		web\config.xml = web\config.xml
		web\documentation.xml = web\documentation.xml
		web\download.xml = web\download.xml
		web\faq.xml = web\faq.xml
		web\filearchive.xml = web\filearchive.xml
		web\filters.xsl = web\filters.xsl
		web\forum.xml = web\forum.xml
		web\help.menu = web\help.menu
		web\helpindex.xml = web\helpindex.xml
		web\howto.xml = web\howto.xml
		web\howto_optimize_performance.xml = web\howto_optimize_performance.xml
		web\howto_troubleshoot.xml = web\howto_troubleshoot.xml
		web\howto_write_condition_function.xml = web\howto_write_condition_function.xml
		web\howto_write_filter.xml = web\howto_write_filter.xml
		web\howto_write_layout_renderer.xml = web\howto_write_layout_renderer.xml
		web\howto_write_target.xml = web\howto_write_target.xml
		web\introduction.xml = web\introduction.xml
		web\introduction_addnewitem.gif = web\introduction_addnewitem.gif
		web\introduction_coloredconsole.gif = web\introduction_coloredconsole.gif
		web\introduction_copytooutput.gif = web\introduction_copytooutput.gif
		web\introduction_target_intellisense.gif = web\introduction_target_intellisense.gif
		web\layoutrenderers.xsl = web\layoutrenderers.xsl
		web\links.xml = web\links.xml
		web\log4net.results.xml = web\log4net.results.xml
		web\log4netwithformat.results.xml = web\log4netwithformat.results.xml
		web\mailinglists.xml = web\mailinglists.xml
		web\menubullet.png = web\menubullet.png
		web\netapi.xml = web\netapi.xml
		web\news.xml = web\news.xml
		NLog.build = NLog.build
		web\NLog.jpg = web\NLog.jpg
		web\nlog.results.xml = web\nlog.results.xml
		web\nlog_routing.png = web\nlog_routing.png
		web\out_link.gif = web\out_link.gif
		web\plain.menu = web\plain.menu
		web\prettyprint.xsl = web\prettyprint.xsl
		web\releasenotes.xml = web\releasenotes.xml
		web\runtimesupport.xml = web\runtimesupport.xml
		web\snapshots.xml = web\snapshots.xml
		web\style.css = web\style.css
		web\style.xsl = web\style.xsl
		web\subversion.xml = web\subversion.xml
		web\support.xml = web\support.xml
		web\syntax.css = web\syntax.css
		web\syntax.xsl = web\syntax.xsl
		web\targets.xsl = web\targets.xsl
		web\technical.xml = web\technical.xml
		web\title.png = web\title.png
		web\tutorial.xml = web\tutorial.xml
		web\web.menu = web\web.menu
		web\website.xml = web\website.xml
		web\wprowadzenie.xml = web\wprowadzenie.xml
		web\yes.gif = web\yes.gif
	EndProjectSection
EndProject
Project("{8BC9CEB8-8B4A-11D0-8D11-00A0C91BC942}") = "NLogC-net-2.0", "src\NLogC\NLogC-net-2.0.vcproj", "{63966F8B-B3DA-4538-AF36-FCBBFFF67BF7}"
EndProject
Project("{FAE04EC0-301F-11D3-BF4B-00C04F79EFBC}") = "NLog.InstantMessengers-net-2.0", "src\NLog.InstantMessengers\NLog.InstantMessengers-net-2.0.csproj", "{0CDDD399-95AB-472E-99C1-853902FC03C3}"
EndProject
Global
	GlobalSection(SolutionConfigurationPlatforms) = preSolution
		Debug|Any CPU = Debug|Any CPU
		Debug|Mixed Platforms = Debug|Mixed Platforms
		Debug|Win32 = Debug|Win32
		Release|Any CPU = Release|Any CPU
		Release|Mixed Platforms = Release|Mixed Platforms
		Release|Win32 = Release|Win32
	EndGlobalSection
	GlobalSection(ProjectConfigurationPlatforms) = postSolution
		{020354EE-5073-4BB5-9AA2-A7EADA8CAD09}.Debug|Any CPU.ActiveCfg = Debug|Any CPU
		{020354EE-5073-4BB5-9AA2-A7EADA8CAD09}.Debug|Any CPU.Build.0 = Debug|Any CPU
		{020354EE-5073-4BB5-9AA2-A7EADA8CAD09}.Debug|Mixed Platforms.ActiveCfg = Debug|Any CPU
		{020354EE-5073-4BB5-9AA2-A7EADA8CAD09}.Debug|Mixed Platforms.Build.0 = Debug|Any CPU
		{020354EE-5073-4BB5-9AA2-A7EADA8CAD09}.Debug|Win32.ActiveCfg = Debug|Any CPU
		{020354EE-5073-4BB5-9AA2-A7EADA8CAD09}.Release|Any CPU.ActiveCfg = Release|Any CPU
		{020354EE-5073-4BB5-9AA2-A7EADA8CAD09}.Release|Any CPU.Build.0 = Release|Any CPU
		{020354EE-5073-4BB5-9AA2-A7EADA8CAD09}.Release|Mixed Platforms.ActiveCfg = Release|Any CPU
		{020354EE-5073-4BB5-9AA2-A7EADA8CAD09}.Release|Mixed Platforms.Build.0 = Release|Any CPU
		{020354EE-5073-4BB5-9AA2-A7EADA8CAD09}.Release|Win32.ActiveCfg = Release|Any CPU
		{5EC49108-97AE-40EA-B550-8960E4522718}.Debug|Any CPU.ActiveCfg = Debug|Any CPU
		{5EC49108-97AE-40EA-B550-8960E4522718}.Debug|Any CPU.Build.0 = Debug|Any CPU
		{5EC49108-97AE-40EA-B550-8960E4522718}.Debug|Mixed Platforms.ActiveCfg = Debug|Any CPU
		{5EC49108-97AE-40EA-B550-8960E4522718}.Debug|Mixed Platforms.Build.0 = Debug|Any CPU
		{5EC49108-97AE-40EA-B550-8960E4522718}.Debug|Win32.ActiveCfg = Debug|Any CPU
		{5EC49108-97AE-40EA-B550-8960E4522718}.Release|Any CPU.ActiveCfg = Release|Any CPU
		{5EC49108-97AE-40EA-B550-8960E4522718}.Release|Any CPU.Build.0 = Release|Any CPU
		{5EC49108-97AE-40EA-B550-8960E4522718}.Release|Mixed Platforms.ActiveCfg = Release|Any CPU
		{5EC49108-97AE-40EA-B550-8960E4522718}.Release|Mixed Platforms.Build.0 = Release|Any CPU
		{5EC49108-97AE-40EA-B550-8960E4522718}.Release|Win32.ActiveCfg = Release|Any CPU
		{B3F8E5FB-C9D4-4C12-841F-8009EB60DB3D}.Debug|Any CPU.ActiveCfg = Debug|Any CPU
		{B3F8E5FB-C9D4-4C12-841F-8009EB60DB3D}.Debug|Any CPU.Build.0 = Debug|Any CPU
		{B3F8E5FB-C9D4-4C12-841F-8009EB60DB3D}.Debug|Mixed Platforms.ActiveCfg = Debug|Any CPU
		{B3F8E5FB-C9D4-4C12-841F-8009EB60DB3D}.Debug|Mixed Platforms.Build.0 = Debug|Any CPU
		{B3F8E5FB-C9D4-4C12-841F-8009EB60DB3D}.Debug|Win32.ActiveCfg = Debug|Any CPU
		{B3F8E5FB-C9D4-4C12-841F-8009EB60DB3D}.Release|Any CPU.ActiveCfg = Release|Any CPU
		{B3F8E5FB-C9D4-4C12-841F-8009EB60DB3D}.Release|Any CPU.Build.0 = Release|Any CPU
		{B3F8E5FB-C9D4-4C12-841F-8009EB60DB3D}.Release|Mixed Platforms.ActiveCfg = Release|Any CPU
		{B3F8E5FB-C9D4-4C12-841F-8009EB60DB3D}.Release|Mixed Platforms.Build.0 = Release|Any CPU
		{B3F8E5FB-C9D4-4C12-841F-8009EB60DB3D}.Release|Win32.ActiveCfg = Release|Any CPU
		{63966F8B-B3DA-4538-AF36-FCBBFFF67BF7}.Debug|Any CPU.ActiveCfg = Debug|Win32
		{63966F8B-B3DA-4538-AF36-FCBBFFF67BF7}.Debug|Mixed Platforms.ActiveCfg = Debug|Win32
		{63966F8B-B3DA-4538-AF36-FCBBFFF67BF7}.Debug|Mixed Platforms.Build.0 = Debug|Win32
		{63966F8B-B3DA-4538-AF36-FCBBFFF67BF7}.Debug|Win32.ActiveCfg = Debug|Win32
		{63966F8B-B3DA-4538-AF36-FCBBFFF67BF7}.Debug|Win32.Build.0 = Debug|Win32
		{63966F8B-B3DA-4538-AF36-FCBBFFF67BF7}.Release|Any CPU.ActiveCfg = Release|Win32
		{63966F8B-B3DA-4538-AF36-FCBBFFF67BF7}.Release|Mixed Platforms.ActiveCfg = Release|Win32
		{63966F8B-B3DA-4538-AF36-FCBBFFF67BF7}.Release|Mixed Platforms.Build.0 = Release|Win32
		{63966F8B-B3DA-4538-AF36-FCBBFFF67BF7}.Release|Win32.ActiveCfg = Release|Win32
		{63966F8B-B3DA-4538-AF36-FCBBFFF67BF7}.Release|Win32.Build.0 = Release|Win32
		{0CDDD399-95AB-472E-99C1-853902FC03C3}.Debug|Any CPU.ActiveCfg = Debug|Any CPU
		{0CDDD399-95AB-472E-99C1-853902FC03C3}.Debug|Any CPU.Build.0 = Debug|Any CPU
		{0CDDD399-95AB-472E-99C1-853902FC03C3}.Debug|Mixed Platforms.ActiveCfg = Debug|Any CPU
		{0CDDD399-95AB-472E-99C1-853902FC03C3}.Debug|Mixed Platforms.Build.0 = Debug|Any CPU
		{0CDDD399-95AB-472E-99C1-853902FC03C3}.Debug|Win32.ActiveCfg = Debug|Any CPU
		{0CDDD399-95AB-472E-99C1-853902FC03C3}.Release|Any CPU.ActiveCfg = Release|Any CPU
		{0CDDD399-95AB-472E-99C1-853902FC03C3}.Release|Any CPU.Build.0 = Release|Any CPU
		{0CDDD399-95AB-472E-99C1-853902FC03C3}.Release|Mixed Platforms.ActiveCfg = Release|Any CPU
		{0CDDD399-95AB-472E-99C1-853902FC03C3}.Release|Mixed Platforms.Build.0 = Release|Any CPU
		{0CDDD399-95AB-472E-99C1-853902FC03C3}.Release|Win32.ActiveCfg = Release|Any CPU
	EndGlobalSection
	GlobalSection(SolutionProperties) = preSolution
		HideSolutionNode = FALSE
	EndGlobalSection
	GlobalSection(DPCodeReviewSolutionGUID) = preSolution
		DPCodeReviewSolutionGUID = {C4811F53-E779-47F0-8C06-71551FBDB047}
	EndGlobalSection
EndGlobal
