Microsoft Visual Studio Solution File, Format Version 8.00
Project("{FAE04EC0-301F-11D3-BF4B-00C04F79EFBC}") = "NLog", "src\NLog\NLog.csproj", "{020354EE-5073-4BB5-9AA2-A7EADA8CAD09}"
	ProjectSection(ProjectDependencies) = postProject
	EndProjectSection
EndProject
Project("{FAE04EC0-301F-11D3-BF4B-00C04F79EFBC}") = "NLog.ComInterop", "src\NLog.ComInterop\NLog.ComInterop.csproj", "{B3F8E5FB-C9D4-4C12-841F-8009EB60DB3D}"
	ProjectSection(ProjectDependencies) = postProject
	EndProjectSection
EndProject
Project("{FAE04EC0-301F-11D3-BF4B-00C04F79EFBC}") = "NLog.Test", "src\NLog.Test\NLog.Test.csproj", "{5EC49108-97AE-40EA-B550-8960E4522718}"
	ProjectSection(ProjectDependencies) = postProject
	EndProjectSection
EndProject
Project("{FAE04EC0-301F-11D3-BF4B-00C04F79EFBC}") = "NLog.Win32", "src\NLog.Win32\NLog.Win32.csproj", "{9BC14989-8F2D-48BB-A613-B63BB08492F3}"
	ProjectSection(ProjectDependencies) = postProject
	EndProjectSection
EndProject
Project("{FAE04EC0-301F-11D3-BF4B-00C04F79EFBC}") = "NLog.Benchmark", "src\NLog.Benchmark\NLog.Benchmark.csproj", "{842A5DA9-BA2B-4934-8ED6-2E6495F7476D}"
	ProjectSection(ProjectDependencies) = postProject
	EndProjectSection
EndProject
Project("{FAE04EC0-301F-11D3-BF4B-00C04F79EFBC}") = "NLog.UnitTests", "src\NLog.UnitTests\NLog.UnitTests.csproj", "{1653EE05-2720-4A85-BF14-74C4493787B1}"
	ProjectSection(ProjectDependencies) = postProject
	EndProjectSection
EndProject
Global
	GlobalSection(SolutionConfiguration) = preSolution
		Debug = Debug
		Release = Release
	EndGlobalSection
	GlobalSection(ProjectConfiguration) = postSolution
		{020354EE-5073-4BB5-9AA2-A7EADA8CAD09}.Debug.ActiveCfg = Debug|.NET
		{020354EE-5073-4BB5-9AA2-A7EADA8CAD09}.Debug.Build.0 = Debug|.NET
		{020354EE-5073-4BB5-9AA2-A7EADA8CAD09}.Release.ActiveCfg = Release|.NET
		{020354EE-5073-4BB5-9AA2-A7EADA8CAD09}.Release.Build.0 = Release|.NET
		{B3F8E5FB-C9D4-4C12-841F-8009EB60DB3D}.Debug.ActiveCfg = Debug|.NET
		{B3F8E5FB-C9D4-4C12-841F-8009EB60DB3D}.Debug.Build.0 = Debug|.NET
		{B3F8E5FB-C9D4-4C12-841F-8009EB60DB3D}.Release.ActiveCfg = Release|.NET
		{B3F8E5FB-C9D4-4C12-841F-8009EB60DB3D}.Release.Build.0 = Release|.NET
		{5EC49108-97AE-40EA-B550-8960E4522718}.Debug.ActiveCfg = Debug|.NET
		{5EC49108-97AE-40EA-B550-8960E4522718}.Debug.Build.0 = Debug|.NET
		{5EC49108-97AE-40EA-B550-8960E4522718}.Release.ActiveCfg = Release|.NET
		{5EC49108-97AE-40EA-B550-8960E4522718}.Release.Build.0 = Release|.NET
		{9BC14989-8F2D-48BB-A613-B63BB08492F3}.Debug.ActiveCfg = Debug|.NET
		{9BC14989-8F2D-48BB-A613-B63BB08492F3}.Debug.Build.0 = Debug|.NET
		{9BC14989-8F2D-48BB-A613-B63BB08492F3}.Release.ActiveCfg = Release|.NET
		{9BC14989-8F2D-48BB-A613-B63BB08492F3}.Release.Build.0 = Release|.NET
		{842A5DA9-BA2B-4934-8ED6-2E6495F7476D}.Debug.ActiveCfg = Debug|.NET
		{842A5DA9-BA2B-4934-8ED6-2E6495F7476D}.Debug.Build.0 = Debug|.NET
		{842A5DA9-BA2B-4934-8ED6-2E6495F7476D}.Release.ActiveCfg = Release|.NET
		{842A5DA9-BA2B-4934-8ED6-2E6495F7476D}.Release.Build.0 = Release|.NET
		{1653EE05-2720-4A85-BF14-74C4493787B1}.Debug.ActiveCfg = Debug|.NET
		{1653EE05-2720-4A85-BF14-74C4493787B1}.Debug.Build.0 = Debug|.NET
		{1653EE05-2720-4A85-BF14-74C4493787B1}.Release.ActiveCfg = Release|.NET
		{1653EE05-2720-4A85-BF14-74C4493787B1}.Release.Build.0 = Release|.NET
	EndGlobalSection
	GlobalSection(SolutionItems) = postSolution
		NLog.build = NLog.build
	EndGlobalSection
	GlobalSection(ExtensibilityGlobals) = postSolution
	EndGlobalSection
	GlobalSection(ExtensibilityAddIns) = postSolution
	EndGlobalSection
	GlobalSection(DPCodeReviewSolutionGUID) = preSolution
		DPCodeReviewSolutionGUID = {C4811F53-E779-47F0-8C06-71551FBDB047}
	EndGlobalSection
EndGlobal
