
Microsoft Visual Studio Solution File, Format Version 12.00
# Visual Studio Version 17
VisualStudioVersion = 17.2.32516.85
MinimumVisualStudioVersion = 10.0.40219.1
Project("{FAE04EC0-301F-11D3-BF4B-00C04F79EFBC}") = "dll_to_doc", "dll_to_doc.csproj", "{AA900992-9A6B-44F4-B891-193531554B55}"
EndProject
Global
	GlobalSection(SolutionConfigurationPlatforms) = preSolution
		Debug|Any CPU = Debug|Any CPU
		Release|Any CPU = Release|Any CPU
	EndGlobalSection
	GlobalSection(ProjectConfigurationPlatforms) = postSolution
		{AA900992-9A6B-44F4-B891-193531554B55}.Debug|Any CPU.ActiveCfg = Debug|Any CPU
		{AA900992-9A6B-44F4-B891-193531554B55}.Debug|Any CPU.Build.0 = Debug|Any CPU
		{AA900992-9A6B-44F4-B891-193531554B55}.Release|Any CPU.ActiveCfg = Release|Any CPU
		{AA900992-9A6B-44F4-B891-193531554B55}.Release|Any CPU.Build.0 = Release|Any CPU
	EndGlobalSection
	GlobalSection(SolutionProperties) = preSolution
		HideSolutionNode = FALSE
	EndGlobalSection
	GlobalSection(ExtensibilityGlobals) = postSolution
		SolutionGuid = {BE772B9E-FBDC-4AE9-BCB6-0436B1042221}
	EndGlobalSection
EndGlobal
