
Microsoft Visual Studio Solution File, Format Version 9.00
# Visual Studio 2005
Project("{FAE04EC0-301F-11D3-BF4B-00C04F79EFBC}") = "ColoredConsole.Row Highlighting", "ColoredConsole.Row Highlighting.csproj", "{71F8BD46-2468-4BD6-AE5D-7C81E56CF437}"
EndProject
Global
	GlobalSection(SolutionConfigurationPlatforms) = preSolution
		Debug|Any CPU = Debug|Any CPU
		Release|Any CPU = Release|Any CPU
	EndGlobalSection
	GlobalSection(ProjectConfigurationPlatforms) = postSolution
		{71F8BD46-2468-4BD6-AE5D-7C81E56CF437}.Debug|Any CPU.ActiveCfg = Debug|Any CPU
		{71F8BD46-2468-4BD6-AE5D-7C81E56CF437}.Debug|Any CPU.Build.0 = Debug|Any CPU
		{71F8BD46-2468-4BD6-AE5D-7C81E56CF437}.Release|Any CPU.ActiveCfg = Release|Any CPU
		{71F8BD46-2468-4BD6-AE5D-7C81E56CF437}.Release|Any CPU.Build.0 = Release|Any CPU
	EndGlobalSection
	GlobalSection(SolutionProperties) = preSolution
		HideSolutionNode = FALSE
	EndGlobalSection
EndGlobal
