
Microsoft Visual Studio Solution File, Format Version 11.00
# Visual Studio 2010
Project("{FAE04EC0-301F-11D3-BF4B-00C04F79EFBC}") = "BuildDocPages", "BuildDocPages.csproj", "{5B8E9C8C-725B-492A-9553-493D6990990D}"
EndProject
Global
	GlobalSection(SolutionConfigurationPlatforms) = preSolution
		Debug|Any CPU = Debug|Any CPU
		Release|Any CPU = Release|Any CPU
	EndGlobalSection
	GlobalSection(ProjectConfigurationPlatforms) = postSolution
		{5B8E9C8C-725B-492A-9553-493D6990990D}.Debug|Any CPU.ActiveCfg = Debug|Any CPU
		{5B8E9C8C-725B-492A-9553-493D6990990D}.Debug|Any CPU.Build.0 = Debug|Any CPU
		{5B8E9C8C-725B-492A-9553-493D6990990D}.Release|Any CPU.ActiveCfg = Release|Any CPU
		{5B8E9C8C-725B-492A-9553-493D6990990D}.Release|Any CPU.Build.0 = Release|Any CPU
	EndGlobalSection
	GlobalSection(SolutionProperties) = preSolution
		HideSolutionNode = FALSE
	EndGlobalSection
EndGlobal
