
Microsoft Visual Studio Solution File, Format Version 10.00
# Visual Studio 2008
Project("{FAE04EC0-301F-11D3-BF4B-00C04F79EFBC}") = "DeployNetCF", "DeployNetCF\DeployNetCF.csproj", "{08B5F898-5B98-4712-B2F7-0D77ACB694B6}"
EndProject
Global
	GlobalSection(SolutionConfigurationPlatforms) = preSolution
		Debug|Any CPU = Debug|Any CPU
		Release|Any CPU = Release|Any CPU
	EndGlobalSection
	GlobalSection(ProjectConfigurationPlatforms) = postSolution
		{08B5F898-5B98-4712-B2F7-0D77ACB694B6}.Debug|Any CPU.ActiveCfg = Debug|Any CPU
		{08B5F898-5B98-4712-B2F7-0D77ACB694B6}.Debug|Any CPU.Build.0 = Debug|Any CPU
		{08B5F898-5B98-4712-B2F7-0D77ACB694B6}.Release|Any CPU.ActiveCfg = Release|Any CPU
		{08B5F898-5B98-4712-B2F7-0D77ACB694B6}.Release|Any CPU.Build.0 = Release|Any CPU
	EndGlobalSection
	GlobalSection(SolutionProperties) = preSolution
		HideSolutionNode = FALSE
	EndGlobalSection
EndGlobal
