
Microsoft Visual Studio Solution File, Format Version 9.00
# Visual Studio 2005
Project("{FAE04EC0-301F-11D3-BF4B-00C04F79EFBC}") = "MethodCall", "MethodCall.csproj", "{8D851E55-9D32-4C20-A9CE-C1A35175D06E}"
EndProject
Global
	GlobalSection(SolutionConfigurationPlatforms) = preSolution
		Debug|Any CPU = Debug|Any CPU
		Release|Any CPU = Release|Any CPU
	EndGlobalSection
	GlobalSection(ProjectConfigurationPlatforms) = postSolution
		{8D851E55-9D32-4C20-A9CE-C1A35175D06E}.Debug|Any CPU.ActiveCfg = Debug|Any CPU
		{8D851E55-9D32-4C20-A9CE-C1A35175D06E}.Debug|Any CPU.Build.0 = Debug|Any CPU
		{8D851E55-9D32-4C20-A9CE-C1A35175D06E}.Release|Any CPU.ActiveCfg = Release|Any CPU
		{8D851E55-9D32-4C20-A9CE-C1A35175D06E}.Release|Any CPU.Build.0 = Release|Any CPU
	EndGlobalSection
	GlobalSection(SolutionProperties) = preSolution
		HideSolutionNode = FALSE
	EndGlobalSection
EndGlobal
