Microsoft Visual Studio Solution File, Format Version 8.00
Project("{FAE04EC0-301F-11D3-BF4B-00C04F79EFBC}") = "NLog.Test.vs2003", "NLog.Test\NLog.Test.vs2003.csproj", "{5EC49108-97AE-40EA-B550-8960E4522718}"
	ProjectSection(ProjectDependencies) = postProject
	EndProjectSection
EndProject
Project("{FAE04EC0-301F-11D3-BF4B-00C04F79EFBC}") = "NLog.vs2003", "..\src\NLog\NLog.vs2003.csproj", "{020354EE-5073-4BB5-9AA2-A7EADA8CAD09}"
	ProjectSection(ProjectDependencies) = postProject
	EndProjectSection
EndProject
Project("{FAE04EC0-301F-11D3-BF4B-00C04F79EFBC}") = "NLog.AsyncBenchmark.vs2003", "NLog.AsyncBenchmark\NLog.AsyncBenchmark.vs2003.csproj", "{F666E83B-3806-4F90-A577-809AA8EEED0E}"
	ProjectSection(ProjectDependencies) = postProject
	EndProjectSection
EndProject
Project("{FAE04EC0-301F-11D3-BF4B-00C04F79EFBC}") = "NLog.UnitTests.vs2003", "NLog.UnitTests\NLog.UnitTests.vs2003.csproj", "{1653EE05-2720-4A85-BF14-74C4493787B1}"
	ProjectSection(ProjectDependencies) = postProject
	EndProjectSection
EndProject
Project("{FAE04EC0-301F-11D3-BF4B-00C04F79EFBC}") = "NLog.Benchmark.vs2003", "NLog.Benchmark\NLog.Benchmark.vs2003.csproj", "{842A5DA9-BA2B-4934-8ED6-2E6495F7476D}"
	ProjectSection(ProjectDependencies) = postProject
	EndProjectSection
EndProject
Global
	GlobalSection(SolutionConfiguration) = preSolution
		Debug = Debug
		Release = Release
	EndGlobalSection
	GlobalSection(ProjectConfiguration) = postSolution
		{5EC49108-97AE-40EA-B550-8960E4522718}.Debug.ActiveCfg = Debug|.NET
		{5EC49108-97AE-40EA-B550-8960E4522718}.Debug.Build.0 = Debug|.NET
		{5EC49108-97AE-40EA-B550-8960E4522718}.Release.ActiveCfg = Release|.NET
		{5EC49108-97AE-40EA-B550-8960E4522718}.Release.Build.0 = Release|.NET
		{020354EE-5073-4BB5-9AA2-A7EADA8CAD09}.Debug.ActiveCfg = Debug|.NET
		{020354EE-5073-4BB5-9AA2-A7EADA8CAD09}.Debug.Build.0 = Debug|.NET
		{020354EE-5073-4BB5-9AA2-A7EADA8CAD09}.Release.ActiveCfg = Release|.NET
		{020354EE-5073-4BB5-9AA2-A7EADA8CAD09}.Release.Build.0 = Release|.NET
		{F666E83B-3806-4F90-A577-809AA8EEED0E}.Debug.ActiveCfg = Debug|.NET
		{F666E83B-3806-4F90-A577-809AA8EEED0E}.Debug.Build.0 = Debug|.NET
		{F666E83B-3806-4F90-A577-809AA8EEED0E}.Release.ActiveCfg = Release|.NET
		{F666E83B-3806-4F90-A577-809AA8EEED0E}.Release.Build.0 = Release|.NET
		{1653EE05-2720-4A85-BF14-74C4493787B1}.Debug.ActiveCfg = Debug|.NET
		{1653EE05-2720-4A85-BF14-74C4493787B1}.Debug.Build.0 = Debug|.NET
		{1653EE05-2720-4A85-BF14-74C4493787B1}.Release.ActiveCfg = Release|.NET
		{1653EE05-2720-4A85-BF14-74C4493787B1}.Release.Build.0 = Release|.NET
		{842A5DA9-BA2B-4934-8ED6-2E6495F7476D}.Debug.ActiveCfg = Debug|.NET
		{842A5DA9-BA2B-4934-8ED6-2E6495F7476D}.Debug.Build.0 = Debug|.NET
		{842A5DA9-BA2B-4934-8ED6-2E6495F7476D}.Release.ActiveCfg = Release|.NET
		{842A5DA9-BA2B-4934-8ED6-2E6495F7476D}.Release.Build.0 = Release|.NET
	EndGlobalSection
	GlobalSection(ExtensibilityGlobals) = postSolution
	EndGlobalSection
	GlobalSection(ExtensibilityAddIns) = postSolution
	EndGlobalSection
EndGlobal
