
Microsoft Visual Studio Solution File, Format Version 11.00
# Visual Studio 2010
Project("{FAE04EC0-301F-11D3-BF4B-00C04F79EFBC}") = "SilverlightConsoleRunner", "SilverlightConsoleRunner.csproj", "{9F781FD8-1E0F-4248-BDB1-F07DB925E69C}"
EndProject
Global
	GlobalSection(SolutionConfigurationPlatforms) = preSolution
		Debug|Any CPU = Debug|Any CPU
		Release|Any CPU = Release|Any CPU
	EndGlobalSection
	GlobalSection(ProjectConfigurationPlatforms) = postSolution
		{9F781FD8-1E0F-4248-BDB1-F07DB925E69C}.Debug|Any CPU.ActiveCfg = Debug|Any CPU
		{9F781FD8-1E0F-4248-BDB1-F07DB925E69C}.Debug|Any CPU.Build.0 = Debug|Any CPU
		{9F781FD8-1E0F-4248-BDB1-F07DB925E69C}.Release|Any CPU.ActiveCfg = Release|Any CPU
		{9F781FD8-1E0F-4248-BDB1-F07DB925E69C}.Release|Any CPU.Build.0 = Release|Any CPU
	EndGlobalSection
	GlobalSection(SolutionProperties) = preSolution
		HideSolutionNode = FALSE
	EndGlobalSection
EndGlobal
