
Microsoft Visual Studio Solution File, Format Version 9.00
# Visual Studio 2005
Project("{FAE04EC0-301F-11D3-BF4B-00C04F79EFBC}") = "WebService", "WebService.csproj", "{70F18C83-2063-4D7F-96A9-4B1DA6752C95}"
EndProject
Project("{FAE04EC0-301F-11D3-BF4B-00C04F79EFBC}") = "WebService1", "WebService1\WebService1.csproj", "{7E750696-C0EC-4B2C-B870-331A54F25CA4}"
EndProject
Global
	GlobalSection(SolutionConfigurationPlatforms) = preSolution
		Debug|Any CPU = Debug|Any CPU
		Release|Any CPU = Release|Any CPU
	EndGlobalSection
	GlobalSection(ProjectConfigurationPlatforms) = postSolution
		{70F18C83-2063-4D7F-96A9-4B1DA6752C95}.Debug|Any CPU.ActiveCfg = Debug|Any CPU
		{70F18C83-2063-4D7F-96A9-4B1DA6752C95}.Debug|Any CPU.Build.0 = Debug|Any CPU
		{70F18C83-2063-4D7F-96A9-4B1DA6752C95}.Release|Any CPU.ActiveCfg = Release|Any CPU
		{70F18C83-2063-4D7F-96A9-4B1DA6752C95}.Release|Any CPU.Build.0 = Release|Any CPU
		{7E750696-C0EC-4B2C-B870-331A54F25CA4}.Debug|Any CPU.ActiveCfg = Debug|Any CPU
		{7E750696-C0EC-4B2C-B870-331A54F25CA4}.Debug|Any CPU.Build.0 = Debug|Any CPU
		{7E750696-C0EC-4B2C-B870-331A54F25CA4}.Release|Any CPU.ActiveCfg = Release|Any CPU
		{7E750696-C0EC-4B2C-B870-331A54F25CA4}.Release|Any CPU.Build.0 = Release|Any CPU
	EndGlobalSection
	GlobalSection(SolutionProperties) = preSolution
		HideSolutionNode = FALSE
	EndGlobalSection
EndGlobal
