
Microsoft Visual Studio Solution File, Format Version 9.00
# Visual Studio 2005
Project("{FAE04EC0-301F-11D3-BF4B-00C04F79EFBC}") = "PerfCounter", "PerfCounter.csproj", "{4C16C5D0-BB26-4639-8A2A-AEFCE8D3E5D6}"
EndProject
Global
	GlobalSection(SolutionConfigurationPlatforms) = preSolution
		Debug|Any CPU = Debug|Any CPU
		Release|Any CPU = Release|Any CPU
	EndGlobalSection
	GlobalSection(ProjectConfigurationPlatforms) = postSolution
		{4C16C5D0-BB26-4639-8A2A-AEFCE8D3E5D6}.Debug|Any CPU.ActiveCfg = Debug|Any CPU
		{4C16C5D0-BB26-4639-8A2A-AEFCE8D3E5D6}.Debug|Any CPU.Build.0 = Debug|Any CPU
		{4C16C5D0-BB26-4639-8A2A-AEFCE8D3E5D6}.Release|Any CPU.ActiveCfg = Release|Any CPU
		{4C16C5D0-BB26-4639-8A2A-AEFCE8D3E5D6}.Release|Any CPU.Build.0 = Release|Any CPU
	EndGlobalSection
	GlobalSection(SolutionProperties) = preSolution
		HideSolutionNode = FALSE
	EndGlobalSection
EndGlobal
