
Microsoft Visual Studio Solution File, Format Version 11.00
# Visual Studio 2010
Project("{FAE04EC0-301F-11D3-BF4B-00C04F79EFBC}") = "NLog.wp71", "NLog\NLog.wp71.csproj", "{8A0E38D3-6E7E-45B0-A360-218F7E98743D}"
EndProject
Project("{FAE04EC0-301F-11D3-BF4B-00C04F79EFBC}") = "NLog.UnitTests.wp71", "..\tests\NLog.UnitTests\NLog.UnitTests.wp71.csproj", "{810F23D3-6E7E-45B0-A360-218F7E98743D}"
EndProject
Project("{FAE04EC0-301F-11D3-BF4B-00C04F79EFBC}") = "SampleExtensions.wp71", "..\tests\SampleExtensions\SampleExtensions.wp71.csproj", "{8A0E38D3-1512-45B0-A360-218F7E98743D}"
EndProject
Global
	GlobalSection(SolutionConfigurationPlatforms) = preSolution
		Debug|Any CPU = Debug|Any CPU
		Release|Any CPU = Release|Any CPU
	EndGlobalSection
	GlobalSection(ProjectConfigurationPlatforms) = postSolution
		{8A0E38D3-6E7E-45B0-A360-218F7E98743D}.Debug|Any CPU.ActiveCfg = Debug|Any CPU
		{8A0E38D3-6E7E-45B0-A360-218F7E98743D}.Debug|Any CPU.Build.0 = Debug|Any CPU
		{8A0E38D3-6E7E-45B0-A360-218F7E98743D}.Release|Any CPU.ActiveCfg = Release|Any CPU
		{8A0E38D3-6E7E-45B0-A360-218F7E98743D}.Release|Any CPU.Build.0 = Release|Any CPU
		{810F23D3-6E7E-45B0-A360-218F7E98743D}.Debug|Any CPU.ActiveCfg = Debug|Any CPU
		{810F23D3-6E7E-45B0-A360-218F7E98743D}.Debug|Any CPU.Build.0 = Debug|Any CPU
		{810F23D3-6E7E-45B0-A360-218F7E98743D}.Debug|Any CPU.Deploy.0 = Debug|Any CPU
		{810F23D3-6E7E-45B0-A360-218F7E98743D}.Release|Any CPU.ActiveCfg = Release|Any CPU
		{810F23D3-6E7E-45B0-A360-218F7E98743D}.Release|Any CPU.Build.0 = Release|Any CPU
		{8A0E38D3-1512-45B0-A360-218F7E98743D}.Debug|Any CPU.ActiveCfg = Debug|Any CPU
		{8A0E38D3-1512-45B0-A360-218F7E98743D}.Debug|Any CPU.Build.0 = Debug|Any CPU
		{8A0E38D3-1512-45B0-A360-218F7E98743D}.Release|Any CPU.ActiveCfg = Release|Any CPU
		{8A0E38D3-1512-45B0-A360-218F7E98743D}.Release|Any CPU.Build.0 = Release|Any CPU
	EndGlobalSection
	GlobalSection(SolutionProperties) = preSolution
		HideSolutionNode = FALSE
	EndGlobalSection
EndGlobal
