Microsoft Visual Studio Solution File, Format Version 11.00
# Visual Studio 2010
Project("{2150E333-8FDC-42A3-9474-1A3956D46DE8}") = "Solution Items", "Solution Items", "{7638C35C-A8AC-437C-94FD-9DABD9D5839C}"
	ProjectSection(SolutionItems) = preProject
		LocalTestRun.testrunconfig = LocalTestRun.testrunconfig
		NLog.Silverlight.vsmdi = NLog.Silverlight.vsmdi
	EndProjectSection
EndProject
Project("{FAE04EC0-301F-11D3-BF4B-00C04F79EFBC}") = "SilverlightConsoleRunner", "..\tests\SilverlightConsoleRunner\SilverlightConsoleRunner.csproj", "{9F781FD8-1E0F-4248-BDB1-F07DB925E69C}"
EndProject
Project("{FAE04EC0-301F-11D3-BF4B-00C04F79EFBC}") = "NLog.netfx40", "NLog\NLog.netfx40.csproj", "{A0BFF0DB-ED9A-4639-AE86-8E709A1EFC66}"
EndProject
Project("{FAE04EC0-301F-11D3-BF4B-00C04F79EFBC}") = "NLog.netfx40client", "NLog\NLog.netfx40client.csproj", "{7D5159DF-A3D2-47A1-9A21-20A6B725077C}"
EndProject
Project("{FAE04EC0-301F-11D3-BF4B-00C04F79EFBC}") = "NLog.UnitTests.netfx40", "..\tests\NLog.UnitTests\NLog.UnitTests.netfx40.csproj", "{FE067913-E9A8-41F0-89FA-C1126F8FB6A8}"
EndProject
Project("{FAE04EC0-301F-11D3-BF4B-00C04F79EFBC}") = "NLog.UnitTests.netfx40client", "..\tests\NLog.UnitTests\NLog.UnitTests.netfx40client.csproj", "{77C4FF4D-744B-4490-98E1-3686CE629442}"
EndProject
Global
	GlobalSection(SolutionConfigurationPlatforms) = preSolution
		Debug|Any CPU = Debug|Any CPU
		Release|Any CPU = Release|Any CPU
	EndGlobalSection
	GlobalSection(ProjectConfigurationPlatforms) = postSolution
		{9F781FD8-1E0F-4248-BDB1-F07DB925E69C}.Debug|Any CPU.ActiveCfg = Debug|Any CPU
		{9F781FD8-1E0F-4248-BDB1-F07DB925E69C}.Debug|Any CPU.Build.0 = Debug|Any CPU
		{9F781FD8-1E0F-4248-BDB1-F07DB925E69C}.Release|Any CPU.ActiveCfg = Release|Any CPU
		{9F781FD8-1E0F-4248-BDB1-F07DB925E69C}.Release|Any CPU.Build.0 = Release|Any CPU
		{A0BFF0DB-ED9A-4639-AE86-8E709A1EFC66}.Debug|Any CPU.ActiveCfg = Debug|Any CPU
		{A0BFF0DB-ED9A-4639-AE86-8E709A1EFC66}.Debug|Any CPU.Build.0 = Debug|Any CPU
		{A0BFF0DB-ED9A-4639-AE86-8E709A1EFC66}.Release|Any CPU.ActiveCfg = Release|Any CPU
		{A0BFF0DB-ED9A-4639-AE86-8E709A1EFC66}.Release|Any CPU.Build.0 = Release|Any CPU
		{7D5159DF-A3D2-47A1-9A21-20A6B725077C}.Debug|Any CPU.ActiveCfg = Debug|Any CPU
		{7D5159DF-A3D2-47A1-9A21-20A6B725077C}.Debug|Any CPU.Build.0 = Debug|Any CPU
		{7D5159DF-A3D2-47A1-9A21-20A6B725077C}.Release|Any CPU.ActiveCfg = Release|Any CPU
		{7D5159DF-A3D2-47A1-9A21-20A6B725077C}.Release|Any CPU.Build.0 = Release|Any CPU
		{FE067913-E9A8-41F0-89FA-C1126F8FB6A8}.Debug|Any CPU.ActiveCfg = Debug|Any CPU
		{FE067913-E9A8-41F0-89FA-C1126F8FB6A8}.Debug|Any CPU.Build.0 = Debug|Any CPU
		{FE067913-E9A8-41F0-89FA-C1126F8FB6A8}.Release|Any CPU.ActiveCfg = Release|Any CPU
		{FE067913-E9A8-41F0-89FA-C1126F8FB6A8}.Release|Any CPU.Build.0 = Release|Any CPU
		{77C4FF4D-744B-4490-98E1-3686CE629442}.Debug|Any CPU.ActiveCfg = Debug|Any CPU
		{77C4FF4D-744B-4490-98E1-3686CE629442}.Debug|Any CPU.Build.0 = Debug|Any CPU
		{77C4FF4D-744B-4490-98E1-3686CE629442}.Release|Any CPU.ActiveCfg = Release|Any CPU
		{77C4FF4D-744B-4490-98E1-3686CE629442}.Release|Any CPU.Build.0 = Release|Any CPU
	EndGlobalSection
	GlobalSection(SolutionProperties) = preSolution
		HideSolutionNode = FALSE
	EndGlobalSection
	GlobalSection(SubversionScc) = preSolution
		Svn-Managed = True
		Manager = AnkhSVN - Subversion Support for Visual Studio
	EndGlobalSection
	GlobalSection(DPCodeReviewSolutionGUID) = preSolution
		DPCodeReviewSolutionGUID = {C4811F53-E779-47F0-8C06-71551FBDB047}
	EndGlobalSection
EndGlobal
