
Microsoft Visual Studio Solution File, Format Version 12.00
# Visual Studio Version 17
VisualStudioVersion = 17.14.36301.6 d17.14
MinimumVisualStudioVersion = 10.0.40219.1
Project("{9A19103F-16F7-4668-BE54-9A1E7A4F7556}") = "NLog", "NLog\NLog.csproj", "{A0BFF0DB-ED9A-4639-AE86-8E709A1EFC66}"
EndProject
Project("{9A19103F-16F7-4668-BE54-9A1E7A4F7556}") = "NLog.UnitTests", "..\tests\NLog.UnitTests\NLog.UnitTests.csproj", "{0218D315-383E-4B09-BE73-FB62320FCA4C}"
EndProject
Project("{9A19103F-16F7-4668-BE54-9A1E7A4F7556}") = "SampleExtensions", "..\tests\SampleExtensions\SampleExtensions.csproj", "{94F21E64-A259-4D79-AFCA-08974DF51701}"
EndProject
Project("{9A19103F-16F7-4668-BE54-9A1E7A4F7556}") = "NLogAutoLoadExtension", "..\tests\NLogAutoLoadExtension\NLogAutoLoadExtension.csproj", "{B1DA63B3-1EB0-41B3-BFDA-9D7409481E27}"
EndProject
Project("{9A19103F-16F7-4668-BE54-9A1E7A4F7556}") = "NLog.WindowsEventLog", "NLog.WindowsEventLog\NLog.WindowsEventLog.csproj", "{99BCE294-CA56-41BD-AEBF-61795F5650AB}"
EndProject
Project("{2150E333-8FDC-42A3-9474-1A3956D46DE8}") = "TestAssets", "TestAssets", "{8CCD7CF7-F30B-414A-B7FE-1B49411E4EFD}"
EndProject
Project("{2150E333-8FDC-42A3-9474-1A3956D46DE8}") = "Packages", "Packages", "{194AB4BD-C817-4C59-A86C-49D89B8C3A64}"
EndProject
Project("{9A19103F-16F7-4668-BE54-9A1E7A4F7556}") = "ManuallyLoadedExtension", "..\tests\ManuallyLoadedExtension\ManuallyLoadedExtension.csproj", "{B9714BBB-A9F6-429B-ACC1-961C16643057}"
EndProject
Project("{2150E333-8FDC-42A3-9474-1A3956D46DE8}") = "Solution Items", "Solution Items", "{0C18FFD9-FD83-4F04-B4B5-91745D2D125E}"
	ProjectSection(SolutionItems) = preProject
		..\.coderabbit.yaml = ..\.coderabbit.yaml
		..\.editorconfig = ..\.editorconfig
		..\.gitattributes = ..\.gitattributes
		..\.gitignore = ..\.gitignore
		..\appveyor.yml = ..\appveyor.yml
		..\build.ps1 = ..\build.ps1
		..\CHANGELOG.md = ..\CHANGELOG.md
		..\CONTRIBUTING.md = ..\CONTRIBUTING.md
		..\.github\dependabot.yml = ..\.github\dependabot.yml
		NLog.proj = NLog.proj
		..\README.md = ..\README.md
		..\run-tests.ps1 = ..\run-tests.ps1
		..\SECURITY.md = ..\SECURITY.md
		..\Test-XmlFile.ps1 = ..\Test-XmlFile.ps1
	EndProjectSection
EndProject
Project("{9A19103F-16F7-4668-BE54-9A1E7A4F7556}") = "NLog.WindowsRegistry", "NLog.WindowsRegistry\NLog.WindowsRegistry.csproj", "{BFE365AA-A01F-4E8B-B540-3F8DF0466CE6}"
EndProject
Project("{9A19103F-16F7-4668-BE54-9A1E7A4F7556}") = "NLog.WindowsRegistry.Tests", "..\tests\NLog.WindowsRegistry.Tests\NLog.WindowsRegistry.Tests.csproj", "{1648106F-CD67-4009-878B-96B5D2369B6C}"
EndProject
Project("{9A19103F-16F7-4668-BE54-9A1E7A4F7556}") = "NLog.OutputDebugString", "NLog.OutputDebugString\NLog.OutputDebugString.csproj", "{FDABA8A6-80EE-4FBA-A5AA-2EB972DC4F17}"
EndProject
Project("{9A19103F-16F7-4668-BE54-9A1E7A4F7556}") = "NLog.Database", "NLog.Database\NLog.Database.csproj", "{7D3A19CB-9BE0-4611-8464-6C49D4FE0106}"
EndProject
Project("{9A19103F-16F7-4668-BE54-9A1E7A4F7556}") = "NLog.Database.Tests", "..\tests\NLog.Database.Tests\NLog.Database.Tests.csproj", "{35EB0745-C37C-4E42-86C5-481A7D773E2E}"
EndProject
Project("{9A19103F-16F7-4668-BE54-9A1E7A4F7556}") = "TestTrimPublish", "..\tests\TestTrimPublish\TestTrimPublish.csproj", "{058FBDB2-4C9C-45F6-BE9E-088AD019C77A}"
EndProject
Project("{9A19103F-16F7-4668-BE54-9A1E7A4F7556}") = "NLog.Targets.Mail", "NLog.Targets.Mail\NLog.Targets.Mail.csproj", "{B47B6417-6987-4D42-9C8C-4659C8F56806}"
EndProject
Project("{9A19103F-16F7-4668-BE54-9A1E7A4F7556}") = "NLog.Targets.Mail.Tests", "..\tests\NLog.Targets.Mail.Tests\NLog.Targets.Mail.Tests.csproj", "{F26A0E10-7DED-4AD9-BB59-147E4EB70924}"
EndProject
Project("{9A19103F-16F7-4668-BE54-9A1E7A4F7556}") = "NLog.Targets.WebService", "NLog.Targets.WebService\NLog.Targets.WebService.csproj", "{F5F88648-5D6C-4A18-B98E-FCEEA4D704CE}"
EndProject
Project("{9A19103F-16F7-4668-BE54-9A1E7A4F7556}") = "NLog.Targets.WebService.Tests", "..\tests\NLog.Targets.WebService.Tests\NLog.Targets.WebService.Tests.csproj", "{D6FB13E7-92A7-4F4F-A09A-37EB04767A82}"
EndProject
Project("{9A19103F-16F7-4668-BE54-9A1E7A4F7556}") = "NLog.Targets.Network", "NLog.Targets.Network\NLog.Targets.Network.csproj", "{B048DD1F-4A24-453B-9C3D-F08280AE3FF3}"
EndProject
Project("{9A19103F-16F7-4668-BE54-9A1E7A4F7556}") = "NLog.Targets.Network.Tests", "..\tests\NLog.Targets.Network.Tests\NLog.Targets.Network.Tests.csproj", "{38828090-4953-4EF5-929C-8063FD4BCCC9}"
EndProject
Project("{9A19103F-16F7-4668-BE54-9A1E7A4F7556}") = "NLog.RegEx", "NLog.RegEx\NLog.RegEx.csproj", "{A87BFA04-DBFD-44F4-8223-A02AC0E85C7F}"
EndProject
Project("{9A19103F-16F7-4668-BE54-9A1E7A4F7556}") = "NLog.RegEx.Tests", "..\tests\NLog.RegEx.Tests\NLog.RegEx.Tests.csproj", "{7C77DA2A-DF9A-4F4C-91BF-A593B31D7619}"
EndProject
Project("{9A19103F-16F7-4668-BE54-9A1E7A4F7556}") = "NLog.Targets.ConcurrentFile", "NLog.Targets.ConcurrentFile\NLog.Targets.ConcurrentFile.csproj", "{C54C900A-2FAC-4482-BFFB-D4A9F6AB3619}"
EndProject
Project("{9A19103F-16F7-4668-BE54-9A1E7A4F7556}") = "NLog.Targets.ConcurrentFile.Tests", "..\tests\NLog.Targets.ConcurrentFile.Tests\NLog.Targets.ConcurrentFile.Tests.csproj", "{A869B720-AB81-4AA9-94B4-12C5CF490FFE}"
EndProject
Project("{FAE04EC0-301F-11D3-BF4B-00C04F79EFBC}") = "NLog.Targets.Trace", "NLog.Targets.Trace\NLog.Targets.Trace.csproj", "{68CE5BB3-DF9D-4774-9B66-6F7378BC04F5}"
EndProject
Project("{FAE04EC0-301F-11D3-BF4B-00C04F79EFBC}") = "NLog.Targets.Trace.Tests", "..\tests\NLog.Targets.Trace.Tests\NLog.Targets.Trace.Tests.csproj", "{877F835E-4D1E-45D8-95AD-AC2F0E3764C7}"
EndProject
Project("{FAE04EC0-301F-11D3-BF4B-00C04F79EFBC}") = "NLog.Targets.AtomicFile", "NLog.Targets.AtomicFile\NLog.Targets.AtomicFile.csproj", "{C767E563-82AB-4545-8904-B31E4CF86C2E}"
EndProject
Project("{FAE04EC0-301F-11D3-BF4B-00C04F79EFBC}") = "NLog.Targets.AtomicFile.Tests", "..\tests\NLog.Targets.AtomicFile.Tests\NLog.Targets.AtomicFile.Tests.csproj", "{2365D168-476A-4239-9086-71DC8F5A2B75}"
EndProject
Project("{FAE04EC0-301F-11D3-BF4B-00C04F79EFBC}") = "NLog.Targets.GZipFile", "NLog.Targets.GZipFile\NLog.Targets.GZipFile.csproj", "{D21F3DA2-B45C-4CBC-A392-03ACA2021CC1}"
EndProject
Project("{FAE04EC0-301F-11D3-BF4B-00C04F79EFBC}") = "NLog.Targets.GZipFile.Tests", "..\tests\NLog.Targets.GZipFile.Tests\NLog.Targets.GZipFile.Tests.csproj", "{DED8D8EC-B0E6-4F2C-9BB8-744FA34230B5}"
EndProject
Project("{FAE04EC0-301F-11D3-BF4B-00C04F79EFBC}") = "NLog.Benchmarks", "..\tests\NLog.Benchmarks\NLog.Benchmarks.csproj", "{70F5CF8F-9BE9-2FAD-951E-6094A138CEED}"
EndProject
Global
	GlobalSection(SolutionConfigurationPlatforms) = preSolution
		Debug|Any CPU = Debug|Any CPU
		Release|Any CPU = Release|Any CPU
	EndGlobalSection
	GlobalSection(ProjectConfigurationPlatforms) = postSolution
		{A0BFF0DB-ED9A-4639-AE86-8E709A1EFC66}.Debug|Any CPU.ActiveCfg = Debug|Any CPU
		{A0BFF0DB-ED9A-4639-AE86-8E709A1EFC66}.Debug|Any CPU.Build.0 = Debug|Any CPU
		{A0BFF0DB-ED9A-4639-AE86-8E709A1EFC66}.Release|Any CPU.ActiveCfg = Release|Any CPU
		{A0BFF0DB-ED9A-4639-AE86-8E709A1EFC66}.Release|Any CPU.Build.0 = Release|Any CPU
		{0218D315-383E-4B09-BE73-FB62320FCA4C}.Debug|Any CPU.ActiveCfg = Debug|Any CPU
		{0218D315-383E-4B09-BE73-FB62320FCA4C}.Debug|Any CPU.Build.0 = Debug|Any CPU
		{0218D315-383E-4B09-BE73-FB62320FCA4C}.Release|Any CPU.ActiveCfg = Release|Any CPU
		{0218D315-383E-4B09-BE73-FB62320FCA4C}.Release|Any CPU.Build.0 = Release|Any CPU
		{94F21E64-A259-4D79-AFCA-08974DF51701}.Debug|Any CPU.ActiveCfg = Debug|Any CPU
		{94F21E64-A259-4D79-AFCA-08974DF51701}.Debug|Any CPU.Build.0 = Debug|Any CPU
		{94F21E64-A259-4D79-AFCA-08974DF51701}.Release|Any CPU.ActiveCfg = Release|Any CPU
		{94F21E64-A259-4D79-AFCA-08974DF51701}.Release|Any CPU.Build.0 = Release|Any CPU
		{B1DA63B3-1EB0-41B3-BFDA-9D7409481E27}.Debug|Any CPU.ActiveCfg = Debug|Any CPU
		{B1DA63B3-1EB0-41B3-BFDA-9D7409481E27}.Debug|Any CPU.Build.0 = Debug|Any CPU
		{B1DA63B3-1EB0-41B3-BFDA-9D7409481E27}.Release|Any CPU.ActiveCfg = Release|Any CPU
		{B1DA63B3-1EB0-41B3-BFDA-9D7409481E27}.Release|Any CPU.Build.0 = Release|Any CPU
		{99BCE294-CA56-41BD-AEBF-61795F5650AB}.Debug|Any CPU.ActiveCfg = Debug|Any CPU
		{99BCE294-CA56-41BD-AEBF-61795F5650AB}.Debug|Any CPU.Build.0 = Debug|Any CPU
		{99BCE294-CA56-41BD-AEBF-61795F5650AB}.Release|Any CPU.ActiveCfg = Release|Any CPU
		{99BCE294-CA56-41BD-AEBF-61795F5650AB}.Release|Any CPU.Build.0 = Release|Any CPU
		{B9714BBB-A9F6-429B-ACC1-961C16643057}.Debug|Any CPU.ActiveCfg = Debug|Any CPU
		{B9714BBB-A9F6-429B-ACC1-961C16643057}.Debug|Any CPU.Build.0 = Debug|Any CPU
		{B9714BBB-A9F6-429B-ACC1-961C16643057}.Release|Any CPU.ActiveCfg = Release|Any CPU
		{B9714BBB-A9F6-429B-ACC1-961C16643057}.Release|Any CPU.Build.0 = Release|Any CPU
		{BFE365AA-A01F-4E8B-B540-3F8DF0466CE6}.Debug|Any CPU.ActiveCfg = Debug|Any CPU
		{BFE365AA-A01F-4E8B-B540-3F8DF0466CE6}.Debug|Any CPU.Build.0 = Debug|Any CPU
		{BFE365AA-A01F-4E8B-B540-3F8DF0466CE6}.Release|Any CPU.ActiveCfg = Release|Any CPU
		{BFE365AA-A01F-4E8B-B540-3F8DF0466CE6}.Release|Any CPU.Build.0 = Release|Any CPU
		{1648106F-CD67-4009-878B-96B5D2369B6C}.Debug|Any CPU.ActiveCfg = Debug|Any CPU
		{1648106F-CD67-4009-878B-96B5D2369B6C}.Debug|Any CPU.Build.0 = Debug|Any CPU
		{1648106F-CD67-4009-878B-96B5D2369B6C}.Release|Any CPU.ActiveCfg = Release|Any CPU
		{1648106F-CD67-4009-878B-96B5D2369B6C}.Release|Any CPU.Build.0 = Release|Any CPU
		{FDABA8A6-80EE-4FBA-A5AA-2EB972DC4F17}.Debug|Any CPU.ActiveCfg = Debug|Any CPU
		{FDABA8A6-80EE-4FBA-A5AA-2EB972DC4F17}.Debug|Any CPU.Build.0 = Debug|Any CPU
		{FDABA8A6-80EE-4FBA-A5AA-2EB972DC4F17}.Release|Any CPU.ActiveCfg = Release|Any CPU
		{FDABA8A6-80EE-4FBA-A5AA-2EB972DC4F17}.Release|Any CPU.Build.0 = Release|Any CPU
		{7D3A19CB-9BE0-4611-8464-6C49D4FE0106}.Debug|Any CPU.ActiveCfg = Debug|Any CPU
		{7D3A19CB-9BE0-4611-8464-6C49D4FE0106}.Debug|Any CPU.Build.0 = Debug|Any CPU
		{7D3A19CB-9BE0-4611-8464-6C49D4FE0106}.Release|Any CPU.ActiveCfg = Release|Any CPU
		{7D3A19CB-9BE0-4611-8464-6C49D4FE0106}.Release|Any CPU.Build.0 = Release|Any CPU
		{35EB0745-C37C-4E42-86C5-481A7D773E2E}.Debug|Any CPU.ActiveCfg = Debug|Any CPU
		{35EB0745-C37C-4E42-86C5-481A7D773E2E}.Debug|Any CPU.Build.0 = Debug|Any CPU
		{35EB0745-C37C-4E42-86C5-481A7D773E2E}.Release|Any CPU.ActiveCfg = Release|Any CPU
		{35EB0745-C37C-4E42-86C5-481A7D773E2E}.Release|Any CPU.Build.0 = Release|Any CPU
		{058FBDB2-4C9C-45F6-BE9E-088AD019C77A}.Debug|Any CPU.ActiveCfg = Debug|Any CPU
		{058FBDB2-4C9C-45F6-BE9E-088AD019C77A}.Debug|Any CPU.Build.0 = Debug|Any CPU
		{058FBDB2-4C9C-45F6-BE9E-088AD019C77A}.Release|Any CPU.ActiveCfg = Release|Any CPU
		{058FBDB2-4C9C-45F6-BE9E-088AD019C77A}.Release|Any CPU.Build.0 = Release|Any CPU
		{B47B6417-6987-4D42-9C8C-4659C8F56806}.Debug|Any CPU.ActiveCfg = Debug|Any CPU
		{B47B6417-6987-4D42-9C8C-4659C8F56806}.Debug|Any CPU.Build.0 = Debug|Any CPU
		{B47B6417-6987-4D42-9C8C-4659C8F56806}.Release|Any CPU.ActiveCfg = Release|Any CPU
		{B47B6417-6987-4D42-9C8C-4659C8F56806}.Release|Any CPU.Build.0 = Release|Any CPU
		{F26A0E10-7DED-4AD9-BB59-147E4EB70924}.Debug|Any CPU.ActiveCfg = Debug|Any CPU
		{F26A0E10-7DED-4AD9-BB59-147E4EB70924}.Debug|Any CPU.Build.0 = Debug|Any CPU
		{F26A0E10-7DED-4AD9-BB59-147E4EB70924}.Release|Any CPU.ActiveCfg = Release|Any CPU
		{F26A0E10-7DED-4AD9-BB59-147E4EB70924}.Release|Any CPU.Build.0 = Release|Any CPU
		{F5F88648-5D6C-4A18-B98E-FCEEA4D704CE}.Debug|Any CPU.ActiveCfg = Debug|Any CPU
		{F5F88648-5D6C-4A18-B98E-FCEEA4D704CE}.Debug|Any CPU.Build.0 = Debug|Any CPU
		{F5F88648-5D6C-4A18-B98E-FCEEA4D704CE}.Release|Any CPU.ActiveCfg = Release|Any CPU
		{F5F88648-5D6C-4A18-B98E-FCEEA4D704CE}.Release|Any CPU.Build.0 = Release|Any CPU
		{D6FB13E7-92A7-4F4F-A09A-37EB04767A82}.Debug|Any CPU.ActiveCfg = Debug|Any CPU
		{D6FB13E7-92A7-4F4F-A09A-37EB04767A82}.Debug|Any CPU.Build.0 = Debug|Any CPU
		{D6FB13E7-92A7-4F4F-A09A-37EB04767A82}.Release|Any CPU.ActiveCfg = Release|Any CPU
		{D6FB13E7-92A7-4F4F-A09A-37EB04767A82}.Release|Any CPU.Build.0 = Release|Any CPU
		{B048DD1F-4A24-453B-9C3D-F08280AE3FF3}.Debug|Any CPU.ActiveCfg = Debug|Any CPU
		{B048DD1F-4A24-453B-9C3D-F08280AE3FF3}.Debug|Any CPU.Build.0 = Debug|Any CPU
		{B048DD1F-4A24-453B-9C3D-F08280AE3FF3}.Release|Any CPU.ActiveCfg = Release|Any CPU
		{B048DD1F-4A24-453B-9C3D-F08280AE3FF3}.Release|Any CPU.Build.0 = Release|Any CPU
		{38828090-4953-4EF5-929C-8063FD4BCCC9}.Debug|Any CPU.ActiveCfg = Debug|Any CPU
		{38828090-4953-4EF5-929C-8063FD4BCCC9}.Debug|Any CPU.Build.0 = Debug|Any CPU
		{38828090-4953-4EF5-929C-8063FD4BCCC9}.Release|Any CPU.ActiveCfg = Release|Any CPU
		{38828090-4953-4EF5-929C-8063FD4BCCC9}.Release|Any CPU.Build.0 = Release|Any CPU
		{A87BFA04-DBFD-44F4-8223-A02AC0E85C7F}.Debug|Any CPU.ActiveCfg = Debug|Any CPU
		{A87BFA04-DBFD-44F4-8223-A02AC0E85C7F}.Debug|Any CPU.Build.0 = Debug|Any CPU
		{A87BFA04-DBFD-44F4-8223-A02AC0E85C7F}.Release|Any CPU.ActiveCfg = Release|Any CPU
		{A87BFA04-DBFD-44F4-8223-A02AC0E85C7F}.Release|Any CPU.Build.0 = Release|Any CPU
		{7C77DA2A-DF9A-4F4C-91BF-A593B31D7619}.Debug|Any CPU.ActiveCfg = Debug|Any CPU
		{7C77DA2A-DF9A-4F4C-91BF-A593B31D7619}.Debug|Any CPU.Build.0 = Debug|Any CPU
		{7C77DA2A-DF9A-4F4C-91BF-A593B31D7619}.Release|Any CPU.ActiveCfg = Release|Any CPU
		{7C77DA2A-DF9A-4F4C-91BF-A593B31D7619}.Release|Any CPU.Build.0 = Release|Any CPU
		{C54C900A-2FAC-4482-BFFB-D4A9F6AB3619}.Debug|Any CPU.ActiveCfg = Debug|Any CPU
		{C54C900A-2FAC-4482-BFFB-D4A9F6AB3619}.Debug|Any CPU.Build.0 = Debug|Any CPU
		{C54C900A-2FAC-4482-BFFB-D4A9F6AB3619}.Release|Any CPU.ActiveCfg = Release|Any CPU
		{C54C900A-2FAC-4482-BFFB-D4A9F6AB3619}.Release|Any CPU.Build.0 = Release|Any CPU
		{A869B720-AB81-4AA9-94B4-12C5CF490FFE}.Debug|Any CPU.ActiveCfg = Debug|Any CPU
		{A869B720-AB81-4AA9-94B4-12C5CF490FFE}.Debug|Any CPU.Build.0 = Debug|Any CPU
		{A869B720-AB81-4AA9-94B4-12C5CF490FFE}.Release|Any CPU.ActiveCfg = Release|Any CPU
		{A869B720-AB81-4AA9-94B4-12C5CF490FFE}.Release|Any CPU.Build.0 = Release|Any CPU
		{68CE5BB3-DF9D-4774-9B66-6F7378BC04F5}.Debug|Any CPU.ActiveCfg = Debug|Any CPU
		{68CE5BB3-DF9D-4774-9B66-6F7378BC04F5}.Debug|Any CPU.Build.0 = Debug|Any CPU
		{68CE5BB3-DF9D-4774-9B66-6F7378BC04F5}.Release|Any CPU.ActiveCfg = Release|Any CPU
		{68CE5BB3-DF9D-4774-9B66-6F7378BC04F5}.Release|Any CPU.Build.0 = Release|Any CPU
		{877F835E-4D1E-45D8-95AD-AC2F0E3764C7}.Debug|Any CPU.ActiveCfg = Debug|Any CPU
		{877F835E-4D1E-45D8-95AD-AC2F0E3764C7}.Debug|Any CPU.Build.0 = Debug|Any CPU
		{877F835E-4D1E-45D8-95AD-AC2F0E3764C7}.Release|Any CPU.ActiveCfg = Release|Any CPU
		{877F835E-4D1E-45D8-95AD-AC2F0E3764C7}.Release|Any CPU.Build.0 = Release|Any CPU
		{C767E563-82AB-4545-8904-B31E4CF86C2E}.Debug|Any CPU.ActiveCfg = Debug|Any CPU
		{C767E563-82AB-4545-8904-B31E4CF86C2E}.Debug|Any CPU.Build.0 = Debug|Any CPU
		{C767E563-82AB-4545-8904-B31E4CF86C2E}.Release|Any CPU.ActiveCfg = Release|Any CPU
		{C767E563-82AB-4545-8904-B31E4CF86C2E}.Release|Any CPU.Build.0 = Release|Any CPU
		{2365D168-476A-4239-9086-71DC8F5A2B75}.Debug|Any CPU.ActiveCfg = Debug|Any CPU
		{2365D168-476A-4239-9086-71DC8F5A2B75}.Debug|Any CPU.Build.0 = Debug|Any CPU
		{2365D168-476A-4239-9086-71DC8F5A2B75}.Release|Any CPU.ActiveCfg = Release|Any CPU
		{2365D168-476A-4239-9086-71DC8F5A2B75}.Release|Any CPU.Build.0 = Release|Any CPU
		{D21F3DA2-B45C-4CBC-A392-03ACA2021CC1}.Debug|Any CPU.ActiveCfg = Debug|Any CPU
		{D21F3DA2-B45C-4CBC-A392-03ACA2021CC1}.Debug|Any CPU.Build.0 = Debug|Any CPU
		{D21F3DA2-B45C-4CBC-A392-03ACA2021CC1}.Release|Any CPU.ActiveCfg = Release|Any CPU
		{D21F3DA2-B45C-4CBC-A392-03ACA2021CC1}.Release|Any CPU.Build.0 = Release|Any CPU
		{DED8D8EC-B0E6-4F2C-9BB8-744FA34230B5}.Debug|Any CPU.ActiveCfg = Debug|Any CPU
		{DED8D8EC-B0E6-4F2C-9BB8-744FA34230B5}.Debug|Any CPU.Build.0 = Debug|Any CPU
		{DED8D8EC-B0E6-4F2C-9BB8-744FA34230B5}.Release|Any CPU.ActiveCfg = Release|Any CPU
		{DED8D8EC-B0E6-4F2C-9BB8-744FA34230B5}.Release|Any CPU.Build.0 = Release|Any CPU
		{70F5CF8F-9BE9-2FAD-951E-6094A138CEED}.Debug|Any CPU.ActiveCfg = Debug|Any CPU
		{70F5CF8F-9BE9-2FAD-951E-6094A138CEED}.Debug|Any CPU.Build.0 = Debug|Any CPU
		{70F5CF8F-9BE9-2FAD-951E-6094A138CEED}.Release|Any CPU.ActiveCfg = Release|Any CPU
		{70F5CF8F-9BE9-2FAD-951E-6094A138CEED}.Release|Any CPU.Build.0 = Release|Any CPU
	EndGlobalSection
	GlobalSection(SolutionProperties) = preSolution
		HideSolutionNode = FALSE
	EndGlobalSection
	GlobalSection(NestedProjects) = preSolution
		{94F21E64-A259-4D79-AFCA-08974DF51701} = {8CCD7CF7-F30B-414A-B7FE-1B49411E4EFD}
		{B1DA63B3-1EB0-41B3-BFDA-9D7409481E27} = {8CCD7CF7-F30B-414A-B7FE-1B49411E4EFD}
		{99BCE294-CA56-41BD-AEBF-61795F5650AB} = {194AB4BD-C817-4C59-A86C-49D89B8C3A64}
		{B9714BBB-A9F6-429B-ACC1-961C16643057} = {8CCD7CF7-F30B-414A-B7FE-1B49411E4EFD}
		{BFE365AA-A01F-4E8B-B540-3F8DF0466CE6} = {194AB4BD-C817-4C59-A86C-49D89B8C3A64}
		{1648106F-CD67-4009-878B-96B5D2369B6C} = {194AB4BD-C817-4C59-A86C-49D89B8C3A64}
		{FDABA8A6-80EE-4FBA-A5AA-2EB972DC4F17} = {194AB4BD-C817-4C59-A86C-49D89B8C3A64}
		{7D3A19CB-9BE0-4611-8464-6C49D4FE0106} = {194AB4BD-C817-4C59-A86C-49D89B8C3A64}
		{35EB0745-C37C-4E42-86C5-481A7D773E2E} = {194AB4BD-C817-4C59-A86C-49D89B8C3A64}
		{058FBDB2-4C9C-45F6-BE9E-088AD019C77A} = {8CCD7CF7-F30B-414A-B7FE-1B49411E4EFD}
		{B47B6417-6987-4D42-9C8C-4659C8F56806} = {194AB4BD-C817-4C59-A86C-49D89B8C3A64}
		{F26A0E10-7DED-4AD9-BB59-147E4EB70924} = {194AB4BD-C817-4C59-A86C-49D89B8C3A64}
		{F5F88648-5D6C-4A18-B98E-FCEEA4D704CE} = {194AB4BD-C817-4C59-A86C-49D89B8C3A64}
		{D6FB13E7-92A7-4F4F-A09A-37EB04767A82} = {194AB4BD-C817-4C59-A86C-49D89B8C3A64}
		{B048DD1F-4A24-453B-9C3D-F08280AE3FF3} = {194AB4BD-C817-4C59-A86C-49D89B8C3A64}
		{38828090-4953-4EF5-929C-8063FD4BCCC9} = {194AB4BD-C817-4C59-A86C-49D89B8C3A64}
		{A87BFA04-DBFD-44F4-8223-A02AC0E85C7F} = {194AB4BD-C817-4C59-A86C-49D89B8C3A64}
		{7C77DA2A-DF9A-4F4C-91BF-A593B31D7619} = {194AB4BD-C817-4C59-A86C-49D89B8C3A64}
		{C54C900A-2FAC-4482-BFFB-D4A9F6AB3619} = {194AB4BD-C817-4C59-A86C-49D89B8C3A64}
		{A869B720-AB81-4AA9-94B4-12C5CF490FFE} = {194AB4BD-C817-4C59-A86C-49D89B8C3A64}
		{68CE5BB3-DF9D-4774-9B66-6F7378BC04F5} = {194AB4BD-C817-4C59-A86C-49D89B8C3A64}
		{877F835E-4D1E-45D8-95AD-AC2F0E3764C7} = {194AB4BD-C817-4C59-A86C-49D89B8C3A64}
		{C767E563-82AB-4545-8904-B31E4CF86C2E} = {194AB4BD-C817-4C59-A86C-49D89B8C3A64}
		{2365D168-476A-4239-9086-71DC8F5A2B75} = {194AB4BD-C817-4C59-A86C-49D89B8C3A64}
		{D21F3DA2-B45C-4CBC-A392-03ACA2021CC1} = {194AB4BD-C817-4C59-A86C-49D89B8C3A64}
		{DED8D8EC-B0E6-4F2C-9BB8-744FA34230B5} = {194AB4BD-C817-4C59-A86C-49D89B8C3A64}
		{70F5CF8F-9BE9-2FAD-951E-6094A138CEED} = {8CCD7CF7-F30B-414A-B7FE-1B49411E4EFD}
	EndGlobalSection
	GlobalSection(ExtensibilityGlobals) = postSolution
		SolutionGuid = {6B4C8E9F-1E2F-4AB3-993A-8776CFA08DC0}
	EndGlobalSection
EndGlobal
