Microsoft Visual Studio Solution File, Format Version 10.00
# Visual Studio 2008
Project("{2150E333-8FDC-42A3-9474-1A3956D46DE8}") = "Solution Items", "Solution Items", "{7638C35C-A8AC-437C-94FD-9DABD9D5839C}"
	ProjectSection(SolutionItems) = preProject
		NLog.netcf35.vsmdi = NLog.netcf35.vsmdi
		SmartDeviceTestRun.testrunConfig = SmartDeviceTestRun.testrunConfig
	EndProjectSection
EndProject
Project("{FAE04EC0-301F-11D3-BF4B-00C04F79EFBC}") = "NLog.netcf35", "NLog\NLog.netcf35.csproj", "{ECF62FFC-DD3B-446D-BA0A-FFE020D5A90A}"
EndProject
Project("{FAE04EC0-301F-11D3-BF4B-00C04F79EFBC}") = "NLog.UnitTests.netcf35", "..\tests\NLog.UnitTests\NLog.UnitTests.netcf35.csproj", "{2A1AFF0C-0C26-4B2E-95C5-BCFBBE347031}"
EndProject
Project("{FAE04EC0-301F-11D3-BF4B-00C04F79EFBC}") = "SampleExtensions.netcf35", "..\tests\SampleExtensions\SampleExtensions.netcf35.csproj", "{2A1AFF0C-0C26-4B2E-95C5-BCFBBE343031}"
EndProject
Global
	GlobalSection(TestCaseManagementSettings) = postSolution
		CategoryFile = NLog.netcf35.vsmdi
	EndGlobalSection
	GlobalSection(SolutionConfigurationPlatforms) = preSolution
		Debug|Any CPU = Debug|Any CPU
		Release|Any CPU = Release|Any CPU
	EndGlobalSection
	GlobalSection(ProjectConfigurationPlatforms) = postSolution
		{ECF62FFC-DD3B-446D-BA0A-FFE020D5A90A}.Debug|Any CPU.ActiveCfg = Debug|Any CPU
		{ECF62FFC-DD3B-446D-BA0A-FFE020D5A90A}.Debug|Any CPU.Build.0 = Debug|Any CPU
		{ECF62FFC-DD3B-446D-BA0A-FFE020D5A90A}.Release|Any CPU.ActiveCfg = Release|Any CPU
		{ECF62FFC-DD3B-446D-BA0A-FFE020D5A90A}.Release|Any CPU.Build.0 = Release|Any CPU
		{2A1AFF0C-0C26-4B2E-95C5-BCFBBE347031}.Debug|Any CPU.ActiveCfg = Debug|Any CPU
		{2A1AFF0C-0C26-4B2E-95C5-BCFBBE347031}.Debug|Any CPU.Build.0 = Debug|Any CPU
		{2A1AFF0C-0C26-4B2E-95C5-BCFBBE347031}.Release|Any CPU.ActiveCfg = Release|Any CPU
		{2A1AFF0C-0C26-4B2E-95C5-BCFBBE347031}.Release|Any CPU.Build.0 = Release|Any CPU
		{2A1AFF0C-0C26-4B2E-95C5-BCFBBE343031}.Debug|Any CPU.ActiveCfg = Debug|Any CPU
		{2A1AFF0C-0C26-4B2E-95C5-BCFBBE343031}.Debug|Any CPU.Build.0 = Debug|Any CPU
		{2A1AFF0C-0C26-4B2E-95C5-BCFBBE343031}.Release|Any CPU.ActiveCfg = Release|Any CPU
		{2A1AFF0C-0C26-4B2E-95C5-BCFBBE343031}.Release|Any CPU.Build.0 = Release|Any CPU
	EndGlobalSection
	GlobalSection(SolutionProperties) = preSolution
		HideSolutionNode = FALSE
	EndGlobalSection
	GlobalSection(SubversionScc) = preSolution
		Svn-Managed = True
		Manager = AnkhSVN - Subversion Support for Visual Studio
	EndGlobalSection
	GlobalSection(DPCodeReviewSolutionGUID) = preSolution
		DPCodeReviewSolutionGUID = {C4811F53-E779-47F0-8C06-71551FBDB047}
	EndGlobalSection
EndGlobal
