
Microsoft Visual Studio Solution File, Format Version 11.00
# Visual Studio 2010
Project("{FAE04EC0-301F-11D3-BF4B-00C04F79EFBC}") = "NLog.monodevelop", "NLog\NLog.monodevelop.csproj", "{E7AB20BF-6920-442A-B876-CC05BC5CEC79}"
EndProject
Project("{FAE04EC0-301F-11D3-BF4B-00C04F79EFBC}") = "NLog.Extended.monodevelop", "NLog.Extended\NLog.Extended.monodevelop.csproj", "{F801A1F9-1024-4446-BF9E-A923137340B8}"
EndProject
Project("{FAE04EC0-301F-11D3-BF4B-00C04F79EFBC}") = "SampleExtensions.monodevelop", "..\tests\SampleExtensions\SampleExtensions.monodevelop.csproj", "{C480452F-7E14-443D-906D-7E021ABAA107A}"
EndProject
Project("{FAE04EC0-301F-11D3-BF4B-00C04F79EFBC}") = "NLog.UnitTests.monodevelop", "..\tests\NLog.UnitTests\NLog.UnitTests.monodevelop.csproj", "{FE0A3713-E9A8-41F0-89FA-C1126F8FB6A8}"
EndProject
Global
	GlobalSection(SolutionConfigurationPlatforms) = preSolution
		Debug|Any CPU = Debug|Any CPU
		Release|Any CPU = Release|Any CPU
		Default|Any CPU = Default|Any CPU
	EndGlobalSection
	GlobalSection(ProjectConfigurationPlatforms) = postSolution
		{C480452F-7E14-443D-906D-7E021ABAA107A}.Debug|Any CPU.ActiveCfg = Debug|Any CPU
		{C480452F-7E14-443D-906D-7E021ABAA107A}.Debug|Any CPU.Build.0 = Debug|Any CPU
		{C480452F-7E14-443D-906D-7E021ABAA107A}.Release|Any CPU.ActiveCfg = Release|Any CPU
		{C480452F-7E14-443D-906D-7E021ABAA107A}.Release|Any CPU.Build.0 = Release|Any CPU
		{E7AB20BF-6920-442A-B876-CC05BC5CEC79}.Debug|Any CPU.ActiveCfg = Debug|Any CPU
		{E7AB20BF-6920-442A-B876-CC05BC5CEC79}.Debug|Any CPU.Build.0 = Debug|Any CPU
		{E7AB20BF-6920-442A-B876-CC05BC5CEC79}.Release|Any CPU.ActiveCfg = Release|Any CPU
		{E7AB20BF-6920-442A-B876-CC05BC5CEC79}.Release|Any CPU.Build.0 = Release|Any CPU
		{F801A1F9-1024-4446-BF9E-A923137340B8}.Debug|Any CPU.ActiveCfg = Debug|Any CPU
		{F801A1F9-1024-4446-BF9E-A923137340B8}.Debug|Any CPU.Build.0 = Debug|Any CPU
		{F801A1F9-1024-4446-BF9E-A923137340B8}.Release|Any CPU.ActiveCfg = Release|Any CPU
		{F801A1F9-1024-4446-BF9E-A923137340B8}.Release|Any CPU.Build.0 = Release|Any CPU
		{FE0A3713-E9A8-41F0-89FA-C1126F8FB6A8}.Debug|Any CPU.ActiveCfg = Debug|Any CPU
		{FE0A3713-E9A8-41F0-89FA-C1126F8FB6A8}.Debug|Any CPU.Build.0 = Debug|Any CPU
		{FE0A3713-E9A8-41F0-89FA-C1126F8FB6A8}.Release|Any CPU.ActiveCfg = Release|Any CPU
		{FE0A3713-E9A8-41F0-89FA-C1126F8FB6A8}.Release|Any CPU.Build.0 = Release|Any CPU
	EndGlobalSection
	GlobalSection(MonoDevelopProperties) = preSolution
		StartupItem = ..\tests\NLog.UnitTests\NLog.UnitTests.monodevelop.csproj
		Policies = $0
		$0.TextStylePolicy = $1
		$1.inheritsSet = null
		$1.scope = text/x-csharp
		$0.CSharpFormattingPolicy = $2
		$2.inheritsSet = Mono
		$2.inheritsScope = text/x-csharp
		$2.scope = text/x-csharp
		$0.TextStylePolicy = $3
		$3.inheritsSet = VisualStudio
		$3.inheritsScope = text/plain
		$3.scope = text/plain
		$0.TextStylePolicy = $4
		$4.inheritsSet = null
		$4.scope = application/xml
		$0.XmlFormattingPolicy = $5
		$5.inheritsSet = Mono
		$5.inheritsScope = application/xml
		$5.scope = application/xml
	EndGlobalSection
EndGlobal
