Microsoft Visual Studio Solution File, Format Version 11.00
# Visual Studio 2010
Project("{2150E333-8FDC-42A3-9474-1A3956D46DE8}") = "Solution Items", "Solution Items", "{7638C35C-A8AC-437C-94FD-9DABD9D5839C}"
	ProjectSection(SolutionItems) = preProject
		LocalTestRun.netfx40.testrunconfig = LocalTestRun.netfx40.testrunconfig
		NLog.netfx40.vsmdi = NLog.netfx40.vsmdi
	EndProjectSection
EndProject
Project("{FAE04EC0-301F-11D3-BF4B-00C04F79EFBC}") = "NLog.netfx40", "NLog\NLog.netfx40.csproj", "{A0BFF0DB-ED9A-4639-AE86-8E709A1EFC66}"
EndProject
Project("{FAE04EC0-301F-11D3-BF4B-00C04F79EFBC}") = "NLog.UnitTests.netfx40", "..\tests\NLog.UnitTests\NLog.UnitTests.netfx40.csproj", "{FE067913-E9A8-41F0-89FA-C1126F8FB6A8}"
EndProject
Project("{FAE04EC0-301F-11D3-BF4B-00C04F79EFBC}") = "NLog.Extended.netfx40", "NLog\NLog.Extended.netfx40.csproj", "{A961A1F9-1024-4446-BF9E-A923137340B8}"
EndProject
Project("{FAE04EC0-301F-11D3-BF4B-00C04F79EFBC}") = "SampleExtensions.netfx40", "..\tests\SampleExtensions\SampleExtensions.netfx40.csproj", "{FE067913-E9A8-41F0-89FA-C1136F8FB6A8}"
EndProject
Global
	GlobalSection(TestCaseManagementSettings) = postSolution
		CategoryFile = NLog.netfx40.vsmdi
	EndGlobalSection
	GlobalSection(SolutionConfigurationPlatforms) = preSolution
		Debug|Any CPU = Debug|Any CPU
		Release|Any CPU = Release|Any CPU
	EndGlobalSection
	GlobalSection(ProjectConfigurationPlatforms) = postSolution
		{A0BFF0DB-ED9A-4639-AE86-8E709A1EFC66}.Debug|Any CPU.ActiveCfg = Debug|Any CPU
		{A0BFF0DB-ED9A-4639-AE86-8E709A1EFC66}.Debug|Any CPU.Build.0 = Debug|Any CPU
		{A0BFF0DB-ED9A-4639-AE86-8E709A1EFC66}.Release|Any CPU.ActiveCfg = Release|Any CPU
		{A0BFF0DB-ED9A-4639-AE86-8E709A1EFC66}.Release|Any CPU.Build.0 = Release|Any CPU
		{FE067913-E9A8-41F0-89FA-C1126F8FB6A8}.Debug|Any CPU.ActiveCfg = Debug|Any CPU
		{FE067913-E9A8-41F0-89FA-C1126F8FB6A8}.Debug|Any CPU.Build.0 = Debug|Any CPU
		{FE067913-E9A8-41F0-89FA-C1126F8FB6A8}.Release|Any CPU.ActiveCfg = Release|Any CPU
		{FE067913-E9A8-41F0-89FA-C1126F8FB6A8}.Release|Any CPU.Build.0 = Release|Any CPU
		{A961A1F9-1024-4446-BF9E-A923137340B8}.Debug|Any CPU.ActiveCfg = Debug|Any CPU
		{A961A1F9-1024-4446-BF9E-A923137340B8}.Debug|Any CPU.Build.0 = Debug|Any CPU
		{A961A1F9-1024-4446-BF9E-A923137340B8}.Release|Any CPU.ActiveCfg = Release|Any CPU
		{A961A1F9-1024-4446-BF9E-A923137340B8}.Release|Any CPU.Build.0 = Release|Any CPU
		{FE067913-E9A8-41F0-89FA-C1136F8FB6A8}.Debug|Any CPU.ActiveCfg = Debug|Any CPU
		{FE067913-E9A8-41F0-89FA-C1136F8FB6A8}.Debug|Any CPU.Build.0 = Debug|Any CPU
		{FE067913-E9A8-41F0-89FA-C1136F8FB6A8}.Release|Any CPU.ActiveCfg = Release|Any CPU
		{FE067913-E9A8-41F0-89FA-C1136F8FB6A8}.Release|Any CPU.Build.0 = Release|Any CPU
	EndGlobalSection
	GlobalSection(SolutionProperties) = preSolution
		HideSolutionNode = FALSE
	EndGlobalSection
	GlobalSection(SubversionScc) = preSolution
		Svn-Managed = True
		Manager = AnkhSVN - Subversion Support for Visual Studio
	EndGlobalSection
	GlobalSection(DPCodeReviewSolutionGUID) = preSolution
		DPCodeReviewSolutionGUID = {C4811F53-E779-47F0-8C06-71551FBDB047}
	EndGlobalSection
EndGlobal
