Microsoft Visual Studio Solution File, Format Version 12.00
# Visual Studio 2013
VisualStudioVersion = 12.0.21005.1
MinimumVisualStudioVersion = 10.0.40219.1
Project("{2150E333-8FDC-42A3-9474-1A3956D46DE8}") = "Solution Items", "Solution Items", "{7638C35C-A8AC-437C-94FD-9DABD9D5839C}"
	ProjectSection(SolutionItems) = preProject
		LocalTestRun.vs2008.testrunconfig = LocalTestRun.vs2008.testrunconfig
		NLog.unity3d.web.vsmdi = NLog.unity3d.web.vsmdi
	EndProjectSection
EndProject
Project("{FAE04EC0-301F-11D3-BF4B-00C04F79EFBC}") = "NLog.unity3d.web", "NLog\NLog.unity3d.web.csproj", "{A51763BF-35C7-483C-ACA0-CC08823D1A76}"
EndProject
Global
	GlobalSection(SolutionConfigurationPlatforms) = preSolution
		Debug|Any CPU = Debug|Any CPU
		Debug|Mixed Platforms = Debug|Mixed Platforms
		Debug|x86 = Debug|x86
		Release|Any CPU = Release|Any CPU
		Release|Mixed Platforms = Release|Mixed Platforms
		Release|x86 = Release|x86
	EndGlobalSection
	GlobalSection(ProjectConfigurationPlatforms) = postSolution
		{A51763BF-35C7-483C-ACA0-CC08823D1A76}.Debug|Any CPU.ActiveCfg = Debug|Any CPU
		{A51763BF-35C7-483C-ACA0-CC08823D1A76}.Debug|Any CPU.Build.0 = Debug|Any CPU
		{A51763BF-35C7-483C-ACA0-CC08823D1A76}.Debug|Mixed Platforms.ActiveCfg = Debug|Any CPU
		{A51763BF-35C7-483C-ACA0-CC08823D1A76}.Debug|Mixed Platforms.Build.0 = Debug|Any CPU
		{A51763BF-35C7-483C-ACA0-CC08823D1A76}.Debug|x86.ActiveCfg = Debug|Any CPU
		{A51763BF-35C7-483C-ACA0-CC08823D1A76}.Release|Any CPU.ActiveCfg = Release|Any CPU
		{A51763BF-35C7-483C-ACA0-CC08823D1A76}.Release|Any CPU.Build.0 = Release|Any CPU
		{A51763BF-35C7-483C-ACA0-CC08823D1A76}.Release|Mixed Platforms.ActiveCfg = Release|Any CPU
		{A51763BF-35C7-483C-ACA0-CC08823D1A76}.Release|Mixed Platforms.Build.0 = Release|Any CPU
		{A51763BF-35C7-483C-ACA0-CC08823D1A76}.Release|x86.ActiveCfg = Release|Any CPU
		{A8CA32F1-BD4C-4A99-B307-99A93DB64B8F}.Debug|Any CPU.ActiveCfg = Debug|Any CPU
		{A8CA32F1-BD4C-4A99-B307-99A93DB64B8F}.Debug|Any CPU.Build.0 = Debug|Any CPU
		{A8CA32F1-BD4C-4A99-B307-99A93DB64B8F}.Debug|Mixed Platforms.ActiveCfg = Debug|Any CPU
		{A8CA32F1-BD4C-4A99-B307-99A93DB64B8F}.Debug|Mixed Platforms.Build.0 = Debug|Any CPU
		{A8CA32F1-BD4C-4A99-B307-99A93DB64B8F}.Debug|x86.ActiveCfg = Debug|Any CPU
		{A8CA32F1-BD4C-4A99-B307-99A93DB64B8F}.Release|Any CPU.ActiveCfg = Release|Any CPU
		{A8CA32F1-BD4C-4A99-B307-99A93DB64B8F}.Release|Any CPU.Build.0 = Release|Any CPU
		{A8CA32F1-BD4C-4A99-B307-99A93DB64B8F}.Release|Mixed Platforms.ActiveCfg = Release|Any CPU
		{A8CA32F1-BD4C-4A99-B307-99A93DB64B8F}.Release|Mixed Platforms.Build.0 = Release|Any CPU
		{A8CA32F1-BD4C-4A99-B307-99A93DB64B8F}.Release|x86.ActiveCfg = Release|Any CPU
		{5EC49108-97AE-40EA-B550-8960E4522718}.Debug|Any CPU.ActiveCfg = Debug|Any CPU
		{5EC49108-97AE-40EA-B550-8960E4522718}.Debug|Any CPU.Build.0 = Debug|Any CPU
		{5EC49108-97AE-40EA-B550-8960E4522718}.Debug|Mixed Platforms.ActiveCfg = Debug|Any CPU
		{5EC49108-97AE-40EA-B550-8960E4522718}.Debug|Mixed Platforms.Build.0 = Debug|Any CPU
		{5EC49108-97AE-40EA-B550-8960E4522718}.Debug|x86.ActiveCfg = Debug|Any CPU
		{5EC49108-97AE-40EA-B550-8960E4522718}.Release|Any CPU.ActiveCfg = Release|Any CPU
		{5EC49108-97AE-40EA-B550-8960E4522718}.Release|Any CPU.Build.0 = Release|Any CPU
		{5EC49108-97AE-40EA-B550-8960E4522718}.Release|Mixed Platforms.ActiveCfg = Release|Any CPU
		{5EC49108-97AE-40EA-B550-8960E4522718}.Release|Mixed Platforms.Build.0 = Release|Any CPU
		{5EC49108-97AE-40EA-B550-8960E4522718}.Release|x86.ActiveCfg = Release|Any CPU
		{A8CA32F1-BD4C-4A99-B307-99A93DB64B9F}.Debug|Any CPU.ActiveCfg = Debug|Any CPU
		{A8CA32F1-BD4C-4A99-B307-99A93DB64B9F}.Debug|Any CPU.Build.0 = Debug|Any CPU
		{A8CA32F1-BD4C-4A99-B307-99A93DB64B9F}.Debug|Mixed Platforms.ActiveCfg = Debug|Any CPU
		{A8CA32F1-BD4C-4A99-B307-99A93DB64B9F}.Debug|Mixed Platforms.Build.0 = Debug|Any CPU
		{A8CA32F1-BD4C-4A99-B307-99A93DB64B9F}.Debug|x86.ActiveCfg = Debug|Any CPU
		{A8CA32F1-BD4C-4A99-B307-99A93DB64B9F}.Release|Any CPU.ActiveCfg = Release|Any CPU
		{A8CA32F1-BD4C-4A99-B307-99A93DB64B9F}.Release|Any CPU.Build.0 = Release|Any CPU
		{A8CA32F1-BD4C-4A99-B307-99A93DB64B9F}.Release|Mixed Platforms.ActiveCfg = Release|Any CPU
		{A8CA32F1-BD4C-4A99-B307-99A93DB64B9F}.Release|Mixed Platforms.Build.0 = Release|Any CPU
		{A8CA32F1-BD4C-4A99-B307-99A93DB64B9F}.Release|x86.ActiveCfg = Release|Any CPU
		{0CF95BE4-0546-4CE9-AB49-B9E4DA59AEAA}.Debug|Any CPU.ActiveCfg = Debug|x86
		{0CF95BE4-0546-4CE9-AB49-B9E4DA59AEAA}.Debug|Mixed Platforms.ActiveCfg = Debug|x86
		{0CF95BE4-0546-4CE9-AB49-B9E4DA59AEAA}.Debug|Mixed Platforms.Build.0 = Debug|x86
		{0CF95BE4-0546-4CE9-AB49-B9E4DA59AEAA}.Debug|x86.ActiveCfg = Debug|x86
		{0CF95BE4-0546-4CE9-AB49-B9E4DA59AEAA}.Debug|x86.Build.0 = Debug|x86
		{0CF95BE4-0546-4CE9-AB49-B9E4DA59AEAA}.Release|Any CPU.ActiveCfg = Release|x86
		{0CF95BE4-0546-4CE9-AB49-B9E4DA59AEAA}.Release|Mixed Platforms.ActiveCfg = Release|x86
		{0CF95BE4-0546-4CE9-AB49-B9E4DA59AEAA}.Release|Mixed Platforms.Build.0 = Release|x86
		{0CF95BE4-0546-4CE9-AB49-B9E4DA59AEAA}.Release|x86.ActiveCfg = Release|x86
		{0CF95BE4-0546-4CE9-AB49-B9E4DA59AEAA}.Release|x86.Build.0 = Release|x86
		{F801A1F9-1024-4446-BF9E-A923137340B8}.Debug|Any CPU.ActiveCfg = Debug|Any CPU
		{F801A1F9-1024-4446-BF9E-A923137340B8}.Debug|Any CPU.Build.0 = Debug|Any CPU
		{F801A1F9-1024-4446-BF9E-A923137340B8}.Debug|Mixed Platforms.ActiveCfg = Debug|Any CPU
		{F801A1F9-1024-4446-BF9E-A923137340B8}.Debug|Mixed Platforms.Build.0 = Debug|Any CPU
		{F801A1F9-1024-4446-BF9E-A923137340B8}.Debug|x86.ActiveCfg = Debug|Any CPU
		{F801A1F9-1024-4446-BF9E-A923137340B8}.Release|Any CPU.ActiveCfg = Release|Any CPU
		{F801A1F9-1024-4446-BF9E-A923137340B8}.Release|Any CPU.Build.0 = Release|Any CPU
		{F801A1F9-1024-4446-BF9E-A923137340B8}.Release|Mixed Platforms.ActiveCfg = Release|Any CPU
		{F801A1F9-1024-4446-BF9E-A923137340B8}.Release|Mixed Platforms.Build.0 = Release|Any CPU
		{F801A1F9-1024-4446-BF9E-A923137340B8}.Release|x86.ActiveCfg = Release|Any CPU
	EndGlobalSection
	GlobalSection(SolutionProperties) = preSolution
		HideSolutionNode = FALSE
	EndGlobalSection
	GlobalSection(TestCaseManagementSettings) = postSolution
		CategoryFile = NLog.netfx35.vsmdi
	EndGlobalSection
	GlobalSection(SubversionScc) = preSolution
		Svn-Managed = True
		Manager = AnkhSVN - Subversion Support for Visual Studio
	EndGlobalSection
	GlobalSection(DPCodeReviewSolutionGUID) = preSolution
		DPCodeReviewSolutionGUID = {C4811F53-E779-47F0-8C06-71551FBDB047}
	EndGlobalSection
EndGlobal
