
Microsoft Visual Studio Solution File, Format Version 10.00
# Visual Studio 2008
Project("{FAE04EC0-301F-11D3-BF4B-00C04F79EFBC}") = "NLog.UnitTests.sl2", "..\tests\NLog.UnitTests\NLog.UnitTests.sl2.csproj", "{D172C49A-55C9-47B3-B1F7-40D5AB64E8E8}"
EndProject
Project("{FAE04EC0-301F-11D3-BF4B-00C04F79EFBC}") = "NLog.sl2", "NLog\NLog.sl2.csproj", "{0D90976A-D1FD-4FEF-B7A9-9A40731C19EB}"
EndProject
Project("{FAE04EC0-301F-11D3-BF4B-00C04F79EFBC}") = "SampleExtensions.sl2", "..\tests\SampleExtensions\SampleExtensions.sl2.csproj", "{D172C49A-55C9-47B3-B3F7-40D5AB64E8E8}"
EndProject
Global
	GlobalSection(SolutionConfigurationPlatforms) = preSolution
		Debug|Any CPU = Debug|Any CPU
		Release|Any CPU = Release|Any CPU
	EndGlobalSection
	GlobalSection(ProjectConfigurationPlatforms) = postSolution
		{D172C49A-55C9-47B3-B1F7-40D5AB64E8E8}.Debug|Any CPU.ActiveCfg = Debug|Any CPU
		{D172C49A-55C9-47B3-B1F7-40D5AB64E8E8}.Debug|Any CPU.Build.0 = Debug|Any CPU
		{D172C49A-55C9-47B3-B1F7-40D5AB64E8E8}.Release|Any CPU.ActiveCfg = Release|Any CPU
		{D172C49A-55C9-47B3-B1F7-40D5AB64E8E8}.Release|Any CPU.Build.0 = Release|Any CPU
		{0D90976A-D1FD-4FEF-B7A9-9A40731C19EB}.Debug|Any CPU.ActiveCfg = Debug|Any CPU
		{0D90976A-D1FD-4FEF-B7A9-9A40731C19EB}.Debug|Any CPU.Build.0 = Debug|Any CPU
		{0D90976A-D1FD-4FEF-B7A9-9A40731C19EB}.Release|Any CPU.ActiveCfg = Release|Any CPU
		{0D90976A-D1FD-4FEF-B7A9-9A40731C19EB}.Release|Any CPU.Build.0 = Release|Any CPU
		{D172C49A-55C9-47B3-B3F7-40D5AB64E8E8}.Debug|Any CPU.ActiveCfg = Debug|Any CPU
		{D172C49A-55C9-47B3-B3F7-40D5AB64E8E8}.Debug|Any CPU.Build.0 = Debug|Any CPU
		{D172C49A-55C9-47B3-B3F7-40D5AB64E8E8}.Release|Any CPU.ActiveCfg = Release|Any CPU
		{D172C49A-55C9-47B3-B3F7-40D5AB64E8E8}.Release|Any CPU.Build.0 = Release|Any CPU
	EndGlobalSection
	GlobalSection(SolutionProperties) = preSolution
		HideSolutionNode = FALSE
	EndGlobalSection
EndGlobal
