Microsoft Visual Studio Solution File, Format Version 12.00
# Visual Studio 2013
VisualStudioVersion = 12.0.30501.0
MinimumVisualStudioVersion = 10.0.40219.1
Project("{FAE04EC0-301F-11D3-BF4B-00C04F79EFBC}") = "NLog.iOS", "NLog\NLog.iOS.csproj", "{9E517F74-F072-4E1E-80C8-EEDCECBD0557}"
EndProject
Project("{FAE04EC0-301F-11D3-BF4B-00C04F79EFBC}") = "NLog.UnitTests.iOS", "..\tests\NLog.UnitTests\NLog.UnitTests.iOS.csproj", "{C48047FF-7E14-443D-906D-7E021AB5707A}"
EndProject
Global
	GlobalSection(SolutionConfigurationPlatforms) = preSolution
		Debug|Any CPU = Debug|Any CPU
		Release|Any CPU = Release|Any CPU
	EndGlobalSection
	GlobalSection(ProjectConfigurationPlatforms) = postSolution
		{9E517F74-F072-4E1E-80C8-EEDCECBD0557}.Debug|Any CPU.ActiveCfg = Debug|Any CPU
		{9E517F74-F072-4E1E-80C8-EEDCECBD0557}.Debug|Any CPU.Build.0 = Debug|Any CPU
		{9E517F74-F072-4E1E-80C8-EEDCECBD0557}.Release|Any CPU.ActiveCfg = Release|Any CPU
		{9E517F74-F072-4E1E-80C8-EEDCECBD0557}.Release|Any CPU.Build.0 = Release|Any CPU
		{C48047FF-7E14-443D-906D-7E021AB5707A}.Debug|Any CPU.ActiveCfg = Debug|iPhoneSimulator
		{C48047FF-7E14-443D-906D-7E021AB5707A}.Debug|Any CPU.Build.0 = Debug|iPhoneSimulator
		{C48047FF-7E14-443D-906D-7E021AB5707A}.Debug|Any CPU.Deploy.0 = Debug|iPhoneSimulator
		{C48047FF-7E14-443D-906D-7E021AB5707A}.Release|Any CPU.ActiveCfg = Release|iPhone
	EndGlobalSection
	GlobalSection(SolutionProperties) = preSolution
		HideSolutionNode = FALSE
	EndGlobalSection
	GlobalSection(SubversionScc) = preSolution
		Svn-Managed = True
		Manager = AnkhSVN - Subversion Support for Visual Studio
	EndGlobalSection
	GlobalSection(DPCodeReviewSolutionGUID) = preSolution
		DPCodeReviewSolutionGUID = {C4811F53-E779-47F0-8C06-71551FBDB047}
	EndGlobalSection
EndGlobal
