
Microsoft Visual Studio Solution File, Format Version 12.00
# Visual Studio 2012
VisualStudioVersion = 14.0.23107.0
MinimumVisualStudioVersion = 10.0.40219.1
Project("{FAE04EC0-301F-11D3-BF4B-00C04F79EFBC}") = "NLog.mono", "NLog\NLog.mono.csproj", "{E7AB20BF-6920-442A-B876-CC05BC5CEC79}"
EndProject
Project("{FAE04EC0-301F-11D3-BF4B-00C04F79EFBC}") = "NLog.Extended.mono", "NLog.Extended\NLog.Extended.mono.csproj", "{F801A1F9-1024-4446-BF9E-A923137340B8}"
EndProject
Project("{FAE04EC0-301F-11D3-BF4B-00C04F79EFBC}") = "SampleExtensions.mono", "..\tests\SampleExtensions\SampleExtensions.mono.csproj", "{5CCB56C3-4A6E-4C11-960B-2877099F52CE}"
EndProject
Project("{FAE04EC0-301F-11D3-BF4B-00C04F79EFBC}") = "NLog.UnitTests.mono", "..\tests\NLog.UnitTests\NLog.UnitTests.mono.csproj", "{FE0A3713-E9A8-41F0-89FA-C1126F8FB6A8}"
EndProject
Project("{FAE04EC0-301F-11D3-BF4B-00C04F79EFBC}") = "NLogAutoLoadExtension.mono", "NLogAutoLoadExtension\NLogAutoLoadExtension.mono.csproj", "{2D85AAFA-76B0-4271-8AA8-42BBD796FD39}"
EndProject
Global
	GlobalSection(SolutionConfigurationPlatforms) = preSolution
		Debug|Any CPU = Debug|Any CPU
		Default|Any CPU = Default|Any CPU
		Release|Any CPU = Release|Any CPU
	EndGlobalSection
	GlobalSection(ProjectConfigurationPlatforms) = postSolution
		{2D85AAFA-76B0-4271-8AA8-42BBD796FD39}.Debug|Any CPU.ActiveCfg = Debug|Any CPU
		{2D85AAFA-76B0-4271-8AA8-42BBD796FD39}.Debug|Any CPU.Build.0 = Debug|Any CPU
		{2D85AAFA-76B0-4271-8AA8-42BBD796FD39}.Default|Any CPU.ActiveCfg = Debug|Any CPU
		{2D85AAFA-76B0-4271-8AA8-42BBD796FD39}.Default|Any CPU.Build.0 = Debug|Any CPU
		{2D85AAFA-76B0-4271-8AA8-42BBD796FD39}.Release|Any CPU.ActiveCfg = Release|Any CPU
		{2D85AAFA-76B0-4271-8AA8-42BBD796FD39}.Release|Any CPU.Build.0 = Release|Any CPU
		{5CCB56C3-4A6E-4C11-960B-2877099F52CE}.Debug|Any CPU.ActiveCfg = Debug|Any CPU
		{5CCB56C3-4A6E-4C11-960B-2877099F52CE}.Debug|Any CPU.Build.0 = Debug|Any CPU
		{5CCB56C3-4A6E-4C11-960B-2877099F52CE}.Default|Any CPU.ActiveCfg = Debug|Any CPU
		{5CCB56C3-4A6E-4C11-960B-2877099F52CE}.Default|Any CPU.Build.0 = Debug|Any CPU
		{5CCB56C3-4A6E-4C11-960B-2877099F52CE}.Release|Any CPU.ActiveCfg = Release|Any CPU
		{5CCB56C3-4A6E-4C11-960B-2877099F52CE}.Release|Any CPU.Build.0 = Release|Any CPU
		{E7AB20BF-6920-442A-B876-CC05BC5CEC79}.Debug|Any CPU.ActiveCfg = Debug|Any CPU
		{E7AB20BF-6920-442A-B876-CC05BC5CEC79}.Debug|Any CPU.Build.0 = Debug|Any CPU
		{E7AB20BF-6920-442A-B876-CC05BC5CEC79}.Default|Any CPU.ActiveCfg = Debug|Any CPU
		{E7AB20BF-6920-442A-B876-CC05BC5CEC79}.Release|Any CPU.ActiveCfg = Release|Any CPU
		{E7AB20BF-6920-442A-B876-CC05BC5CEC79}.Release|Any CPU.Build.0 = Release|Any CPU
		{F801A1F9-1024-4446-BF9E-A923137340B8}.Debug|Any CPU.ActiveCfg = Debug|Any CPU
		{F801A1F9-1024-4446-BF9E-A923137340B8}.Debug|Any CPU.Build.0 = Debug|Any CPU
		{F801A1F9-1024-4446-BF9E-A923137340B8}.Default|Any CPU.ActiveCfg = Debug|Any CPU
		{F801A1F9-1024-4446-BF9E-A923137340B8}.Release|Any CPU.ActiveCfg = Release|Any CPU
		{F801A1F9-1024-4446-BF9E-A923137340B8}.Release|Any CPU.Build.0 = Release|Any CPU
		{FE0A3713-E9A8-41F0-89FA-C1126F8FB6A8}.Debug|Any CPU.ActiveCfg = Debug|Any CPU
		{FE0A3713-E9A8-41F0-89FA-C1126F8FB6A8}.Debug|Any CPU.Build.0 = Debug|Any CPU
		{FE0A3713-E9A8-41F0-89FA-C1126F8FB6A8}.Default|Any CPU.ActiveCfg = Debug|Any CPU
		{FE0A3713-E9A8-41F0-89FA-C1126F8FB6A8}.Default|Any CPU.Build.0 = Debug|Any CPU
		{FE0A3713-E9A8-41F0-89FA-C1126F8FB6A8}.Release|Any CPU.ActiveCfg = Release|Any CPU
		{FE0A3713-E9A8-41F0-89FA-C1126F8FB6A8}.Release|Any CPU.Build.0 = Release|Any CPU
	EndGlobalSection
	GlobalSection(SolutionProperties) = preSolution
		HideSolutionNode = FALSE
	EndGlobalSection
	GlobalSection(monoProperties) = preSolution
		Policies = $0
		$0.TextStylePolicy = $4
		$1.inheritsSet = null
		$1.scope = text/x-csharp
		$0.CSharpFormattingPolicy = $2
		$2.inheritsSet = Mono
		$2.inheritsScope = text/x-csharp
		$2.scope = text/x-csharp
		$3.inheritsSet = VisualStudio
		$3.inheritsScope = text/plain
		$3.scope = text/plain
		$4.inheritsSet = null
		$4.scope = application/xml
		$0.XmlFormattingPolicy = $5
		$5.inheritsSet = Mono
		$5.inheritsScope = application/xml
		$5.scope = application/xml
	EndGlobalSection
EndGlobal
