Microsoft Visual Studio Solution File, Format Version 11.00
# Visual Studio 2010
Project("{FAE04EC0-301F-11D3-BF4B-00C04F79EFBC}") = "SilverlightConsoleRunner", "..\tests\SilverlightConsoleRunner\SilverlightConsoleRunner.csproj", "{9F781FD8-1E0F-4248-BDB1-F07DB925E69C}"
EndProject
Project("{FAE04EC0-301F-11D3-BF4B-00C04F79EFBC}") = "NLog.sl3", "NLog\NLog.sl3.csproj", "{E7AB20BF-6920-442A-B876-CC05BC5CEC79}"
EndProject
Project("{FAE04EC0-301F-11D3-BF4B-00C04F79EFBC}") = "NLog.UnitTests.sl3", "..\tests\NLog.UnitTests\NLog.UnitTests.sl3.csproj", "{C48047FF-7E14-443D-906D-7E021AB5707A}"
EndProject
Global
	GlobalSection(SolutionConfigurationPlatforms) = preSolution
		Debug|Any CPU = Debug|Any CPU
		Release|Any CPU = Release|Any CPU
	EndGlobalSection
	GlobalSection(ProjectConfigurationPlatforms) = postSolution
		{9F781FD8-1E0F-4248-BDB1-F07DB925E69C}.Debug|Any CPU.ActiveCfg = Debug|Any CPU
		{9F781FD8-1E0F-4248-BDB1-F07DB925E69C}.Debug|Any CPU.Build.0 = Debug|Any CPU
		{9F781FD8-1E0F-4248-BDB1-F07DB925E69C}.Release|Any CPU.ActiveCfg = Release|Any CPU
		{9F781FD8-1E0F-4248-BDB1-F07DB925E69C}.Release|Any CPU.Build.0 = Release|Any CPU
		{E7AB20BF-6920-442A-B876-CC05BC5CEC79}.Debug|Any CPU.ActiveCfg = Debug|Any CPU
		{E7AB20BF-6920-442A-B876-CC05BC5CEC79}.Debug|Any CPU.Build.0 = Debug|Any CPU
		{E7AB20BF-6920-442A-B876-CC05BC5CEC79}.Release|Any CPU.ActiveCfg = Release|Any CPU
		{E7AB20BF-6920-442A-B876-CC05BC5CEC79}.Release|Any CPU.Build.0 = Release|Any CPU
		{C48047FF-7E14-443D-906D-7E021AB5707A}.Debug|Any CPU.ActiveCfg = Debug|Any CPU
		{C48047FF-7E14-443D-906D-7E021AB5707A}.Debug|Any CPU.Build.0 = Debug|Any CPU
		{C48047FF-7E14-443D-906D-7E021AB5707A}.Release|Any CPU.ActiveCfg = Release|Any CPU
		{C48047FF-7E14-443D-906D-7E021AB5707A}.Release|Any CPU.Build.0 = Release|Any CPU
	EndGlobalSection
	GlobalSection(SolutionProperties) = preSolution
		HideSolutionNode = FALSE
	EndGlobalSection
	GlobalSection(SubversionScc) = preSolution
		Svn-Managed = True
		Manager = AnkhSVN - Subversion Support for Visual Studio
	EndGlobalSection
	GlobalSection(DPCodeReviewSolutionGUID) = preSolution
		DPCodeReviewSolutionGUID = {C4811F53-E779-47F0-8C06-71551FBDB047}
	EndGlobalSection
EndGlobal
