
Microsoft Visual Studio Solution File, Format Version 9.00
# Visual Studio 2005
Project("{FAE04EC0-301F-11D3-BF4B-00C04F79EFBC}") = "MSMQ.Multiple Queues", "MSMQ.Multiple Queues.csproj", "{18924A56-9ACA-4835-887B-3F8956DA7391}"
EndProject
Global
	GlobalSection(SolutionConfigurationPlatforms) = preSolution
		Debug|Any CPU = Debug|Any CPU
		Release|Any CPU = Release|Any CPU
	EndGlobalSection
	GlobalSection(ProjectConfigurationPlatforms) = postSolution
		{18924A56-9ACA-4835-887B-3F8956DA7391}.Debug|Any CPU.ActiveCfg = Debug|Any CPU
		{18924A56-9ACA-4835-887B-3F8956DA7391}.Debug|Any CPU.Build.0 = Debug|Any CPU
		{18924A56-9ACA-4835-887B-3F8956DA7391}.Release|Any CPU.ActiveCfg = Release|Any CPU
		{18924A56-9ACA-4835-887B-3F8956DA7391}.Release|Any CPU.Build.0 = Release|Any CPU
	EndGlobalSection
	GlobalSection(SolutionProperties) = preSolution
		HideSolutionNode = FALSE
	EndGlobalSection
EndGlobal
