
Microsoft Visual Studio Solution File, Format Version 9.00
# Visual Studio 2005
Project("{FAE04EC0-301F-11D3-BF4B-00C04F79EFBC}") = "AsyncWrapper.Wrapping File", "AsyncWrapper.Wrapping File.csproj", "{29B2985C-C196-453F-848E-7195AADAC21C}"
EndProject
Global
	GlobalSection(SolutionConfigurationPlatforms) = preSolution
		Debug|Any CPU = Debug|Any CPU
		Release|Any CPU = Release|Any CPU
	EndGlobalSection
	GlobalSection(ProjectConfigurationPlatforms) = postSolution
		{29B2985C-C196-453F-848E-7195AADAC21C}.Debug|Any CPU.ActiveCfg = Debug|Any CPU
		{29B2985C-C196-453F-848E-7195AADAC21C}.Debug|Any CPU.Build.0 = Debug|Any CPU
		{29B2985C-C196-453F-848E-7195AADAC21C}.Release|Any CPU.ActiveCfg = Release|Any CPU
		{29B2985C-C196-453F-848E-7195AADAC21C}.Release|Any CPU.Build.0 = Release|Any CPU
	EndGlobalSection
	GlobalSection(SolutionProperties) = preSolution
		HideSolutionNode = FALSE
	EndGlobalSection
EndGlobal
