<?xml version="1.0" encoding="utf-8"?>
<!-- This file contains a set of configuration settings for the language syntax
     filter generators used by BuildAssembler to generate the Syntax sections
     in each topic.  These settings are read by the Sandcastle Builder GUI and
     made available in the designer via the SyntaxFilters project property.
     -->
<syntaxFilters>
  <!-- The filter element defines the basic properties of the filter.  The
       ID attribute is used to give each one a unique ID used by the designer.
       The optional sortOrder attribute is used to define the order in which
       they are added to the BuildAssembler configuration file.  The optional
       alternateNames attribute can be used to provide a comma-separated list
       of alternate language names that will be translated by the designer to
       the associated syntax filter ID. -->
  <filter id="CSharp" sortOrder="10" alternateNames="cs, c#">
    <!-- The generator element defines the syntax generator class.  The type
         attribute defines the fully qualified type name.  The assembly
         attribute defines the path to the assembly containing the type.
         Substitution tags can be used in the assembly path. -->
    <generator type="Microsoft.Ddue.Tools.CSharpDeclarationSyntaxGenerator"
      assembly="{@SandcastlePath}ProductionTools\SyntaxComponents.dll" />
    <!-- The language element defines the properties used by the script in
         the API topic filter dropdown used to show and hide the syntax
         sections.  The label and name attributes are used as prefixes for
         resource items used during transformation.  The style attribute is
         used as a parameter to the script used in each topic and defines the
         language style (cs, cpp, or vb). -->
    <language label="CSharp" name="CSharp" style="cs" />
  </filter>

  <filter id="VisualBasic" sortOrder="20" alternateNames="vb, vb#, vbnet, vb.net">
    <generator type="Microsoft.Ddue.Tools.VisualBasicDeclarationSyntaxGenerator"
      assembly="{@SandcastlePath}ProductionTools\SyntaxComponents.dll" />
    <language label="VisualBasic" name="VisualBasic" style="vb" />
  </filter>

  <filter id="VisualBasicUsage" sortOrder="30" alternateNames="vbusage, vbnetusage">
    <generator type="Microsoft.Ddue.Tools.VisualBasicUsageSyntaxGenerator"
      assembly="{@SandcastlePath}ProductionTools\SyntaxComponents.dll" />
    <language label="VisualBasicUsage" name="VisualBasicUsage" style="vb" />
  </filter>

  <filter id="CPlusPlus" sortOrder="40" alternateNames="cpp, cpp#, c++">
    <generator type="Microsoft.Ddue.Tools.CPlusPlusDeclarationSyntaxGenerator"
      assembly="{@SandcastlePath}ProductionTools\SyntaxComponents.dll" />
    <language label="ManagedCPlusPlus" name="ManagedCPlusPlus" style="cpp" />
  </filter>

  <filter id="FSharp" sortOrder="50" alternateNames="fs, f#, fsscript">
    <!-- generator type="Microsoft.Ddue.Tools.FSharpDeclarationSyntaxGenerator"
      assembly="{@SandcastlePath}ProductionTools\SyntaxComponents.dll" / -->
    <!-- This is temporarily being distributed with SHFB since it is only
         in the July 2009 source code release of Sandcastle. -->
    <generator type="SandcastleBuilder.Components.FSharpDeclarationSyntaxGenerator"
      assembly="{@SHFBFolder}SandcastleBuilder.Components.dll" />
    <language label="FSharp" name="FSharp" style="fs" />
  </filter>

  <filter id="JSharp" sortOrder="60" alternateNames="j#">
    <generator type="Microsoft.Ddue.Tools.JSharpDeclarationSyntaxGenerator"
      assembly="{@SandcastlePath}ProductionTools\SyntaxComponents.dll" />
    <language label="JSharp" name="JSharp" style="cs" />
  </filter>

  <filter id="JScript" sortOrder="70" alternateNames="jscript#, jscript.net">
    <generator type="Microsoft.Ddue.Tools.JScriptDeclarationSyntaxGenerator"
      assembly="{@SandcastlePath}ProductionTools\SyntaxComponents.dll" />
    <language label="JScript" name="JScript" style="cs" />
  </filter>

  <filter id="JavaScript" sortOrder="80" alternateNames="js, ecmascript">
    <generator type="SandcastleBuilder.Components.JavaScriptDeclarationSyntaxGenerator"
      assembly="{@SHFBFolder}SandcastleBuilder.Components.dll" />
    <language label="JavaScript" name="JavaScript" style="cs" />
  </filter>

  <filter id="XamlUsage" sortOrder="90" alternateNames="xml">
    <generator type="Microsoft.Ddue.Tools.XamlUsageSyntaxGenerator"
      assembly="{@SandcastlePath}ProductionTools\SyntaxComponents.dll">
        <filter files="{@SandcastlePath}Presentation\Shared\configuration\xamlSyntax.config" />
    </generator>
    <language label="XAML" name="XAML" style="cs" />
  </filter>

  <filter id="AspNet" sortOrder="100" alternateNames="asp, asp.net">
    <generator type="Microsoft.Ddue.Tools.AspNetSyntaxGenerator"
      assembly="{@SandcastlePath}ProductionTools\SyntaxComponents.dll" />
    <language label="AspNet" name="AspNet" style="cs" />
  </filter>
</syntaxFilters>
