
Microsoft Visual Studio Solution File, Format Version 9.00
# Visual Studio 2005
Project("{FAE04EC0-301F-11D3-BF4B-00C04F79EFBC}") = "File.CSV", "File.CSV.csproj", "{B55FBAF5-21E0-4375-8515-0FF9622D581E}"
EndProject
Global
	GlobalSection(SolutionConfigurationPlatforms) = preSolution
		Debug|Any CPU = Debug|Any CPU
		Release|Any CPU = Release|Any CPU
	EndGlobalSection
	GlobalSection(ProjectConfigurationPlatforms) = postSolution
		{B55FBAF5-21E0-4375-8515-0FF9622D581E}.Debug|Any CPU.ActiveCfg = Debug|Any CPU
		{B55FBAF5-21E0-4375-8515-0FF9622D581E}.Debug|Any CPU.Build.0 = Debug|Any CPU
		{B55FBAF5-21E0-4375-8515-0FF9622D581E}.Release|Any CPU.ActiveCfg = Release|Any CPU
		{B55FBAF5-21E0-4375-8515-0FF9622D581E}.Release|Any CPU.Build.0 = Release|Any CPU
	EndGlobalSection
	GlobalSection(SolutionProperties) = preSolution
		HideSolutionNode = FALSE
	EndGlobalSection
EndGlobal
